// !$*UTF8*$!
{
	archiveVersion = 1;
	classes = {
	};
	objectVersion = 46;
	objects = {

/* Begin PBXAggregateTarget section */
		442D26D30949463F8DF8E029 /* ZERO_CHECK */ = {
			isa = PBXAggregateTarget;
			buildConfigurationList = 172CC1C9F4D94800BB52EF72 /* Build configuration list for PBXAggregateTarget "ZERO_CHECK" */;
			buildPhases = (
				BA38E5081C283D1544A9C069 /* Generate CMakeFiles/ZERO_CHECK */,
			);
			dependencies = (
			);
			name = ZERO_CHECK;
			productName = ZERO_CHECK;
		};
		A7A98379EF5F4E19A1EE8B68 /* ALL_BUILD */ = {
			isa = PBXAggregateTarget;
			buildConfigurationList = FEED7A62B5324748A248ED17 /* Build configuration list for PBXAggregateTarget "ALL_BUILD" */;
			buildPhases = (
				3FFE57695DA2D97C8DFD3857 /* Generate CMakeFiles/ALL_BUILD */,
			);
			dependencies = (
				334E6096DBAB46BABE768C47 /* PBXTargetDependency */,
				953A6900361B42AC8AE5B7FF /* PBXTargetDependency */,
				0A280E9ABFD64F5BADF04D09 /* PBXTargetDependency */,
				5FE2FF9479294826BC595857 /* PBXTargetDependency */,
				7D6E9D04055A4B2BACB42FBD /* PBXTargetDependency */,
			);
			name = ALL_BUILD;
			productName = ALL_BUILD;
		};
/* End PBXAggregateTarget section */

/* Begin PBXBuildFile section */
		0392C340B20D4DE2B346D89E /* /Users/noelalben/github/2022-MUSI6106/src/AudioFileIO/AudioFileIf.cpp */ = {isa = PBXBuildFile; fileRef = 1089AB8DFE4345B19B53FD0A /* /Users/noelalben/github/2022-MUSI6106/src/AudioFileIO/AudioFileIf.cpp */; };
		0648DEC160884CFCB1E9BC65 /* /Users/noelalben/github/2022-MUSI6106/3rdparty/sndlib/xen.c */ = {isa = PBXBuildFile; fileRef = BEBBE7E50B844B79A8DA12E8 /* /Users/noelalben/github/2022-MUSI6106/3rdparty/sndlib/xen.c */; };
		0DE09AB4C0D04AA2B946F4CD /* /Users/noelalben/github/2022-MUSI6106/src/inc/Vector.h */ = {isa = PBXBuildFile; fileRef = 9CCBDB846DC04EDCA8D3456B /* /Users/noelalben/github/2022-MUSI6106/src/inc/Vector.h */; };
		137B3F25FC1E41E79F871E1D /* /Users/noelalben/github/2022-MUSI6106/3rdparty/sndlib/unix-config.h */ = {isa = PBXBuildFile; fileRef = 5651055E8BEC4512BDFCDAA1 /* /Users/noelalben/github/2022-MUSI6106/3rdparty/sndlib/unix-config.h */; };
		13DA397864764D988766717B /* /Users/noelalben/github/2022-MUSI6106/src/inc/Util.h */ = {isa = PBXBuildFile; fileRef = E418AEF7BFD14AD687FA32A7 /* /Users/noelalben/github/2022-MUSI6106/src/inc/Util.h */; };
		1B8569B6F26345A9BFA148A4 /* /Users/noelalben/github/2022-MUSI6106/src/inc/CombFilterIf.h */ = {isa = PBXBuildFile; fileRef = 0F63DA120F364F8598C7749A /* /Users/noelalben/github/2022-MUSI6106/src/inc/CombFilterIf.h */; };
		20379171B9E04D449FA6C70E /* /Users/noelalben/github/2022-MUSI6106/src/inc/CombFilter.h */ = {isa = PBXBuildFile; fileRef = 4BB9DF731DE24F01A0725901 /* /Users/noelalben/github/2022-MUSI6106/src/inc/CombFilter.h */; };
		2A3EA935DBBF40A489302EDF /* /Users/noelalben/github/2022-MUSI6106/src/inc/RingBuffer.h */ = {isa = PBXBuildFile; fileRef = E0BAB83A47064775858A0925 /* /Users/noelalben/github/2022-MUSI6106/src/inc/RingBuffer.h */; };
		2C8F4B0EA63248A580AA06CF /* /Users/noelalben/github/2022-MUSI6106/3rdparty/sndlib/s7.h */ = {isa = PBXBuildFile; fileRef = E529890DD2DF462C90B45652 /* /Users/noelalben/github/2022-MUSI6106/3rdparty/sndlib/s7.h */; };
		32C7C6BFA19D42A597E6D467 /* /Users/noelalben/github/2022-MUSI6106/3rdparty/sndlib/sndlib2xen.c */ = {isa = PBXBuildFile; fileRef = 1E8E532DC4B148B2A0E96FD0 /* /Users/noelalben/github/2022-MUSI6106/3rdparty/sndlib/sndlib2xen.c */; };
		3804B5A023FB40E0B1FDA31E /* /Users/noelalben/github/2022-MUSI6106/3rdparty/sndlib/headers.c */ = {isa = PBXBuildFile; fileRef = 7472D14CB9824504BAF8135C /* /Users/noelalben/github/2022-MUSI6106/3rdparty/sndlib/headers.c */; };
		3C97839E391343E49C65F419 /* /Users/noelalben/github/2022-MUSI6106/src/MUSI6106Exec/CMakeLists.txt */ = {isa = PBXBuildFile; fileRef = C174BE043E1F4FE585077562 /* /Users/noelalben/github/2022-MUSI6106/src/MUSI6106Exec/CMakeLists.txt */; };
		41680B7389654B7785F68F76 /* /Users/noelalben/github/2022-MUSI6106/src/inc/CombFilter.h */ = {isa = PBXBuildFile; fileRef = 3DF23343663F436DB303F93B /* /Users/noelalben/github/2022-MUSI6106/src/inc/CombFilter.h */; };
		4BD321A2B8604EAF84C92380 /* /Users/noelalben/github/2022-MUSI6106/3rdparty/sndlib/xen.h */ = {isa = PBXBuildFile; fileRef = 472512940A3D4F92AA4EE946 /* /Users/noelalben/github/2022-MUSI6106/3rdparty/sndlib/xen.h */; };
		5326920CFAAC452A9461F21C /* /Users/noelalben/github/2022-MUSI6106/src/MUSI6106Exec/MUSI6106Exec.cpp */ = {isa = PBXBuildFile; fileRef = DEFB3B7173E64AFD89B40ACD /* /Users/noelalben/github/2022-MUSI6106/src/MUSI6106Exec/MUSI6106Exec.cpp */; };
		5A27F5F4DA30450380A0AD08 /* /Users/noelalben/github/2022-MUSI6106/src/CombFilter/CMakeLists.txt */ = {isa = PBXBuildFile; fileRef = A72F82B9DFD14EA4A0629916 /* /Users/noelalben/github/2022-MUSI6106/src/CombFilter/CMakeLists.txt */; };
		5AD75CC797E14EDD8D8C3236 /* /Users/noelalben/github/2022-MUSI6106/src/inc/AudioFileIf.h */ = {isa = PBXBuildFile; fileRef = 87654AB57B7D48C2AB099386 /* /Users/noelalben/github/2022-MUSI6106/src/inc/AudioFileIf.h */; };
		738AAE9583D14B14B0B07E56 /* /Users/noelalben/github/2022-MUSI6106/3rdparty/sndlib/clm2xen.c */ = {isa = PBXBuildFile; fileRef = D6185C5834314AD7873B4445 /* /Users/noelalben/github/2022-MUSI6106/3rdparty/sndlib/clm2xen.c */; };
		74E5AD8874AB43BE958CF011 /* /Users/noelalben/github/2022-MUSI6106/src/inc/CombFilterIf.h */ = {isa = PBXBuildFile; fileRef = F77E431B2E5A416681E427DB /* /Users/noelalben/github/2022-MUSI6106/src/inc/CombFilterIf.h */; };
		76EF18E8914543FBB075E453 /* /Users/noelalben/github/2022-MUSI6106/src/CombFilter/CombFilter.cpp */ = {isa = PBXBuildFile; fileRef = 4167615B0F2F4CC880D20407 /* /Users/noelalben/github/2022-MUSI6106/src/CombFilter/CombFilter.cpp */; };
		7AB7A234512E4A75B30ADDC5 /* /Users/noelalben/github/2022-MUSI6106/3rdparty/sndlib/mus-config.h */ = {isa = PBXBuildFile; fileRef = C3E5DD80C718456B97D0CC83 /* /Users/noelalben/github/2022-MUSI6106/3rdparty/sndlib/mus-config.h */; };
		7C6BD4CA25AD475F8C1C73AB /* /Users/noelalben/github/2022-MUSI6106/3rdparty/sndlib/vct.h */ = {isa = PBXBuildFile; fileRef = 2D7C42C4DE3D468489E7921F /* /Users/noelalben/github/2022-MUSI6106/3rdparty/sndlib/vct.h */; };
		85A5723594944685BA6B131E /* /Users/noelalben/github/2022-MUSI6106/src/inc/AudioFileIf.h */ = {isa = PBXBuildFile; fileRef = C1734694F7E44521BB418099 /* /Users/noelalben/github/2022-MUSI6106/src/inc/AudioFileIf.h */; };
		8B2A328E0B7A49B686874EC8 /* /Users/noelalben/github/2022-MUSI6106/3rdparty/sndlib/audio.c */ = {isa = PBXBuildFile; fileRef = A934D8846DEF463B9DCC422F /* /Users/noelalben/github/2022-MUSI6106/3rdparty/sndlib/audio.c */; };
		90BA24F3AF1E4C868AD19923 /* /Users/noelalben/github/2022-MUSI6106/3rdparty/sndlib/CMakeLists.txt */ = {isa = PBXBuildFile; fileRef = C4CDC30A58104B16A76825BB /* /Users/noelalben/github/2022-MUSI6106/3rdparty/sndlib/CMakeLists.txt */; };
		93FE83BEA23B47638435ACC0 /* /Users/noelalben/github/2022-MUSI6106/3rdparty/sndlib/sndlib-strings.h */ = {isa = PBXBuildFile; fileRef = 09052F697155443692BE6818 /* /Users/noelalben/github/2022-MUSI6106/3rdparty/sndlib/sndlib-strings.h */; };
		9BD0C4D9A7324CDFBD8707DA /* /Users/noelalben/github/2022-MUSI6106/3rdparty/sndlib/io.c */ = {isa = PBXBuildFile; fileRef = BCAD7C3E7DE74D198CACE7CE /* /Users/noelalben/github/2022-MUSI6106/3rdparty/sndlib/io.c */; };
		A19CBC736E32403DB7A57AC6 /* /Users/noelalben/github/2022-MUSI6106/3rdparty/sndlib/sound.c */ = {isa = PBXBuildFile; fileRef = E53A22806CDC4DC0B360280D /* /Users/noelalben/github/2022-MUSI6106/3rdparty/sndlib/sound.c */; };
		A37EA74A31F3411D916DE931 /* /Users/noelalben/github/2022-MUSI6106/src/AudioFileIO/CMakeLists.txt */ = {isa = PBXBuildFile; fileRef = 598699C9ACC64FF4A6AA6ACE /* /Users/noelalben/github/2022-MUSI6106/src/AudioFileIO/CMakeLists.txt */; };
		A9DAD32675DA49F982B6F7DE /* /Users/noelalben/github/2022-MUSI6106/src/inc/Vector.h */ = {isa = PBXBuildFile; fileRef = B26750CCE84F4FDAAFB101DE /* /Users/noelalben/github/2022-MUSI6106/src/inc/Vector.h */; };
		B137B7E42DB44B7FAA2B0E1A /* /Users/noelalben/github/2022-MUSI6106/3rdparty/sndlib/clm.h */ = {isa = PBXBuildFile; fileRef = 30E69EE228B8423B877CC395 /* /Users/noelalben/github/2022-MUSI6106/3rdparty/sndlib/clm.h */; };
		BABA310C439449A5BF61DF5D /* /Users/noelalben/github/2022-MUSI6106/3rdparty/sndlib/sndlib.h */ = {isa = PBXBuildFile; fileRef = 13B4A255C6294D4B896AD14E /* /Users/noelalben/github/2022-MUSI6106/3rdparty/sndlib/sndlib.h */; };
		C2F5145B5E9246A2951F3CCC /* /Users/noelalben/github/2022-MUSI6106/src/AudioFileIO/AudioFile.cpp */ = {isa = PBXBuildFile; fileRef = 7176D0B94B054922894CC7F1 /* /Users/noelalben/github/2022-MUSI6106/src/AudioFileIO/AudioFile.cpp */; };
		C4B3B7B5C9C549D28CE802D4 /* /Users/noelalben/github/2022-MUSI6106/src/CombFilter/CombFilterIf.cpp */ = {isa = PBXBuildFile; fileRef = A039D045EB1D47C2A085167D /* /Users/noelalben/github/2022-MUSI6106/src/CombFilter/CombFilterIf.cpp */; };
		C5076620DE634B7689B9BA4E /* /Users/noelalben/github/2022-MUSI6106/src/inc/RingBuffer.h */ = {isa = PBXBuildFile; fileRef = 58DDF439C4EC486187D8C102 /* /Users/noelalben/github/2022-MUSI6106/src/inc/RingBuffer.h */; };
		C70644F94F9C4093809CB165 /* /Users/noelalben/github/2022-MUSI6106/3rdparty/sndlib/_sndlib.h */ = {isa = PBXBuildFile; fileRef = 1134D3E0388B4856988A9843 /* /Users/noelalben/github/2022-MUSI6106/3rdparty/sndlib/_sndlib.h */; };
		C9DBFFD8079D4C4D87A71BAD /* /Users/noelalben/github/2022-MUSI6106/3rdparty/sndlib/sndlib2xen.h */ = {isa = PBXBuildFile; fileRef = CD64E65AD6AF408981204238 /* /Users/noelalben/github/2022-MUSI6106/3rdparty/sndlib/sndlib2xen.h */; };
		CC4686233E5F463987ABB753 /* /Users/noelalben/github/2022-MUSI6106/3rdparty/sndlib/clm-strings.h */ = {isa = PBXBuildFile; fileRef = A5063A19C5B4413794C84AC1 /* /Users/noelalben/github/2022-MUSI6106/3rdparty/sndlib/clm-strings.h */; };
		CEC4D49BEA4740878F22CECD /* /Users/noelalben/github/2022-MUSI6106/3rdparty/sndlib/clm.c */ = {isa = PBXBuildFile; fileRef = 509F36671B854875892794CC /* /Users/noelalben/github/2022-MUSI6106/3rdparty/sndlib/clm.c */; };
		D662E6B965544565B72A52B2 /* /Users/noelalben/github/2022-MUSI6106/3rdparty/sndlib/vct.c */ = {isa = PBXBuildFile; fileRef = 3B81E03944AE47EBB52CBA33 /* /Users/noelalben/github/2022-MUSI6106/3rdparty/sndlib/vct.c */; };
		E0308DC46B4E4AC2B71B1992 /* /Users/noelalben/github/2022-MUSI6106/src/inc/Util.h */ = {isa = PBXBuildFile; fileRef = AEAD643F692A47508764EE0E /* /Users/noelalben/github/2022-MUSI6106/src/inc/Util.h */; };
		E2D4BEA4407E4ED89A30CF06 /* /Users/noelalben/github/2022-MUSI6106/3rdparty/sndlib/s7.c */ = {isa = PBXBuildFile; fileRef = 779F0F72EF8645C3B2AACEDF /* /Users/noelalben/github/2022-MUSI6106/3rdparty/sndlib/s7.c */; };
		EFBBF07E8B704AF58572566C /* /Users/noelalben/github/2022-MUSI6106/src/AudioFileIO/AudioFile.h */ = {isa = PBXBuildFile; fileRef = 3B3F2654A0D146BD95A3A505 /* /Users/noelalben/github/2022-MUSI6106/src/AudioFileIO/AudioFile.h */; };
		F845A87E607544DC9368A898 /* /Users/noelalben/github/2022-MUSI6106/3rdparty/sndlib/clm2xen.h */ = {isa = PBXBuildFile; fileRef = 86A198B714594A4D8F3460AE /* /Users/noelalben/github/2022-MUSI6106/3rdparty/sndlib/clm2xen.h */; };
/* End PBXBuildFile section */

/* Begin PBXBuildStyle section */
		8052C3EBF6AA49CE872402FF /* Debug */ = {
			isa = PBXBuildStyle;
			buildSettings = {
				COPY_PHASE_STRIP = NO;
			};
			name = Debug;
		};
		8A3CE3C3F8A642DFAC60C9C6 /* RelWithDebInfo */ = {
			isa = PBXBuildStyle;
			buildSettings = {
				COPY_PHASE_STRIP = NO;
			};
			name = RelWithDebInfo;
		};
		98ECBE6190C945A2A8F711ED /* Release */ = {
			isa = PBXBuildStyle;
			buildSettings = {
				COPY_PHASE_STRIP = NO;
			};
			name = Release;
		};
		F9A98D53DF934BC694566C4E /* MinSizeRel */ = {
			isa = PBXBuildStyle;
			buildSettings = {
				COPY_PHASE_STRIP = NO;
			};
			name = MinSizeRel;
		};
/* End PBXBuildStyle section */

/* Begin PBXContainerItemProxy section */
		0B4F58FE996A4FB7A48C1801 /* PBXContainerItemProxy */ = {
			isa = PBXContainerItemProxy;
			containerPortal = 606B6805DD754B25B9F8336F /* Project object */;
			proxyType = 1;
			remoteGlobalIDString = A1EF3D7ED06A477EA8B9D403;
			remoteInfo = MUSI6106Exec;
		};
		31A460250BCE4DA3B8AC44C0 /* PBXContainerItemProxy */ = {
			isa = PBXContainerItemProxy;
			containerPortal = 606B6805DD754B25B9F8336F /* Project object */;
			proxyType = 1;
			remoteGlobalIDString = 2CDB1D792E1D4C08BBD5C302;
			remoteInfo = CombFilter;
		};
		54C9228AA6964F93921E329D /* PBXContainerItemProxy */ = {
			isa = PBXContainerItemProxy;
			containerPortal = 606B6805DD754B25B9F8336F /* Project object */;
			proxyType = 1;
			remoteGlobalIDString = 442D26D30949463F8DF8E029;
			remoteInfo = ZERO_CHECK;
		};
		5618760E68B949CF8EB62A68 /* PBXContainerItemProxy */ = {
			isa = PBXContainerItemProxy;
			containerPortal = 606B6805DD754B25B9F8336F /* Project object */;
			proxyType = 1;
			remoteGlobalIDString = 2B229989088E428D9129A5E7;
			remoteInfo = sndlib;
		};
		67F4B597D84743AE99BB6DAC /* PBXContainerItemProxy */ = {
			isa = PBXContainerItemProxy;
			containerPortal = 606B6805DD754B25B9F8336F /* Project object */;
			proxyType = 1;
			remoteGlobalIDString = 7CAE451FF12E407D8D0AFA8B;
			remoteInfo = AudioFileIO;
		};
		6FA87F866FB2407AA1FC214C /* PBXContainerItemProxy */ = {
			isa = PBXContainerItemProxy;
			containerPortal = 606B6805DD754B25B9F8336F /* Project object */;
			proxyType = 1;
			remoteGlobalIDString = 2B229989088E428D9129A5E7;
			remoteInfo = sndlib;
		};
		737FDB175DF94259B36593BA /* PBXContainerItemProxy */ = {
			isa = PBXContainerItemProxy;
			containerPortal = 606B6805DD754B25B9F8336F /* Project object */;
			proxyType = 1;
			remoteGlobalIDString = 442D26D30949463F8DF8E029;
			remoteInfo = ZERO_CHECK;
		};
		7976B21965AF4EDE88B3BBA1 /* PBXContainerItemProxy */ = {
			isa = PBXContainerItemProxy;
			containerPortal = 606B6805DD754B25B9F8336F /* Project object */;
			proxyType = 1;
			remoteGlobalIDString = 2CDB1D792E1D4C08BBD5C302;
			remoteInfo = CombFilter;
		};
		8A130C1CCC474E0B9174093D /* PBXContainerItemProxy */ = {
			isa = PBXContainerItemProxy;
			containerPortal = 606B6805DD754B25B9F8336F /* Project object */;
			proxyType = 1;
			remoteGlobalIDString = 442D26D30949463F8DF8E029;
			remoteInfo = ZERO_CHECK;
		};
		A14DB3C6F8844ADCACEC000A /* PBXContainerItemProxy */ = {
			isa = PBXContainerItemProxy;
			containerPortal = 606B6805DD754B25B9F8336F /* Project object */;
			proxyType = 1;
			remoteGlobalIDString = 2B229989088E428D9129A5E7;
			remoteInfo = sndlib;
		};
		ABEC4F6C3C994F1C8297D019 /* PBXContainerItemProxy */ = {
			isa = PBXContainerItemProxy;
			containerPortal = 606B6805DD754B25B9F8336F /* Project object */;
			proxyType = 1;
			remoteGlobalIDString = 442D26D30949463F8DF8E029;
			remoteInfo = ZERO_CHECK;
		};
		B6810D17A534439E859FD959 /* PBXContainerItemProxy */ = {
			isa = PBXContainerItemProxy;
			containerPortal = 606B6805DD754B25B9F8336F /* Project object */;
			proxyType = 1;
			remoteGlobalIDString = 442D26D30949463F8DF8E029;
			remoteInfo = ZERO_CHECK;
		};
		C2A366B98B264DBB8B5AF64A /* PBXContainerItemProxy */ = {
			isa = PBXContainerItemProxy;
			containerPortal = 606B6805DD754B25B9F8336F /* Project object */;
			proxyType = 1;
			remoteGlobalIDString = 7CAE451FF12E407D8D0AFA8B;
			remoteInfo = AudioFileIO;
		};
/* End PBXContainerItemProxy section */

/* Begin PBXFileReference section */
		09052F697155443692BE6818 /* /Users/noelalben/github/2022-MUSI6106/3rdparty/sndlib/sndlib-strings.h */ = {isa = PBXFileReference; explicitFileType = sourcecode.c.h; fileEncoding = 4; name = "sndlib-strings.h"; path = "3rdparty/sndlib/sndlib-strings.h"; sourceTree = SOURCE_ROOT; };
		0F63DA120F364F8598C7749A /* /Users/noelalben/github/2022-MUSI6106/src/inc/CombFilterIf.h */ = {isa = PBXFileReference; explicitFileType = sourcecode.c.h; fileEncoding = 4; name = CombFilterIf.h; path = src/inc/CombFilterIf.h; sourceTree = SOURCE_ROOT; };
		1089AB8DFE4345B19B53FD0A /* /Users/noelalben/github/2022-MUSI6106/src/AudioFileIO/AudioFileIf.cpp */ = {isa = PBXFileReference; explicitFileType = sourcecode.cpp.cpp; fileEncoding = 4; name = AudioFileIf.cpp; path = src/AudioFileIO/AudioFileIf.cpp; sourceTree = SOURCE_ROOT; };
		1134D3E0388B4856988A9843 /* /Users/noelalben/github/2022-MUSI6106/3rdparty/sndlib/_sndlib.h */ = {isa = PBXFileReference; explicitFileType = sourcecode.c.h; fileEncoding = 4; name = _sndlib.h; path = 3rdparty/sndlib/_sndlib.h; sourceTree = SOURCE_ROOT; };
		13B4A255C6294D4B896AD14E /* /Users/noelalben/github/2022-MUSI6106/3rdparty/sndlib/sndlib.h */ = {isa = PBXFileReference; explicitFileType = sourcecode.c.h; fileEncoding = 4; name = sndlib.h; path = 3rdparty/sndlib/sndlib.h; sourceTree = SOURCE_ROOT; };
		1E8E532DC4B148B2A0E96FD0 /* /Users/noelalben/github/2022-MUSI6106/3rdparty/sndlib/sndlib2xen.c */ = {isa = PBXFileReference; explicitFileType = sourcecode.c.c; fileEncoding = 4; name = sndlib2xen.c; path = 3rdparty/sndlib/sndlib2xen.c; sourceTree = SOURCE_ROOT; };
		2D7C42C4DE3D468489E7921F /* /Users/noelalben/github/2022-MUSI6106/3rdparty/sndlib/vct.h */ = {isa = PBXFileReference; explicitFileType = sourcecode.c.h; fileEncoding = 4; name = vct.h; path = 3rdparty/sndlib/vct.h; sourceTree = SOURCE_ROOT; };
		2E404D03B8124C7F99DB5A02 /* sndlib */ = {isa = PBXFileReference; explicitFileType = archive.ar; path = libsndlib.a; sourceTree = BUILT_PRODUCTS_DIR; };
		30E69EE228B8423B877CC395 /* /Users/noelalben/github/2022-MUSI6106/3rdparty/sndlib/clm.h */ = {isa = PBXFileReference; explicitFileType = sourcecode.c.h; fileEncoding = 4; name = clm.h; path = 3rdparty/sndlib/clm.h; sourceTree = SOURCE_ROOT; };
		39C09E94EEC342F9A7FCE3EB /* AudioFileIO */ = {isa = PBXFileReference; explicitFileType = archive.ar; path = libAudioFileIO.a; sourceTree = BUILT_PRODUCTS_DIR; };
		3B3F2654A0D146BD95A3A505 /* /Users/noelalben/github/2022-MUSI6106/src/AudioFileIO/AudioFile.h */ = {isa = PBXFileReference; explicitFileType = sourcecode.c.h; fileEncoding = 4; name = AudioFile.h; path = src/AudioFileIO/AudioFile.h; sourceTree = SOURCE_ROOT; };
		3B81E03944AE47EBB52CBA33 /* /Users/noelalben/github/2022-MUSI6106/3rdparty/sndlib/vct.c */ = {isa = PBXFileReference; explicitFileType = sourcecode.c.c; fileEncoding = 4; name = vct.c; path = 3rdparty/sndlib/vct.c; sourceTree = SOURCE_ROOT; };
		3DF23343663F436DB303F93B /* /Users/noelalben/github/2022-MUSI6106/src/inc/CombFilter.h */ = {isa = PBXFileReference; explicitFileType = sourcecode.c.h; fileEncoding = 4; name = CombFilter.h; path = src/inc/CombFilter.h; sourceTree = SOURCE_ROOT; };
		4167615B0F2F4CC880D20407 /* /Users/noelalben/github/2022-MUSI6106/src/CombFilter/CombFilter.cpp */ = {isa = PBXFileReference; explicitFileType = sourcecode.cpp.cpp; fileEncoding = 4; name = CombFilter.cpp; path = src/CombFilter/CombFilter.cpp; sourceTree = SOURCE_ROOT; };
		472512940A3D4F92AA4EE946 /* /Users/noelalben/github/2022-MUSI6106/3rdparty/sndlib/xen.h */ = {isa = PBXFileReference; explicitFileType = sourcecode.c.h; fileEncoding = 4; name = xen.h; path = 3rdparty/sndlib/xen.h; sourceTree = SOURCE_ROOT; };
		4BB9DF731DE24F01A0725901 /* /Users/noelalben/github/2022-MUSI6106/src/inc/CombFilter.h */ = {isa = PBXFileReference; explicitFileType = sourcecode.c.h; fileEncoding = 4; name = CombFilter.h; path = src/inc/CombFilter.h; sourceTree = SOURCE_ROOT; };
		509F36671B854875892794CC /* /Users/noelalben/github/2022-MUSI6106/3rdparty/sndlib/clm.c */ = {isa = PBXFileReference; explicitFileType = sourcecode.c.c; fileEncoding = 4; name = clm.c; path = 3rdparty/sndlib/clm.c; sourceTree = SOURCE_ROOT; };
		5651055E8BEC4512BDFCDAA1 /* /Users/noelalben/github/2022-MUSI6106/3rdparty/sndlib/unix-config.h */ = {isa = PBXFileReference; explicitFileType = sourcecode.c.h; fileEncoding = 4; name = "unix-config.h"; path = "3rdparty/sndlib/unix-config.h"; sourceTree = SOURCE_ROOT; };
		58DDF439C4EC486187D8C102 /* /Users/noelalben/github/2022-MUSI6106/src/inc/RingBuffer.h */ = {isa = PBXFileReference; explicitFileType = sourcecode.c.h; fileEncoding = 4; name = RingBuffer.h; path = src/inc/RingBuffer.h; sourceTree = SOURCE_ROOT; };
		598699C9ACC64FF4A6AA6ACE /* /Users/noelalben/github/2022-MUSI6106/src/AudioFileIO/CMakeLists.txt */ = {isa = PBXFileReference; explicitFileType = sourcecode.text; fileEncoding = 4; name = CMakeLists.txt; path = src/AudioFileIO/CMakeLists.txt; sourceTree = SOURCE_ROOT; };
		7176D0B94B054922894CC7F1 /* /Users/noelalben/github/2022-MUSI6106/src/AudioFileIO/AudioFile.cpp */ = {isa = PBXFileReference; explicitFileType = sourcecode.cpp.cpp; fileEncoding = 4; name = AudioFile.cpp; path = src/AudioFileIO/AudioFile.cpp; sourceTree = SOURCE_ROOT; };
		7472D14CB9824504BAF8135C /* /Users/noelalben/github/2022-MUSI6106/3rdparty/sndlib/headers.c */ = {isa = PBXFileReference; explicitFileType = sourcecode.c.c; fileEncoding = 4; name = headers.c; path = 3rdparty/sndlib/headers.c; sourceTree = SOURCE_ROOT; };
		779F0F72EF8645C3B2AACEDF /* /Users/noelalben/github/2022-MUSI6106/3rdparty/sndlib/s7.c */ = {isa = PBXFileReference; explicitFileType = sourcecode.c.c; fileEncoding = 4; name = s7.c; path = 3rdparty/sndlib/s7.c; sourceTree = SOURCE_ROOT; };
		86A198B714594A4D8F3460AE /* /Users/noelalben/github/2022-MUSI6106/3rdparty/sndlib/clm2xen.h */ = {isa = PBXFileReference; explicitFileType = sourcecode.c.h; fileEncoding = 4; name = clm2xen.h; path = 3rdparty/sndlib/clm2xen.h; sourceTree = SOURCE_ROOT; };
		87654AB57B7D48C2AB099386 /* /Users/noelalben/github/2022-MUSI6106/src/inc/AudioFileIf.h */ = {isa = PBXFileReference; explicitFileType = sourcecode.c.h; fileEncoding = 4; name = AudioFileIf.h; path = src/inc/AudioFileIf.h; sourceTree = SOURCE_ROOT; };
		8B3344B7F1354838B059B2BE /* CombFilter */ = {isa = PBXFileReference; explicitFileType = archive.ar; path = libCombFilter.a; sourceTree = BUILT_PRODUCTS_DIR; };
		9CCBDB846DC04EDCA8D3456B /* /Users/noelalben/github/2022-MUSI6106/src/inc/Vector.h */ = {isa = PBXFileReference; explicitFileType = sourcecode.c.h; fileEncoding = 4; name = Vector.h; path = src/inc/Vector.h; sourceTree = SOURCE_ROOT; };
		A039D045EB1D47C2A085167D /* /Users/noelalben/github/2022-MUSI6106/src/CombFilter/CombFilterIf.cpp */ = {isa = PBXFileReference; explicitFileType = sourcecode.cpp.cpp; fileEncoding = 4; name = CombFilterIf.cpp; path = src/CombFilter/CombFilterIf.cpp; sourceTree = SOURCE_ROOT; };
		A0E6A96A8531477AB8882898 /* MUSI6106Exec */ = {isa = PBXFileReference; explicitFileType = "compiled.mach-o.executable"; path = MUSI6106Exec; sourceTree = BUILT_PRODUCTS_DIR; };
		A5063A19C5B4413794C84AC1 /* /Users/noelalben/github/2022-MUSI6106/3rdparty/sndlib/clm-strings.h */ = {isa = PBXFileReference; explicitFileType = sourcecode.c.h; fileEncoding = 4; name = "clm-strings.h"; path = "3rdparty/sndlib/clm-strings.h"; sourceTree = SOURCE_ROOT; };
		A72F82B9DFD14EA4A0629916 /* /Users/noelalben/github/2022-MUSI6106/src/CombFilter/CMakeLists.txt */ = {isa = PBXFileReference; explicitFileType = sourcecode.text; fileEncoding = 4; name = CMakeLists.txt; path = src/CombFilter/CMakeLists.txt; sourceTree = SOURCE_ROOT; };
		A934D8846DEF463B9DCC422F /* /Users/noelalben/github/2022-MUSI6106/3rdparty/sndlib/audio.c */ = {isa = PBXFileReference; explicitFileType = sourcecode.c.c; fileEncoding = 4; name = audio.c; path = 3rdparty/sndlib/audio.c; sourceTree = SOURCE_ROOT; };
		AEAD643F692A47508764EE0E /* /Users/noelalben/github/2022-MUSI6106/src/inc/Util.h */ = {isa = PBXFileReference; explicitFileType = sourcecode.c.h; fileEncoding = 4; name = Util.h; path = src/inc/Util.h; sourceTree = SOURCE_ROOT; };
		B26750CCE84F4FDAAFB101DE /* /Users/noelalben/github/2022-MUSI6106/src/inc/Vector.h */ = {isa = PBXFileReference; explicitFileType = sourcecode.c.h; fileEncoding = 4; name = Vector.h; path = src/inc/Vector.h; sourceTree = SOURCE_ROOT; };
		BCAD7C3E7DE74D198CACE7CE /* /Users/noelalben/github/2022-MUSI6106/3rdparty/sndlib/io.c */ = {isa = PBXFileReference; explicitFileType = sourcecode.c.c; fileEncoding = 4; name = io.c; path = 3rdparty/sndlib/io.c; sourceTree = SOURCE_ROOT; };
		BEBBE7E50B844B79A8DA12E8 /* /Users/noelalben/github/2022-MUSI6106/3rdparty/sndlib/xen.c */ = {isa = PBXFileReference; explicitFileType = sourcecode.c.c; fileEncoding = 4; name = xen.c; path = 3rdparty/sndlib/xen.c; sourceTree = SOURCE_ROOT; };
		C1734694F7E44521BB418099 /* /Users/noelalben/github/2022-MUSI6106/src/inc/AudioFileIf.h */ = {isa = PBXFileReference; explicitFileType = sourcecode.c.h; fileEncoding = 4; name = AudioFileIf.h; path = src/inc/AudioFileIf.h; sourceTree = SOURCE_ROOT; };
		C174BE043E1F4FE585077562 /* /Users/noelalben/github/2022-MUSI6106/src/MUSI6106Exec/CMakeLists.txt */ = {isa = PBXFileReference; explicitFileType = sourcecode.text; fileEncoding = 4; name = CMakeLists.txt; path = src/MUSI6106Exec/CMakeLists.txt; sourceTree = SOURCE_ROOT; };
		C3E5DD80C718456B97D0CC83 /* /Users/noelalben/github/2022-MUSI6106/3rdparty/sndlib/mus-config.h */ = {isa = PBXFileReference; explicitFileType = sourcecode.c.h; fileEncoding = 4; name = "mus-config.h"; path = "3rdparty/sndlib/mus-config.h"; sourceTree = SOURCE_ROOT; };
		C4CDC30A58104B16A76825BB /* /Users/noelalben/github/2022-MUSI6106/3rdparty/sndlib/CMakeLists.txt */ = {isa = PBXFileReference; explicitFileType = sourcecode.text; fileEncoding = 4; name = CMakeLists.txt; path = 3rdparty/sndlib/CMakeLists.txt; sourceTree = SOURCE_ROOT; };
		CD64E65AD6AF408981204238 /* /Users/noelalben/github/2022-MUSI6106/3rdparty/sndlib/sndlib2xen.h */ = {isa = PBXFileReference; explicitFileType = sourcecode.c.h; fileEncoding = 4; name = sndlib2xen.h; path = 3rdparty/sndlib/sndlib2xen.h; sourceTree = SOURCE_ROOT; };
		D6185C5834314AD7873B4445 /* /Users/noelalben/github/2022-MUSI6106/3rdparty/sndlib/clm2xen.c */ = {isa = PBXFileReference; explicitFileType = sourcecode.c.c; fileEncoding = 4; name = clm2xen.c; path = 3rdparty/sndlib/clm2xen.c; sourceTree = SOURCE_ROOT; };
		DEFB3B7173E64AFD89B40ACD /* /Users/noelalben/github/2022-MUSI6106/src/MUSI6106Exec/MUSI6106Exec.cpp */ = {isa = PBXFileReference; explicitFileType = sourcecode.cpp.cpp; fileEncoding = 4; name = MUSI6106Exec.cpp; path = src/MUSI6106Exec/MUSI6106Exec.cpp; sourceTree = SOURCE_ROOT; };
		DFF5F423F863434C94039C47 /* /Users/noelalben/github/2022-MUSI6106/CMakeLists.txt */ = {isa = PBXFileReference; explicitFileType = sourcecode.text; fileEncoding = 4; name = CMakeLists.txt; path = CMakeLists.txt; sourceTree = SOURCE_ROOT; };
		E0BAB83A47064775858A0925 /* /Users/noelalben/github/2022-MUSI6106/src/inc/RingBuffer.h */ = {isa = PBXFileReference; explicitFileType = sourcecode.c.h; fileEncoding = 4; name = RingBuffer.h; path = src/inc/RingBuffer.h; sourceTree = SOURCE_ROOT; };
		E418AEF7BFD14AD687FA32A7 /* /Users/noelalben/github/2022-MUSI6106/src/inc/Util.h */ = {isa = PBXFileReference; explicitFileType = sourcecode.c.h; fileEncoding = 4; name = Util.h; path = src/inc/Util.h; sourceTree = SOURCE_ROOT; };
		E529890DD2DF462C90B45652 /* /Users/noelalben/github/2022-MUSI6106/3rdparty/sndlib/s7.h */ = {isa = PBXFileReference; explicitFileType = sourcecode.c.h; fileEncoding = 4; name = s7.h; path = 3rdparty/sndlib/s7.h; sourceTree = SOURCE_ROOT; };
		E53A22806CDC4DC0B360280D /* /Users/noelalben/github/2022-MUSI6106/3rdparty/sndlib/sound.c */ = {isa = PBXFileReference; explicitFileType = sourcecode.c.c; fileEncoding = 4; name = sound.c; path = 3rdparty/sndlib/sound.c; sourceTree = SOURCE_ROOT; };
		F77E431B2E5A416681E427DB /* /Users/noelalben/github/2022-MUSI6106/src/inc/CombFilterIf.h */ = {isa = PBXFileReference; explicitFileType = sourcecode.c.h; fileEncoding = 4; name = CombFilterIf.h; path = src/inc/CombFilterIf.h; sourceTree = SOURCE_ROOT; };
/* End PBXFileReference section */

/* Begin PBXFrameworksBuildPhase section */
		354E1265B2EA4744B5C5B4A6 /* Frameworks */ = {
			isa = PBXFrameworksBuildPhase;
			buildActionMask = 2147483647;
			files = (
			);
			runOnlyForDeploymentPostprocessing = 0;
		};
		55F8154E5C2D484680366592 /* Frameworks */ = {
			isa = PBXFrameworksBuildPhase;
			buildActionMask = 2147483647;
			files = (
			);
			runOnlyForDeploymentPostprocessing = 0;
		};
		72190FFC373946B3B56BE929 /* Frameworks */ = {
			isa = PBXFrameworksBuildPhase;
			buildActionMask = 2147483647;
			files = (
			);
			runOnlyForDeploymentPostprocessing = 0;
		};
		9F1E40CC4D2144B4BA5AD96B /* Frameworks */ = {
			isa = PBXFrameworksBuildPhase;
			buildActionMask = 2147483647;
			files = (
			);
			runOnlyForDeploymentPostprocessing = 0;
		};
/* End PBXFrameworksBuildPhase section */

/* Begin PBXGroup section */
		0CE59C1C1EF942CCAF515E5D /* CombFilter */ = {
			isa = PBXGroup;
			children = (
				3115E22322C74E8AA20590E7 /* Source Files */,
				3254B50390C24036809B9205 /* Header Files */,
				A72F82B9DFD14EA4A0629916 /* /Users/noelalben/github/2022-MUSI6106/src/CombFilter/CMakeLists.txt */,
			);
			name = CombFilter;
			sourceTree = "<group>";
		};
		195559E529F44920899D16C2 /* MUSI6106Exec */ = {
			isa = PBXGroup;
			children = (
				3EBAC4868F7E424EB5EF6805 /* Source Files */,
				B480403DDCFC4566998A76E5 /* Header Files */,
				C174BE043E1F4FE585077562 /* /Users/noelalben/github/2022-MUSI6106/src/MUSI6106Exec/CMakeLists.txt */,
			);
			name = MUSI6106Exec;
			sourceTree = "<group>";
		};
		2025BBE32495467F81883677 /* Header Files */ = {
			isa = PBXGroup;
			children = (
				1134D3E0388B4856988A9843 /* /Users/noelalben/github/2022-MUSI6106/3rdparty/sndlib/_sndlib.h */,
				A5063A19C5B4413794C84AC1 /* /Users/noelalben/github/2022-MUSI6106/3rdparty/sndlib/clm-strings.h */,
				30E69EE228B8423B877CC395 /* /Users/noelalben/github/2022-MUSI6106/3rdparty/sndlib/clm.h */,
				86A198B714594A4D8F3460AE /* /Users/noelalben/github/2022-MUSI6106/3rdparty/sndlib/clm2xen.h */,
				C3E5DD80C718456B97D0CC83 /* /Users/noelalben/github/2022-MUSI6106/3rdparty/sndlib/mus-config.h */,
				E529890DD2DF462C90B45652 /* /Users/noelalben/github/2022-MUSI6106/3rdparty/sndlib/s7.h */,
				09052F697155443692BE6818 /* /Users/noelalben/github/2022-MUSI6106/3rdparty/sndlib/sndlib-strings.h */,
				13B4A255C6294D4B896AD14E /* /Users/noelalben/github/2022-MUSI6106/3rdparty/sndlib/sndlib.h */,
				CD64E65AD6AF408981204238 /* /Users/noelalben/github/2022-MUSI6106/3rdparty/sndlib/sndlib2xen.h */,
				5651055E8BEC4512BDFCDAA1 /* /Users/noelalben/github/2022-MUSI6106/3rdparty/sndlib/unix-config.h */,
				2D7C42C4DE3D468489E7921F /* /Users/noelalben/github/2022-MUSI6106/3rdparty/sndlib/vct.h */,
				472512940A3D4F92AA4EE946 /* /Users/noelalben/github/2022-MUSI6106/3rdparty/sndlib/xen.h */,
			);
			name = "Header Files";
			sourceTree = "<group>";
		};
		2B78A1D10BEC4D85A5BA863E /* Source Files */ = {
			isa = PBXGroup;
			children = (
				7176D0B94B054922894CC7F1 /* /Users/noelalben/github/2022-MUSI6106/src/AudioFileIO/AudioFile.cpp */,
				1089AB8DFE4345B19B53FD0A /* /Users/noelalben/github/2022-MUSI6106/src/AudioFileIO/AudioFileIf.cpp */,
			);
			name = "Source Files";
			sourceTree = "<group>";
		};
		3115E22322C74E8AA20590E7 /* Source Files */ = {
			isa = PBXGroup;
			children = (
				4167615B0F2F4CC880D20407 /* /Users/noelalben/github/2022-MUSI6106/src/CombFilter/CombFilter.cpp */,
				A039D045EB1D47C2A085167D /* /Users/noelalben/github/2022-MUSI6106/src/CombFilter/CombFilterIf.cpp */,
			);
			name = "Source Files";
			sourceTree = "<group>";
		};
		3254B50390C24036809B9205 /* Header Files */ = {
			isa = PBXGroup;
			children = (
				87654AB57B7D48C2AB099386 /* /Users/noelalben/github/2022-MUSI6106/src/inc/AudioFileIf.h */,
				3DF23343663F436DB303F93B /* /Users/noelalben/github/2022-MUSI6106/src/inc/CombFilter.h */,
				F77E431B2E5A416681E427DB /* /Users/noelalben/github/2022-MUSI6106/src/inc/CombFilterIf.h */,
				E0BAB83A47064775858A0925 /* /Users/noelalben/github/2022-MUSI6106/src/inc/RingBuffer.h */,
				E418AEF7BFD14AD687FA32A7 /* /Users/noelalben/github/2022-MUSI6106/src/inc/Util.h */,
				B26750CCE84F4FDAAFB101DE /* /Users/noelalben/github/2022-MUSI6106/src/inc/Vector.h */,
			);
			name = "Header Files";
			sourceTree = "<group>";
		};
		362E37EFBA9C4FE9BF00F5EC /* ALL_BUILD */ = {
			isa = PBXGroup;
			children = (
				3D186F9459484045AC07C68D /* CMake Rules */,
				DFF5F423F863434C94039C47 /* /Users/noelalben/github/2022-MUSI6106/CMakeLists.txt */,
			);
			name = ALL_BUILD;
			sourceTree = "<group>";
		};
		3D186F9459484045AC07C68D /* CMake Rules */ = {
			isa = PBXGroup;
			children = (
			);
			name = "CMake Rules";
			sourceTree = "<group>";
		};
		3EBAC4868F7E424EB5EF6805 /* Source Files */ = {
			isa = PBXGroup;
			children = (
				DEFB3B7173E64AFD89B40ACD /* /Users/noelalben/github/2022-MUSI6106/src/MUSI6106Exec/MUSI6106Exec.cpp */,
			);
			name = "Source Files";
			sourceTree = "<group>";
		};
		4587B67D05234171A3FBCB7B /* Header Files */ = {
			isa = PBXGroup;
			children = (
				3B3F2654A0D146BD95A3A505 /* /Users/noelalben/github/2022-MUSI6106/src/AudioFileIO/AudioFile.h */,
			);
			name = "Header Files";
			sourceTree = "<group>";
		};
		A0E3D2AF9958486E96809A89 /* sndlib */ = {
			isa = PBXGroup;
			children = (
				A92FFBF689174968883C86AB /* Source Files */,
				2025BBE32495467F81883677 /* Header Files */,
				C4CDC30A58104B16A76825BB /* /Users/noelalben/github/2022-MUSI6106/3rdparty/sndlib/CMakeLists.txt */,
			);
			name = sndlib;
			sourceTree = "<group>";
		};
		A6AB51B1558E449C8E9E83E4 = {
			isa = PBXGroup;
			children = (
				362E37EFBA9C4FE9BF00F5EC /* ALL_BUILD */,
				195559E529F44920899D16C2 /* MUSI6106Exec */,
				DA8150CC823B4978B1D9446B /* AudioFileIO */,
				A0E3D2AF9958486E96809A89 /* sndlib */,
				0CE59C1C1EF942CCAF515E5D /* CombFilter */,
				DEA4531E60684B72ACA74BE4 /* Products */,
				D0C40A0E704C48BCA8576A86 /* Frameworks */,
			);
			sourceTree = "<group>";
		};
		A92FFBF689174968883C86AB /* Source Files */ = {
			isa = PBXGroup;
			children = (
				A934D8846DEF463B9DCC422F /* /Users/noelalben/github/2022-MUSI6106/3rdparty/sndlib/audio.c */,
				509F36671B854875892794CC /* /Users/noelalben/github/2022-MUSI6106/3rdparty/sndlib/clm.c */,
				D6185C5834314AD7873B4445 /* /Users/noelalben/github/2022-MUSI6106/3rdparty/sndlib/clm2xen.c */,
				7472D14CB9824504BAF8135C /* /Users/noelalben/github/2022-MUSI6106/3rdparty/sndlib/headers.c */,
				BCAD7C3E7DE74D198CACE7CE /* /Users/noelalben/github/2022-MUSI6106/3rdparty/sndlib/io.c */,
				779F0F72EF8645C3B2AACEDF /* /Users/noelalben/github/2022-MUSI6106/3rdparty/sndlib/s7.c */,
				1E8E532DC4B148B2A0E96FD0 /* /Users/noelalben/github/2022-MUSI6106/3rdparty/sndlib/sndlib2xen.c */,
				E53A22806CDC4DC0B360280D /* /Users/noelalben/github/2022-MUSI6106/3rdparty/sndlib/sound.c */,
				3B81E03944AE47EBB52CBA33 /* /Users/noelalben/github/2022-MUSI6106/3rdparty/sndlib/vct.c */,
				BEBBE7E50B844B79A8DA12E8 /* /Users/noelalben/github/2022-MUSI6106/3rdparty/sndlib/xen.c */,
			);
			name = "Source Files";
			sourceTree = "<group>";
		};
		B480403DDCFC4566998A76E5 /* Header Files */ = {
			isa = PBXGroup;
			children = (
				C1734694F7E44521BB418099 /* /Users/noelalben/github/2022-MUSI6106/src/inc/AudioFileIf.h */,
				4BB9DF731DE24F01A0725901 /* /Users/noelalben/github/2022-MUSI6106/src/inc/CombFilter.h */,
				0F63DA120F364F8598C7749A /* /Users/noelalben/github/2022-MUSI6106/src/inc/CombFilterIf.h */,
				58DDF439C4EC486187D8C102 /* /Users/noelalben/github/2022-MUSI6106/src/inc/RingBuffer.h */,
				AEAD643F692A47508764EE0E /* /Users/noelalben/github/2022-MUSI6106/src/inc/Util.h */,
				9CCBDB846DC04EDCA8D3456B /* /Users/noelalben/github/2022-MUSI6106/src/inc/Vector.h */,
			);
			name = "Header Files";
			sourceTree = "<group>";
		};
		D0C40A0E704C48BCA8576A86 /* Frameworks */ = {
			isa = PBXGroup;
			children = (
			);
			name = Frameworks;
			sourceTree = "<group>";
		};
		DA8150CC823B4978B1D9446B /* AudioFileIO */ = {
			isa = PBXGroup;
			children = (
				2B78A1D10BEC4D85A5BA863E /* Source Files */,
				4587B67D05234171A3FBCB7B /* Header Files */,
				598699C9ACC64FF4A6AA6ACE /* /Users/noelalben/github/2022-MUSI6106/src/AudioFileIO/CMakeLists.txt */,
			);
			name = AudioFileIO;
			sourceTree = "<group>";
		};
		DEA4531E60684B72ACA74BE4 /* Products */ = {
			isa = PBXGroup;
			children = (
				39C09E94EEC342F9A7FCE3EB /* AudioFileIO */,
				8B3344B7F1354838B059B2BE /* CombFilter */,
				A0E6A96A8531477AB8882898 /* MUSI6106Exec */,
				2E404D03B8124C7F99DB5A02 /* sndlib */,
			);
			name = Products;
			sourceTree = "<group>";
		};
/* End PBXGroup section */

/* Begin PBXNativeTarget section */
		2B229989088E428D9129A5E7 /* sndlib */ = {
			isa = PBXNativeTarget;
			buildConfigurationList = 17D9D5BC689347408BE7D4DC /* Build configuration list for PBXNativeTarget "sndlib" */;
			buildPhases = (
				52EC69AB7D9B4B8FB7B63B2B /* Sources */,
				354E1265B2EA4744B5C5B4A6 /* Frameworks */,
			);
			buildRules = (
			);
			dependencies = (
				59586E15570D4C5B8BDF4140 /* PBXTargetDependency */,
			);
			name = sndlib;
			productName = sndlib;
			productReference = 2E404D03B8124C7F99DB5A02 /* sndlib */;
			productType = "com.apple.product-type.library.static";
		};
		2CDB1D792E1D4C08BBD5C302 /* CombFilter */ = {
			isa = PBXNativeTarget;
			buildConfigurationList = 0CCF7C366F2748DAA4F85344 /* Build configuration list for PBXNativeTarget "CombFilter" */;
			buildPhases = (
				A7A71232965C49CB9D066152 /* Sources */,
				55F8154E5C2D484680366592 /* Frameworks */,
			);
			buildRules = (
			);
			dependencies = (
				B796B960B157427CAB58F9F3 /* PBXTargetDependency */,
			);
			name = CombFilter;
			productName = CombFilter;
			productReference = 8B3344B7F1354838B059B2BE /* CombFilter */;
			productType = "com.apple.product-type.library.static";
		};
		7CAE451FF12E407D8D0AFA8B /* AudioFileIO */ = {
			isa = PBXNativeTarget;
			buildConfigurationList = FA6BA6B262F24A9196949218 /* Build configuration list for PBXNativeTarget "AudioFileIO" */;
			buildPhases = (
				1558008BE52C43E4B2D0A448 /* Sources */,
				72190FFC373946B3B56BE929 /* Frameworks */,
			);
			buildRules = (
			);
			dependencies = (
				8029327976A842CF893FB06D /* PBXTargetDependency */,
				F7C63FC8C6414BBAA77E6962 /* PBXTargetDependency */,
			);
			name = AudioFileIO;
			productName = AudioFileIO;
			productReference = 39C09E94EEC342F9A7FCE3EB /* AudioFileIO */;
			productType = "com.apple.product-type.library.static";
		};
		A1EF3D7ED06A477EA8B9D403 /* MUSI6106Exec */ = {
			isa = PBXNativeTarget;
			buildConfigurationList = C13F8DDBD5A34E2FA84E5559 /* Build configuration list for PBXNativeTarget "MUSI6106Exec" */;
			buildPhases = (
				B4650853C5974495810504B8 /* Sources */,
				9F1E40CC4D2144B4BA5AD96B /* Frameworks */,
			);
			buildRules = (
			);
			dependencies = (
				91FEFE8B274646F1A05D7125 /* PBXTargetDependency */,
				ECBBC974256D4B759F474A6F /* PBXTargetDependency */,
				ECAAF97BEBC94C2BBD2A4ED9 /* PBXTargetDependency */,
				0C3A4319CF8A412DB8CE71FA /* PBXTargetDependency */,
			);
			name = MUSI6106Exec;
			productName = MUSI6106Exec;
			productReference = A0E6A96A8531477AB8882898 /* MUSI6106Exec */;
			productType = "com.apple.product-type.tool";
		};
/* End PBXNativeTarget section */

/* Begin PBXProject section */
		606B6805DD754B25B9F8336F /* Project object */ = {
			isa = PBXProject;
			attributes = {
				BuildIndependentTargetsInParallel = YES;
				LastUpgradeCheck = 1320;
			};
			buildConfigurationList = 77C2C7C206244F97AFC326B6 /* Build configuration list for PBXProject "MUSI6106" */;
			buildSettings = {
			};
			buildStyles = (
				8052C3EBF6AA49CE872402FF /* Debug */,
				98ECBE6190C945A2A8F711ED /* Release */,
				F9A98D53DF934BC694566C4E /* MinSizeRel */,
				8A3CE3C3F8A642DFAC60C9C6 /* RelWithDebInfo */,
			);
			compatibilityVersion = "Xcode 3.2";
			hasScannedForEncodings = 0;
			mainGroup = A6AB51B1558E449C8E9E83E4;
			projectDirPath = .;
			projectRoot = "";
			targets = (
				A7A98379EF5F4E19A1EE8B68 /* ALL_BUILD */,
				7CAE451FF12E407D8D0AFA8B /* AudioFileIO */,
				2CDB1D792E1D4C08BBD5C302 /* CombFilter */,
				A1EF3D7ED06A477EA8B9D403 /* MUSI6106Exec */,
				442D26D30949463F8DF8E029 /* ZERO_CHECK */,
				2B229989088E428D9129A5E7 /* sndlib */,
			);
		};
/* End PBXProject section */

/* Begin PBXShellScriptBuildPhase section */
		3C0110FC8322DE7E50886E21 = {
			isa = PBXShellScriptBuildPhase;
			buildActionMask = 2147483647;
			files = (
			);
			inputPaths = (
			);
			outputPaths = (
			);
			runOnlyForDeploymentPostprocessing = 0;
			shellPath = /bin/sh;
			shellScript = "# shell script goes here
exit 0";
			showEnvVarsInLog = 0;
		};
		3FFE57695DA2D97C8DFD3857 /* Generate CMakeFiles/ALL_BUILD */ = {
			isa = PBXShellScriptBuildPhase;
			alwaysOutOfDate = 1;
			buildActionMask = 2147483647;
			files = (
			);
			inputPaths = (
			);
			name = "Generate CMakeFiles/ALL_BUILD";
			outputPaths = (
"/Users/noelalben/github/2022-MUSI6106/CMakeFiles/ALL_BUILD"			);
			runOnlyForDeploymentPostprocessing = 0;
			shellPath = /bin/sh;
			shellScript = "set -e
if test \"$CONFIGURATION\" = \"Debug\"; then :
  cd /Users/noelalben/github/2022-MUSI6106
  echo Build\\ all\\ projects
fi
if test \"$CONFIGURATION\" = \"Release\"; then :
  cd /Users/noelalben/github/2022-MUSI6106
  echo Build\\ all\\ projects
fi
if test \"$CONFIGURATION\" = \"MinSizeRel\"; then :
  cd /Users/noelalben/github/2022-MUSI6106
  echo Build\\ all\\ projects
fi
if test \"$CONFIGURATION\" = \"RelWithDebInfo\"; then :
  cd /Users/noelalben/github/2022-MUSI6106
  echo Build\\ all\\ projects
fi
";
			showEnvVarsInLog = 0;
		};
		9B50530E35CC49C82C2FACCF = {
			isa = PBXShellScriptBuildPhase;
			buildActionMask = 2147483647;
			files = (
			);
			inputPaths = (
			);
			outputPaths = (
			);
			runOnlyForDeploymentPostprocessing = 0;
			shellPath = /bin/sh;
			shellScript = "# shell script goes here
exit 0";
			showEnvVarsInLog = 0;
		};
		BA38E5081C283D1544A9C069 /* Generate CMakeFiles/ZERO_CHECK */ = {
			isa = PBXShellScriptBuildPhase;
			alwaysOutOfDate = 1;
			buildActionMask = 2147483647;
			files = (
			);
			inputPaths = (
			);
			name = "Generate CMakeFiles/ZERO_CHECK";
			outputPaths = (
"/Users/noelalben/github/2022-MUSI6106/CMakeFiles/ZERO_CHECK"			);
			runOnlyForDeploymentPostprocessing = 0;
			shellPath = /bin/sh;
			shellScript = "set -e
if test \"$CONFIGURATION\" = \"Debug\"; then :
  cd /Users/noelalben/github/2022-MUSI6106
  make -f /Users/noelalben/github/2022-MUSI6106/CMakeScripts/ReRunCMake.make
fi
if test \"$CONFIGURATION\" = \"Release\"; then :
  cd /Users/noelalben/github/2022-MUSI6106
  make -f /Users/noelalben/github/2022-MUSI6106/CMakeScripts/ReRunCMake.make
fi
if test \"$CONFIGURATION\" = \"MinSizeRel\"; then :
  cd /Users/noelalben/github/2022-MUSI6106
  make -f /Users/noelalben/github/2022-MUSI6106/CMakeScripts/ReRunCMake.make
fi
if test \"$CONFIGURATION\" = \"RelWithDebInfo\"; then :
  cd /Users/noelalben/github/2022-MUSI6106
  make -f /Users/noelalben/github/2022-MUSI6106/CMakeScripts/ReRunCMake.make
fi
";
			showEnvVarsInLog = 0;
		};
/* End PBXShellScriptBuildPhase section */

/* Begin PBXSourcesBuildPhase section */
		1558008BE52C43E4B2D0A448 /* Sources */ = {
			isa = PBXSourcesBuildPhase;
			buildActionMask = 2147483647;
			files = (
				C2F5145B5E9246A2951F3CCC /* /Users/noelalben/github/2022-MUSI6106/src/AudioFileIO/AudioFile.cpp */,
				0392C340B20D4DE2B346D89E /* /Users/noelalben/github/2022-MUSI6106/src/AudioFileIO/AudioFileIf.cpp */,
			);
			runOnlyForDeploymentPostprocessing = 0;
		};
		52EC69AB7D9B4B8FB7B63B2B /* Sources */ = {
			isa = PBXSourcesBuildPhase;
			buildActionMask = 2147483647;
			files = (
				8B2A328E0B7A49B686874EC8 /* /Users/noelalben/github/2022-MUSI6106/3rdparty/sndlib/audio.c */,
				CEC4D49BEA4740878F22CECD /* /Users/noelalben/github/2022-MUSI6106/3rdparty/sndlib/clm.c */,
				738AAE9583D14B14B0B07E56 /* /Users/noelalben/github/2022-MUSI6106/3rdparty/sndlib/clm2xen.c */,
				3804B5A023FB40E0B1FDA31E /* /Users/noelalben/github/2022-MUSI6106/3rdparty/sndlib/headers.c */,
				9BD0C4D9A7324CDFBD8707DA /* /Users/noelalben/github/2022-MUSI6106/3rdparty/sndlib/io.c */,
				E2D4BEA4407E4ED89A30CF06 /* /Users/noelalben/github/2022-MUSI6106/3rdparty/sndlib/s7.c */,
				32C7C6BFA19D42A597E6D467 /* /Users/noelalben/github/2022-MUSI6106/3rdparty/sndlib/sndlib2xen.c */,
				A19CBC736E32403DB7A57AC6 /* /Users/noelalben/github/2022-MUSI6106/3rdparty/sndlib/sound.c */,
				D662E6B965544565B72A52B2 /* /Users/noelalben/github/2022-MUSI6106/3rdparty/sndlib/vct.c */,
				0648DEC160884CFCB1E9BC65 /* /Users/noelalben/github/2022-MUSI6106/3rdparty/sndlib/xen.c */,
			);
			runOnlyForDeploymentPostprocessing = 0;
		};
		A7A71232965C49CB9D066152 /* Sources */ = {
			isa = PBXSourcesBuildPhase;
			buildActionMask = 2147483647;
			files = (
				76EF18E8914543FBB075E453 /* /Users/noelalben/github/2022-MUSI6106/src/CombFilter/CombFilter.cpp */,
				C4B3B7B5C9C549D28CE802D4 /* /Users/noelalben/github/2022-MUSI6106/src/CombFilter/CombFilterIf.cpp */,
			);
			runOnlyForDeploymentPostprocessing = 0;
		};
		B4650853C5974495810504B8 /* Sources */ = {
			isa = PBXSourcesBuildPhase;
			buildActionMask = 2147483647;
			files = (
				5326920CFAAC452A9461F21C /* /Users/noelalben/github/2022-MUSI6106/src/MUSI6106Exec/MUSI6106Exec.cpp */,
			);
			runOnlyForDeploymentPostprocessing = 0;
		};
/* End PBXSourcesBuildPhase section */

/* Begin PBXTargetDependency section */
		0A280E9ABFD64F5BADF04D09 /* PBXTargetDependency */ = {
			isa = PBXTargetDependency;
			target = 7CAE451FF12E407D8D0AFA8B /* AudioFileIO */;
			targetProxy = 67F4B597D84743AE99BB6DAC /* PBXContainerItemProxy */;
		};
		0C3A4319CF8A412DB8CE71FA /* PBXTargetDependency */ = {
			isa = PBXTargetDependency;
			target = 2CDB1D792E1D4C08BBD5C302 /* CombFilter */;
			targetProxy = 31A460250BCE4DA3B8AC44C0 /* PBXContainerItemProxy */;
		};
		334E6096DBAB46BABE768C47 /* PBXTargetDependency */ = {
			isa = PBXTargetDependency;
			target = A1EF3D7ED06A477EA8B9D403 /* MUSI6106Exec */;
			targetProxy = 0B4F58FE996A4FB7A48C1801 /* PBXContainerItemProxy */;
		};
		59586E15570D4C5B8BDF4140 /* PBXTargetDependency */ = {
			isa = PBXTargetDependency;
			target = 442D26D30949463F8DF8E029 /* ZERO_CHECK */;
			targetProxy = 8A130C1CCC474E0B9174093D /* PBXContainerItemProxy */;
		};
		5FE2FF9479294826BC595857 /* PBXTargetDependency */ = {
			isa = PBXTargetDependency;
			target = 2B229989088E428D9129A5E7 /* sndlib */;
			targetProxy = 6FA87F866FB2407AA1FC214C /* PBXContainerItemProxy */;
		};
		7D6E9D04055A4B2BACB42FBD /* PBXTargetDependency */ = {
			isa = PBXTargetDependency;
			target = 2CDB1D792E1D4C08BBD5C302 /* CombFilter */;
			targetProxy = 7976B21965AF4EDE88B3BBA1 /* PBXContainerItemProxy */;
		};
		8029327976A842CF893FB06D /* PBXTargetDependency */ = {
			isa = PBXTargetDependency;
			target = 442D26D30949463F8DF8E029 /* ZERO_CHECK */;
			targetProxy = B6810D17A534439E859FD959 /* PBXContainerItemProxy */;
		};
		91FEFE8B274646F1A05D7125 /* PBXTargetDependency */ = {
			isa = PBXTargetDependency;
			target = 442D26D30949463F8DF8E029 /* ZERO_CHECK */;
			targetProxy = 54C9228AA6964F93921E329D /* PBXContainerItemProxy */;
		};
		953A6900361B42AC8AE5B7FF /* PBXTargetDependency */ = {
			isa = PBXTargetDependency;
			target = 442D26D30949463F8DF8E029 /* ZERO_CHECK */;
			targetProxy = ABEC4F6C3C994F1C8297D019 /* PBXContainerItemProxy */;
		};
		B796B960B157427CAB58F9F3 /* PBXTargetDependency */ = {
			isa = PBXTargetDependency;
			target = 442D26D30949463F8DF8E029 /* ZERO_CHECK */;
			targetProxy = 737FDB175DF94259B36593BA /* PBXContainerItemProxy */;
		};
		ECAAF97BEBC94C2BBD2A4ED9 /* PBXTargetDependency */ = {
			isa = PBXTargetDependency;
			target = 2B229989088E428D9129A5E7 /* sndlib */;
			targetProxy = 5618760E68B949CF8EB62A68 /* PBXContainerItemProxy */;
		};
		ECBBC974256D4B759F474A6F /* PBXTargetDependency */ = {
			isa = PBXTargetDependency;
			target = 7CAE451FF12E407D8D0AFA8B /* AudioFileIO */;
			targetProxy = C2A366B98B264DBB8B5AF64A /* PBXContainerItemProxy */;
		};
		F7C63FC8C6414BBAA77E6962 /* PBXTargetDependency */ = {
			isa = PBXTargetDependency;
			target = 2B229989088E428D9129A5E7 /* sndlib */;
			targetProxy = A14DB3C6F8844ADCACEC000A /* PBXContainerItemProxy */;
		};
/* End PBXTargetDependency section */

/* Begin XCBuildConfiguration section */
		1C2A1AABA9A946D0A02760E9 /* Debug */ = {
			isa = XCBuildConfiguration;
			buildSettings = {
				ARCHS = arm64;
				COMBINE_HIDPI_IMAGES = YES;
				CONFIGURATION_BUILD_DIR = "/Users/noelalben/github/2022-MUSI6106/lib/Debug";
				EXECUTABLE_PREFIX = lib;
				EXECUTABLE_SUFFIX = .a;
				GCC_GENERATE_DEBUGGING_SYMBOLS = YES;
				GCC_INLINES_ARE_PRIVATE_EXTERN = NO;
				GCC_OPTIMIZATION_LEVEL = 0;
				GCC_PREPROCESSOR_DEFINITIONS = ("'CMAKE_INTDIR=\"$(CONFIGURATION)$(EFFECTIVE_PLATFORM_NAME)\"'","$(inherited)");
				GCC_SYMBOLS_PRIVATE_EXTERN = NO;
				HEADER_SEARCH_PATHS = ("/Users/noelalben/github/2022-MUSI6106/inc","/Users/noelalben/github/2022-MUSI6106/src/inc","/Users/noelalben/github/2022-MUSI6106/3rdparty/sndlib","$(inherited)");
				INSTALL_PATH = "";
				LIBRARY_STYLE = STATIC;
				ONLY_ACTIVE_ARCH = NO;
				OTHER_CPLUSPLUSFLAGS = "   ";
				OTHER_LIBTOOLFLAGS = ("");
				OTHER_REZFLAGS = "";
				PRODUCT_NAME = AudioFileIO;
				SECTORDER_FLAGS = "";
				SYMROOT = "/Users/noelalben/github/2022-MUSI6106/AudioFileIO";
				USE_HEADERMAP = NO;
				WARNING_CFLAGS = ("$(inherited)");
			};
			name = Debug;
		};
		2BA78E64980A4EBBB5AA6EE8 /* MinSizeRel */ = {
			isa = XCBuildConfiguration;
			buildSettings = {
				ARCHS = arm64;
				COMBINE_HIDPI_IMAGES = YES;
				CONFIGURATION_BUILD_DIR = "/Users/noelalben/github/2022-MUSI6106/lib/MinSizeRel";
				EXECUTABLE_PREFIX = lib;
				EXECUTABLE_SUFFIX = .a;
				GCC_GENERATE_DEBUGGING_SYMBOLS = NO;
				GCC_INLINES_ARE_PRIVATE_EXTERN = NO;
				GCC_OPTIMIZATION_LEVEL = s;
				GCC_PREPROCESSOR_DEFINITIONS = ("'CMAKE_INTDIR=\"$(CONFIGURATION)$(EFFECTIVE_PLATFORM_NAME)\"'","$(inherited)");
				GCC_SYMBOLS_PRIVATE_EXTERN = NO;
				HEADER_SEARCH_PATHS = ("/Users/noelalben/github/2022-MUSI6106/inc","/Users/noelalben/github/2022-MUSI6106/src/inc","/Users/noelalben/github/2022-MUSI6106/3rdparty/sndlib","$(inherited)");
				INSTALL_PATH = "";
				LIBRARY_STYLE = STATIC;
				ONLY_ACTIVE_ARCH = NO;
				OTHER_CPLUSPLUSFLAGS = "    -DNDEBUG ";
				OTHER_LIBTOOLFLAGS = ("");
				OTHER_REZFLAGS = "";
				PRODUCT_NAME = AudioFileIO;
				SECTORDER_FLAGS = "";
				SYMROOT = "/Users/noelalben/github/2022-MUSI6106/AudioFileIO";
				USE_HEADERMAP = NO;
				WARNING_CFLAGS = ("$(inherited)");
			};
			name = MinSizeRel;
		};
		341A8E0574F74B3F88582D72 /* Debug */ = {
			isa = XCBuildConfiguration;
			buildSettings = {
				ARCHS = arm64;
				SDKROOT = /Applications/Xcode.app/Contents/Developer/Platforms/MacOSX.platform/Developer/SDKs/MacOSX12.1.sdk;
				SYMROOT = "/Users/noelalben/github/2022-MUSI6106/build";
			};
			name = Debug;
		};
		3A2D12B849E14110957B11DC /* MinSizeRel */ = {
			isa = XCBuildConfiguration;
			buildSettings = {
				ARCHS = arm64;
				COMBINE_HIDPI_IMAGES = YES;
				CONFIGURATION_BUILD_DIR = "/Users/noelalben/github/2022-MUSI6106/bin/MinSizeRel";
				EXECUTABLE_PREFIX = "";
				EXECUTABLE_SUFFIX = "";
				GCC_GENERATE_DEBUGGING_SYMBOLS = NO;
				GCC_INLINES_ARE_PRIVATE_EXTERN = NO;
				GCC_OPTIMIZATION_LEVEL = s;
				GCC_PREPROCESSOR_DEFINITIONS = ("'CMAKE_INTDIR=\"$(CONFIGURATION)$(EFFECTIVE_PLATFORM_NAME)\"'","$(inherited)");
				GCC_SYMBOLS_PRIVATE_EXTERN = NO;
				HEADER_SEARCH_PATHS = ("/Users/noelalben/github/2022-MUSI6106/inc","/Users/noelalben/github/2022-MUSI6106/src/inc","$(inherited)");
				INSTALL_PATH = "";
				ONLY_ACTIVE_ARCH = NO;
				OTHER_CPLUSPLUSFLAGS = "    -DNDEBUG ";
				OTHER_LDFLAGS = (" -Wl,-search_paths_first -Wl,-headerpad_max_install_names","/Users/noelalben/github/2022-MUSI6106/lib/MinSizeRel/libAudioFileIO.a","/Users/noelalben/github/2022-MUSI6106/lib/MinSizeRel/libCombFilter.a","/Users/noelalben/github/2022-MUSI6106/lib/MinSizeRel/libsndlib.a","$(inherited)");
				OTHER_REZFLAGS = "";
				PRODUCT_NAME = MUSI6106Exec;
				SECTORDER_FLAGS = "";
				SYMROOT = "/Users/noelalben/github/2022-MUSI6106/MUSI6106Exec";
				USE_HEADERMAP = NO;
				WARNING_CFLAGS = ("$(inherited)");
			};
			name = MinSizeRel;
		};
		3B0142A369B04A3684B49651 /* RelWithDebInfo */ = {
			isa = XCBuildConfiguration;
			buildSettings = {
				ARCHS = arm64;
				COMBINE_HIDPI_IMAGES = YES;
				GCC_GENERATE_DEBUGGING_SYMBOLS = YES;
				GCC_INLINES_ARE_PRIVATE_EXTERN = NO;
				GCC_OPTIMIZATION_LEVEL = 0;
				GCC_PREPROCESSOR_DEFINITIONS = ("'CMAKE_INTDIR=\"$(CONFIGURATION)$(EFFECTIVE_PLATFORM_NAME)\"'","$(inherited)");
				GCC_SYMBOLS_PRIVATE_EXTERN = NO;
				INSTALL_PATH = "";
				ONLY_ACTIVE_ARCH = NO;
				OTHER_LDFLAGS = ("","$(inherited)");
				OTHER_REZFLAGS = "";
				PRODUCT_NAME = ZERO_CHECK;
				SECTORDER_FLAGS = "";
				SYMROOT = "/Users/noelalben/github/2022-MUSI6106";
				USE_HEADERMAP = NO;
				WARNING_CFLAGS = ("$(inherited)");
			};
			name = RelWithDebInfo;
		};
		41E3A88F2AE44492BDED909A /* Debug */ = {
			isa = XCBuildConfiguration;
			buildSettings = {
				ARCHS = arm64;
				COMBINE_HIDPI_IMAGES = YES;
				CONFIGURATION_BUILD_DIR = "/Users/noelalben/github/2022-MUSI6106/bin/Debug";
				EXECUTABLE_PREFIX = "";
				EXECUTABLE_SUFFIX = "";
				GCC_GENERATE_DEBUGGING_SYMBOLS = YES;
				GCC_INLINES_ARE_PRIVATE_EXTERN = NO;
				GCC_OPTIMIZATION_LEVEL = 0;
				GCC_PREPROCESSOR_DEFINITIONS = ("'CMAKE_INTDIR=\"$(CONFIGURATION)$(EFFECTIVE_PLATFORM_NAME)\"'","$(inherited)");
				GCC_SYMBOLS_PRIVATE_EXTERN = NO;
				HEADER_SEARCH_PATHS = ("/Users/noelalben/github/2022-MUSI6106/inc","/Users/noelalben/github/2022-MUSI6106/src/inc","$(inherited)");
				INSTALL_PATH = "";
				ONLY_ACTIVE_ARCH = NO;
				OTHER_CPLUSPLUSFLAGS = "   ";
				OTHER_LDFLAGS = (" -Wl,-search_paths_first -Wl,-headerpad_max_install_names","/Users/noelalben/github/2022-MUSI6106/lib/Debug/libAudioFileIO.a","/Users/noelalben/github/2022-MUSI6106/lib/Debug/libCombFilter.a","/Users/noelalben/github/2022-MUSI6106/lib/Debug/libsndlib.a","$(inherited)");
				OTHER_REZFLAGS = "";
				PRODUCT_NAME = MUSI6106Exec;
				SECTORDER_FLAGS = "";
				SYMROOT = "/Users/noelalben/github/2022-MUSI6106/MUSI6106Exec";
				USE_HEADERMAP = NO;
				WARNING_CFLAGS = ("$(inherited)");
			};
			name = Debug;
		};
		43D22A13033B4CA08570768C /* Release */ = {
			isa = XCBuildConfiguration;
			buildSettings = {
				ARCHS = arm64;
				COMBINE_HIDPI_IMAGES = YES;
				GCC_GENERATE_DEBUGGING_SYMBOLS = YES;
				GCC_INLINES_ARE_PRIVATE_EXTERN = NO;
				GCC_OPTIMIZATION_LEVEL = 0;
				GCC_PREPROCESSOR_DEFINITIONS = ("'CMAKE_INTDIR=\"$(CONFIGURATION)$(EFFECTIVE_PLATFORM_NAME)\"'","$(inherited)");
				GCC_SYMBOLS_PRIVATE_EXTERN = NO;
				INSTALL_PATH = "";
				ONLY_ACTIVE_ARCH = NO;
				OTHER_LDFLAGS = ("","$(inherited)");
				OTHER_REZFLAGS = "";
				PRODUCT_NAME = ALL_BUILD;
				SECTORDER_FLAGS = "";
				SYMROOT = "/Users/noelalben/github/2022-MUSI6106";
				USE_HEADERMAP = NO;
				WARNING_CFLAGS = ("$(inherited)");
			};
			name = Release;
		};
		4432065356FD4EC0A3EE8B2B /* Release */ = {
			isa = XCBuildConfiguration;
			buildSettings = {
				ARCHS = arm64;
				COMBINE_HIDPI_IMAGES = YES;
				CONFIGURATION_BUILD_DIR = "/Users/noelalben/github/2022-MUSI6106/lib/Release";
				EXECUTABLE_PREFIX = lib;
				EXECUTABLE_SUFFIX = .a;
				GCC_GENERATE_DEBUGGING_SYMBOLS = NO;
				GCC_INLINES_ARE_PRIVATE_EXTERN = NO;
				GCC_OPTIMIZATION_LEVEL = 3;
				GCC_PREPROCESSOR_DEFINITIONS = ("'CMAKE_INTDIR=\"$(CONFIGURATION)$(EFFECTIVE_PLATFORM_NAME)\"'","$(inherited)");
				GCC_SYMBOLS_PRIVATE_EXTERN = NO;
				HEADER_SEARCH_PATHS = ("/Users/noelalben/github/2022-MUSI6106/inc","/Users/noelalben/github/2022-MUSI6106/src/inc","/Users/noelalben/github/2022-MUSI6106/3rdparty/sndlib","$(inherited)");
				INSTALL_PATH = "";
				LIBRARY_STYLE = STATIC;
				ONLY_ACTIVE_ARCH = NO;
				OTHER_CPLUSPLUSFLAGS = "    -DNDEBUG ";
				OTHER_LIBTOOLFLAGS = ("");
				OTHER_REZFLAGS = "";
				PRODUCT_NAME = AudioFileIO;
				SECTORDER_FLAGS = "";
				SYMROOT = "/Users/noelalben/github/2022-MUSI6106/AudioFileIO";
				USE_HEADERMAP = NO;
				WARNING_CFLAGS = ("$(inherited)");
			};
			name = Release;
		};
		55FA401CB8134116B9224ECC /* RelWithDebInfo */ = {
			isa = XCBuildConfiguration;
			buildSettings = {
				ARCHS = arm64;
				COMBINE_HIDPI_IMAGES = YES;
				GCC_GENERATE_DEBUGGING_SYMBOLS = YES;
				GCC_INLINES_ARE_PRIVATE_EXTERN = NO;
				GCC_OPTIMIZATION_LEVEL = 0;
				GCC_PREPROCESSOR_DEFINITIONS = ("'CMAKE_INTDIR=\"$(CONFIGURATION)$(EFFECTIVE_PLATFORM_NAME)\"'","$(inherited)");
				GCC_SYMBOLS_PRIVATE_EXTERN = NO;
				INSTALL_PATH = "";
				ONLY_ACTIVE_ARCH = NO;
				OTHER_LDFLAGS = ("","$(inherited)");
				OTHER_REZFLAGS = "";
				PRODUCT_NAME = ALL_BUILD;
				SECTORDER_FLAGS = "";
				SYMROOT = "/Users/noelalben/github/2022-MUSI6106";
				USE_HEADERMAP = NO;
				WARNING_CFLAGS = ("$(inherited)");
			};
			name = RelWithDebInfo;
		};
		610BDBC6D2A741D889CF8DE5 /* Release */ = {
			isa = XCBuildConfiguration;
			buildSettings = {
				ARCHS = arm64;
				COMBINE_HIDPI_IMAGES = YES;
				CONFIGURATION_BUILD_DIR = "/Users/noelalben/github/2022-MUSI6106/lib/Release";
				EXECUTABLE_PREFIX = lib;
				EXECUTABLE_SUFFIX = .a;
				GCC_GENERATE_DEBUGGING_SYMBOLS = NO;
				GCC_INLINES_ARE_PRIVATE_EXTERN = NO;
				GCC_OPTIMIZATION_LEVEL = 3;
				GCC_PREPROCESSOR_DEFINITIONS = ("'CMAKE_INTDIR=\"$(CONFIGURATION)$(EFFECTIVE_PLATFORM_NAME)\"'","$(inherited)");
				GCC_SYMBOLS_PRIVATE_EXTERN = NO;
				HEADER_SEARCH_PATHS = ("/Users/noelalben/github/2022-MUSI6106/3rdparty/sndlib","$(inherited)");
				INSTALL_PATH = "";
				LIBRARY_STYLE = STATIC;
				ONLY_ACTIVE_ARCH = NO;
				OTHER_CFLAGS = ("    -DNDEBUG -w ","$(inherited)");
				OTHER_LIBTOOLFLAGS = ("");
				OTHER_REZFLAGS = "";
				PRODUCT_NAME = sndlib;
				SECTORDER_FLAGS = "";
				SYMROOT = "/Users/noelalben/github/2022-MUSI6106/AudioFileIO/sndlib";
				USE_HEADERMAP = NO;
				WARNING_CFLAGS = ("$(inherited)");
			};
			name = Release;
		};
		642A5231F8D348F5AEEE05F5 /* MinSizeRel */ = {
			isa = XCBuildConfiguration;
			buildSettings = {
				ARCHS = arm64;
				SDKROOT = /Applications/Xcode.app/Contents/Developer/Platforms/MacOSX.platform/Developer/SDKs/MacOSX12.1.sdk;
				SYMROOT = "/Users/noelalben/github/2022-MUSI6106/build";
			};
			name = MinSizeRel;
		};
		6C818C6BCEA84EC5ACC638D8 /* Debug */ = {
			isa = XCBuildConfiguration;
			buildSettings = {
				ARCHS = arm64;
				COMBINE_HIDPI_IMAGES = YES;
				CONFIGURATION_BUILD_DIR = "/Users/noelalben/github/2022-MUSI6106/lib/Debug";
				EXECUTABLE_PREFIX = lib;
				EXECUTABLE_SUFFIX = .a;
				GCC_GENERATE_DEBUGGING_SYMBOLS = YES;
				GCC_INLINES_ARE_PRIVATE_EXTERN = NO;
				GCC_OPTIMIZATION_LEVEL = 0;
				GCC_PREPROCESSOR_DEFINITIONS = ("'CMAKE_INTDIR=\"$(CONFIGURATION)$(EFFECTIVE_PLATFORM_NAME)\"'","$(inherited)");
				GCC_SYMBOLS_PRIVATE_EXTERN = NO;
				HEADER_SEARCH_PATHS = ("/Users/noelalben/github/2022-MUSI6106/inc","/Users/noelalben/github/2022-MUSI6106/src/inc","$(inherited)");
				INSTALL_PATH = "";
				LIBRARY_STYLE = STATIC;
				ONLY_ACTIVE_ARCH = NO;
				OTHER_CPLUSPLUSFLAGS = "   ";
				OTHER_LIBTOOLFLAGS = ("");
				OTHER_REZFLAGS = "";
				PRODUCT_NAME = CombFilter;
				SECTORDER_FLAGS = "";
				SYMROOT = "/Users/noelalben/github/2022-MUSI6106/CombFilter";
				USE_HEADERMAP = NO;
				WARNING_CFLAGS = ("$(inherited)");
			};
			name = Debug;
		};
		762F3066B98A40A59B371BA1 /* RelWithDebInfo */ = {
			isa = XCBuildConfiguration;
			buildSettings = {
				ARCHS = arm64;
				SDKROOT = /Applications/Xcode.app/Contents/Developer/Platforms/MacOSX.platform/Developer/SDKs/MacOSX12.1.sdk;
				SYMROOT = "/Users/noelalben/github/2022-MUSI6106/build";
			};
			name = RelWithDebInfo;
		};
		7988BB671F4B47BDA1C5BD00 /* Debug */ = {
			isa = XCBuildConfiguration;
			buildSettings = {
				ARCHS = arm64;
				COMBINE_HIDPI_IMAGES = YES;
				CONFIGURATION_BUILD_DIR = "/Users/noelalben/github/2022-MUSI6106/lib/Debug";
				EXECUTABLE_PREFIX = lib;
				EXECUTABLE_SUFFIX = .a;
				GCC_GENERATE_DEBUGGING_SYMBOLS = YES;
				GCC_INLINES_ARE_PRIVATE_EXTERN = NO;
				GCC_OPTIMIZATION_LEVEL = 0;
				GCC_PREPROCESSOR_DEFINITIONS = ("'CMAKE_INTDIR=\"$(CONFIGURATION)$(EFFECTIVE_PLATFORM_NAME)\"'","$(inherited)");
				GCC_SYMBOLS_PRIVATE_EXTERN = NO;
				HEADER_SEARCH_PATHS = ("/Users/noelalben/github/2022-MUSI6106/3rdparty/sndlib","$(inherited)");
				INSTALL_PATH = "";
				LIBRARY_STYLE = STATIC;
				ONLY_ACTIVE_ARCH = NO;
				OTHER_CFLAGS = ("   -w ","$(inherited)");
				OTHER_LIBTOOLFLAGS = ("");
				OTHER_REZFLAGS = "";
				PRODUCT_NAME = sndlib;
				SECTORDER_FLAGS = "";
				SYMROOT = "/Users/noelalben/github/2022-MUSI6106/AudioFileIO/sndlib";
				USE_HEADERMAP = NO;
				WARNING_CFLAGS = ("$(inherited)");
			};
			name = Debug;
		};
		809D87380BC94F8C8FB69B98 /* RelWithDebInfo */ = {
			isa = XCBuildConfiguration;
			buildSettings = {
				ARCHS = arm64;
				COMBINE_HIDPI_IMAGES = YES;
				CONFIGURATION_BUILD_DIR = "/Users/noelalben/github/2022-MUSI6106/lib/relwithdebinfo";
				EXECUTABLE_PREFIX = lib;
				EXECUTABLE_SUFFIX = .a;
				GCC_GENERATE_DEBUGGING_SYMBOLS = YES;
				GCC_INLINES_ARE_PRIVATE_EXTERN = NO;
				GCC_OPTIMIZATION_LEVEL = 2;
				GCC_PREPROCESSOR_DEFINITIONS = ("'CMAKE_INTDIR=\"$(CONFIGURATION)$(EFFECTIVE_PLATFORM_NAME)\"'","$(inherited)");
				GCC_SYMBOLS_PRIVATE_EXTERN = NO;
				HEADER_SEARCH_PATHS = ("/Users/noelalben/github/2022-MUSI6106/3rdparty/sndlib","$(inherited)");
				INSTALL_PATH = "";
				LIBRARY_STYLE = STATIC;
				ONLY_ACTIVE_ARCH = NO;
				OTHER_CFLAGS = ("       -DNDEBUG -w ","$(inherited)");
				OTHER_LIBTOOLFLAGS = ("");
				OTHER_REZFLAGS = "";
				PRODUCT_NAME = sndlib;
				SECTORDER_FLAGS = "";
				SYMROOT = "/Users/noelalben/github/2022-MUSI6106/AudioFileIO/sndlib";
				USE_HEADERMAP = NO;
				WARNING_CFLAGS = ("$(inherited)");
			};
			name = RelWithDebInfo;
		};
		9B2E3DDD44B14F8BBBE2C944 /* MinSizeRel */ = {
			isa = XCBuildConfiguration;
			buildSettings = {
				ARCHS = arm64;
				COMBINE_HIDPI_IMAGES = YES;
				GCC_GENERATE_DEBUGGING_SYMBOLS = YES;
				GCC_INLINES_ARE_PRIVATE_EXTERN = NO;
				GCC_OPTIMIZATION_LEVEL = 0;
				GCC_PREPROCESSOR_DEFINITIONS = ("'CMAKE_INTDIR=\"$(CONFIGURATION)$(EFFECTIVE_PLATFORM_NAME)\"'","$(inherited)");
				GCC_SYMBOLS_PRIVATE_EXTERN = NO;
				INSTALL_PATH = "";
				ONLY_ACTIVE_ARCH = NO;
				OTHER_LDFLAGS = ("","$(inherited)");
				OTHER_REZFLAGS = "";
				PRODUCT_NAME = ALL_BUILD;
				SECTORDER_FLAGS = "";
				SYMROOT = "/Users/noelalben/github/2022-MUSI6106";
				USE_HEADERMAP = NO;
				WARNING_CFLAGS = ("$(inherited)");
			};
			name = MinSizeRel;
		};
		A4228E187BF94FF3A7C75560 /* Debug */ = {
			isa = XCBuildConfiguration;
			buildSettings = {
				ARCHS = arm64;
				COMBINE_HIDPI_IMAGES = YES;
				GCC_GENERATE_DEBUGGING_SYMBOLS = YES;
				GCC_INLINES_ARE_PRIVATE_EXTERN = NO;
				GCC_OPTIMIZATION_LEVEL = 0;
				GCC_PREPROCESSOR_DEFINITIONS = ("'CMAKE_INTDIR=\"$(CONFIGURATION)$(EFFECTIVE_PLATFORM_NAME)\"'","$(inherited)");
				GCC_SYMBOLS_PRIVATE_EXTERN = NO;
				INSTALL_PATH = "";
				ONLY_ACTIVE_ARCH = NO;
				OTHER_LDFLAGS = ("","$(inherited)");
				OTHER_REZFLAGS = "";
				PRODUCT_NAME = ZERO_CHECK;
				SECTORDER_FLAGS = "";
				SYMROOT = "/Users/noelalben/github/2022-MUSI6106";
				USE_HEADERMAP = NO;
				WARNING_CFLAGS = ("$(inherited)");
			};
			name = Debug;
		};
		A8897A9E5E264967A65FB313 /* MinSizeRel */ = {
			isa = XCBuildConfiguration;
			buildSettings = {
				ARCHS = arm64;
				COMBINE_HIDPI_IMAGES = YES;
				GCC_GENERATE_DEBUGGING_SYMBOLS = YES;
				GCC_INLINES_ARE_PRIVATE_EXTERN = NO;
				GCC_OPTIMIZATION_LEVEL = 0;
				GCC_PREPROCESSOR_DEFINITIONS = ("'CMAKE_INTDIR=\"$(CONFIGURATION)$(EFFECTIVE_PLATFORM_NAME)\"'","$(inherited)");
				GCC_SYMBOLS_PRIVATE_EXTERN = NO;
				INSTALL_PATH = "";
				ONLY_ACTIVE_ARCH = NO;
				OTHER_LDFLAGS = ("","$(inherited)");
				OTHER_REZFLAGS = "";
				PRODUCT_NAME = ZERO_CHECK;
				SECTORDER_FLAGS = "";
				SYMROOT = "/Users/noelalben/github/2022-MUSI6106";
				USE_HEADERMAP = NO;
				WARNING_CFLAGS = ("$(inherited)");
			};
			name = MinSizeRel;
		};
		AA31DDBBDF1C48A9A7DCE9C9 /* Release */ = {
			isa = XCBuildConfiguration;
			buildSettings = {
				ARCHS = arm64;
				COMBINE_HIDPI_IMAGES = YES;
				CONFIGURATION_BUILD_DIR = "/Users/noelalben/github/2022-MUSI6106/bin/Release";
				EXECUTABLE_PREFIX = "";
				EXECUTABLE_SUFFIX = "";
				GCC_GENERATE_DEBUGGING_SYMBOLS = NO;
				GCC_INLINES_ARE_PRIVATE_EXTERN = NO;
				GCC_OPTIMIZATION_LEVEL = 3;
				GCC_PREPROCESSOR_DEFINITIONS = ("'CMAKE_INTDIR=\"$(CONFIGURATION)$(EFFECTIVE_PLATFORM_NAME)\"'","$(inherited)");
				GCC_SYMBOLS_PRIVATE_EXTERN = NO;
				HEADER_SEARCH_PATHS = ("/Users/noelalben/github/2022-MUSI6106/inc","/Users/noelalben/github/2022-MUSI6106/src/inc","$(inherited)");
				INSTALL_PATH = "";
				ONLY_ACTIVE_ARCH = NO;
				OTHER_CPLUSPLUSFLAGS = "    -DNDEBUG ";
				OTHER_LDFLAGS = (" -Wl,-search_paths_first -Wl,-headerpad_max_install_names","/Users/noelalben/github/2022-MUSI6106/lib/Release/libAudioFileIO.a","/Users/noelalben/github/2022-MUSI6106/lib/Release/libCombFilter.a","/Users/noelalben/github/2022-MUSI6106/lib/Release/libsndlib.a","$(inherited)");
				OTHER_REZFLAGS = "";
				PRODUCT_NAME = MUSI6106Exec;
				SECTORDER_FLAGS = "";
				SYMROOT = "/Users/noelalben/github/2022-MUSI6106/MUSI6106Exec";
				USE_HEADERMAP = NO;
				WARNING_CFLAGS = ("$(inherited)");
			};
			name = Release;
		};
		B23B2E2F616144429E97325F /* MinSizeRel */ = {
			isa = XCBuildConfiguration;
			buildSettings = {
				ARCHS = arm64;
				COMBINE_HIDPI_IMAGES = YES;
				CONFIGURATION_BUILD_DIR = "/Users/noelalben/github/2022-MUSI6106/lib/MinSizeRel";
				EXECUTABLE_PREFIX = lib;
				EXECUTABLE_SUFFIX = .a;
				GCC_GENERATE_DEBUGGING_SYMBOLS = NO;
				GCC_INLINES_ARE_PRIVATE_EXTERN = NO;
				GCC_OPTIMIZATION_LEVEL = s;
				GCC_PREPROCESSOR_DEFINITIONS = ("'CMAKE_INTDIR=\"$(CONFIGURATION)$(EFFECTIVE_PLATFORM_NAME)\"'","$(inherited)");
				GCC_SYMBOLS_PRIVATE_EXTERN = NO;
				HEADER_SEARCH_PATHS = ("/Users/noelalben/github/2022-MUSI6106/inc","/Users/noelalben/github/2022-MUSI6106/src/inc","$(inherited)");
				INSTALL_PATH = "";
				LIBRARY_STYLE = STATIC;
				ONLY_ACTIVE_ARCH = NO;
				OTHER_CPLUSPLUSFLAGS = "    -DNDEBUG ";
				OTHER_LIBTOOLFLAGS = ("");
				OTHER_REZFLAGS = "";
				PRODUCT_NAME = CombFilter;
				SECTORDER_FLAGS = "";
				SYMROOT = "/Users/noelalben/github/2022-MUSI6106/CombFilter";
				USE_HEADERMAP = NO;
				WARNING_CFLAGS = ("$(inherited)");
			};
			name = MinSizeRel;
		};
		B8AE90E77A8B4A679B90082B /* RelWithDebInfo */ = {
			isa = XCBuildConfiguration;
			buildSettings = {
				ARCHS = arm64;
				COMBINE_HIDPI_IMAGES = YES;
				CONFIGURATION_BUILD_DIR = "/Users/noelalben/github/2022-MUSI6106/lib/relwithdebinfo";
				EXECUTABLE_PREFIX = lib;
				EXECUTABLE_SUFFIX = .a;
				GCC_GENERATE_DEBUGGING_SYMBOLS = YES;
				GCC_INLINES_ARE_PRIVATE_EXTERN = NO;
				GCC_OPTIMIZATION_LEVEL = 2;
				GCC_PREPROCESSOR_DEFINITIONS = ("'CMAKE_INTDIR=\"$(CONFIGURATION)$(EFFECTIVE_PLATFORM_NAME)\"'","$(inherited)");
				GCC_SYMBOLS_PRIVATE_EXTERN = NO;
				HEADER_SEARCH_PATHS = ("/Users/noelalben/github/2022-MUSI6106/inc","/Users/noelalben/github/2022-MUSI6106/src/inc","/Users/noelalben/github/2022-MUSI6106/3rdparty/sndlib","$(inherited)");
				INSTALL_PATH = "";
				LIBRARY_STYLE = STATIC;
				ONLY_ACTIVE_ARCH = NO;
				OTHER_CPLUSPLUSFLAGS = "       -DNDEBUG ";
				OTHER_LIBTOOLFLAGS = ("");
				OTHER_REZFLAGS = "";
				PRODUCT_NAME = AudioFileIO;
				SECTORDER_FLAGS = "";
				SYMROOT = "/Users/noelalben/github/2022-MUSI6106/AudioFileIO";
				USE_HEADERMAP = NO;
				WARNING_CFLAGS = ("$(inherited)");
			};
			name = RelWithDebInfo;
		};
		B9498285158A445588E35862 /* RelWithDebInfo */ = {
			isa = XCBuildConfiguration;
			buildSettings = {
				ARCHS = arm64;
				COMBINE_HIDPI_IMAGES = YES;
				CONFIGURATION_BUILD_DIR = "/Users/noelalben/github/2022-MUSI6106/bin/relwithdebinfo";
				EXECUTABLE_PREFIX = "";
				EXECUTABLE_SUFFIX = "";
				GCC_GENERATE_DEBUGGING_SYMBOLS = YES;
				GCC_INLINES_ARE_PRIVATE_EXTERN = NO;
				GCC_OPTIMIZATION_LEVEL = 2;
				GCC_PREPROCESSOR_DEFINITIONS = ("'CMAKE_INTDIR=\"$(CONFIGURATION)$(EFFECTIVE_PLATFORM_NAME)\"'","$(inherited)");
				GCC_SYMBOLS_PRIVATE_EXTERN = NO;
				HEADER_SEARCH_PATHS = ("/Users/noelalben/github/2022-MUSI6106/inc","/Users/noelalben/github/2022-MUSI6106/src/inc","$(inherited)");
				INSTALL_PATH = "";
				ONLY_ACTIVE_ARCH = NO;
				OTHER_CPLUSPLUSFLAGS = "       -DNDEBUG ";
				OTHER_LDFLAGS = (" -Wl,-search_paths_first -Wl,-headerpad_max_install_names","/Users/noelalben/github/2022-MUSI6106/lib/relwithdebinfo/libAudioFileIO.a","/Users/noelalben/github/2022-MUSI6106/lib/relwithdebinfo/libCombFilter.a","/Users/noelalben/github/2022-MUSI6106/lib/relwithdebinfo/libsndlib.a","$(inherited)");
				OTHER_REZFLAGS = "";
				PRODUCT_NAME = MUSI6106Exec;
				SECTORDER_FLAGS = "";
				SYMROOT = "/Users/noelalben/github/2022-MUSI6106/MUSI6106Exec";
				USE_HEADERMAP = NO;
				WARNING_CFLAGS = ("$(inherited)");
			};
			name = RelWithDebInfo;
		};
		C293601F74214D55B12DA6D8 /* RelWithDebInfo */ = {
			isa = XCBuildConfiguration;
			buildSettings = {
				ARCHS = arm64;
				COMBINE_HIDPI_IMAGES = YES;
				CONFIGURATION_BUILD_DIR = "/Users/noelalben/github/2022-MUSI6106/lib/relwithdebinfo";
				EXECUTABLE_PREFIX = lib;
				EXECUTABLE_SUFFIX = .a;
				GCC_GENERATE_DEBUGGING_SYMBOLS = YES;
				GCC_INLINES_ARE_PRIVATE_EXTERN = NO;
				GCC_OPTIMIZATION_LEVEL = 2;
				GCC_PREPROCESSOR_DEFINITIONS = ("'CMAKE_INTDIR=\"$(CONFIGURATION)$(EFFECTIVE_PLATFORM_NAME)\"'","$(inherited)");
				GCC_SYMBOLS_PRIVATE_EXTERN = NO;
				HEADER_SEARCH_PATHS = ("/Users/noelalben/github/2022-MUSI6106/inc","/Users/noelalben/github/2022-MUSI6106/src/inc","$(inherited)");
				INSTALL_PATH = "";
				LIBRARY_STYLE = STATIC;
				ONLY_ACTIVE_ARCH = NO;
				OTHER_CPLUSPLUSFLAGS = "       -DNDEBUG ";
				OTHER_LIBTOOLFLAGS = ("");
				OTHER_REZFLAGS = "";
				PRODUCT_NAME = CombFilter;
				SECTORDER_FLAGS = "";
				SYMROOT = "/Users/noelalben/github/2022-MUSI6106/CombFilter";
				USE_HEADERMAP = NO;
				WARNING_CFLAGS = ("$(inherited)");
			};
			name = RelWithDebInfo;
		};
		C376A52CB00C46ED8DF109F2 /* Release */ = {
			isa = XCBuildConfiguration;
			buildSettings = {
				ARCHS = arm64;
				SDKROOT = /Applications/Xcode.app/Contents/Developer/Platforms/MacOSX.platform/Developer/SDKs/MacOSX12.1.sdk;
				SYMROOT = "/Users/noelalben/github/2022-MUSI6106/build";
			};
			name = Release;
		};
		CC553C05B75647FCAC18A2A8 /* Release */ = {
			isa = XCBuildConfiguration;
			buildSettings = {
				ARCHS = arm64;
				COMBINE_HIDPI_IMAGES = YES;
				CONFIGURATION_BUILD_DIR = "/Users/noelalben/github/2022-MUSI6106/lib/Release";
				EXECUTABLE_PREFIX = lib;
				EXECUTABLE_SUFFIX = .a;
				GCC_GENERATE_DEBUGGING_SYMBOLS = NO;
				GCC_INLINES_ARE_PRIVATE_EXTERN = NO;
				GCC_OPTIMIZATION_LEVEL = 3;
				GCC_PREPROCESSOR_DEFINITIONS = ("'CMAKE_INTDIR=\"$(CONFIGURATION)$(EFFECTIVE_PLATFORM_NAME)\"'","$(inherited)");
				GCC_SYMBOLS_PRIVATE_EXTERN = NO;
				HEADER_SEARCH_PATHS = ("/Users/noelalben/github/2022-MUSI6106/inc","/Users/noelalben/github/2022-MUSI6106/src/inc","$(inherited)");
				INSTALL_PATH = "";
				LIBRARY_STYLE = STATIC;
				ONLY_ACTIVE_ARCH = NO;
				OTHER_CPLUSPLUSFLAGS = "    -DNDEBUG ";
				OTHER_LIBTOOLFLAGS = ("");
				OTHER_REZFLAGS = "";
				PRODUCT_NAME = CombFilter;
				SECTORDER_FLAGS = "";
				SYMROOT = "/Users/noelalben/github/2022-MUSI6106/CombFilter";
				USE_HEADERMAP = NO;
				WARNING_CFLAGS = ("$(inherited)");
			};
			name = Release;
		};
		E1700A95F92F4591BE64305E /* Release */ = {
			isa = XCBuildConfiguration;
			buildSettings = {
				ARCHS = arm64;
				COMBINE_HIDPI_IMAGES = YES;
				GCC_GENERATE_DEBUGGING_SYMBOLS = YES;
				GCC_INLINES_ARE_PRIVATE_EXTERN = NO;
				GCC_OPTIMIZATION_LEVEL = 0;
				GCC_PREPROCESSOR_DEFINITIONS = ("'CMAKE_INTDIR=\"$(CONFIGURATION)$(EFFECTIVE_PLATFORM_NAME)\"'","$(inherited)");
				GCC_SYMBOLS_PRIVATE_EXTERN = NO;
				INSTALL_PATH = "";
				ONLY_ACTIVE_ARCH = NO;
				OTHER_LDFLAGS = ("","$(inherited)");
				OTHER_REZFLAGS = "";
				PRODUCT_NAME = ZERO_CHECK;
				SECTORDER_FLAGS = "";
				SYMROOT = "/Users/noelalben/github/2022-MUSI6106";
				USE_HEADERMAP = NO;
				WARNING_CFLAGS = ("$(inherited)");
			};
			name = Release;
		};
		EB45D328D21049169EF86A9E /* Debug */ = {
			isa = XCBuildConfiguration;
			buildSettings = {
				ARCHS = arm64;
				COMBINE_HIDPI_IMAGES = YES;
				GCC_GENERATE_DEBUGGING_SYMBOLS = YES;
				GCC_INLINES_ARE_PRIVATE_EXTERN = NO;
				GCC_OPTIMIZATION_LEVEL = 0;
				GCC_PREPROCESSOR_DEFINITIONS = ("'CMAKE_INTDIR=\"$(CONFIGURATION)$(EFFECTIVE_PLATFORM_NAME)\"'","$(inherited)");
				GCC_SYMBOLS_PRIVATE_EXTERN = NO;
				INSTALL_PATH = "";
				ONLY_ACTIVE_ARCH = NO;
				OTHER_LDFLAGS = ("","$(inherited)");
				OTHER_REZFLAGS = "";
				PRODUCT_NAME = ALL_BUILD;
				SECTORDER_FLAGS = "";
				SYMROOT = "/Users/noelalben/github/2022-MUSI6106";
				USE_HEADERMAP = NO;
				WARNING_CFLAGS = ("$(inherited)");
			};
			name = Debug;
		};
		F056D4A298254C20B602B0A0 /* MinSizeRel */ = {
			isa = XCBuildConfiguration;
			buildSettings = {
				ARCHS = arm64;
				COMBINE_HIDPI_IMAGES = YES;
				CONFIGURATION_BUILD_DIR = "/Users/noelalben/github/2022-MUSI6106/lib/MinSizeRel";
				EXECUTABLE_PREFIX = lib;
				EXECUTABLE_SUFFIX = .a;
				GCC_GENERATE_DEBUGGING_SYMBOLS = NO;
				GCC_INLINES_ARE_PRIVATE_EXTERN = NO;
				GCC_OPTIMIZATION_LEVEL = s;
				GCC_PREPROCESSOR_DEFINITIONS = ("'CMAKE_INTDIR=\"$(CONFIGURATION)$(EFFECTIVE_PLATFORM_NAME)\"'","$(inherited)");
				GCC_SYMBOLS_PRIVATE_EXTERN = NO;
				HEADER_SEARCH_PATHS = ("/Users/noelalben/github/2022-MUSI6106/3rdparty/sndlib","$(inherited)");
				INSTALL_PATH = "";
				LIBRARY_STYLE = STATIC;
				ONLY_ACTIVE_ARCH = NO;
				OTHER_CFLAGS = ("    -DNDEBUG -w ","$(inherited)");
				OTHER_LIBTOOLFLAGS = ("");
				OTHER_REZFLAGS = "";
				PRODUCT_NAME = sndlib;
				SECTORDER_FLAGS = "";
				SYMROOT = "/Users/noelalben/github/2022-MUSI6106/AudioFileIO/sndlib";
				USE_HEADERMAP = NO;
				WARNING_CFLAGS = ("$(inherited)");
			};
			name = MinSizeRel;
		};
/* End XCBuildConfiguration section */

/* Begin XCConfigurationList section */
		0CCF7C366F2748DAA4F85344 /* Build configuration list for PBXNativeTarget "CombFilter" */ = {
			isa = XCConfigurationList;
			buildConfigurations = (
				6C818C6BCEA84EC5ACC638D8 /* Debug */,
				CC553C05B75647FCAC18A2A8 /* Release */,
				B23B2E2F616144429E97325F /* MinSizeRel */,
				C293601F74214D55B12DA6D8 /* RelWithDebInfo */,
			);
			defaultConfigurationIsVisible = 0;
			defaultConfigurationName = Debug;
		};
		172CC1C9F4D94800BB52EF72 /* Build configuration list for PBXAggregateTarget "ZERO_CHECK" */ = {
			isa = XCConfigurationList;
			buildConfigurations = (
				A4228E187BF94FF3A7C75560 /* Debug */,
				E1700A95F92F4591BE64305E /* Release */,
				A8897A9E5E264967A65FB313 /* MinSizeRel */,
				3B0142A369B04A3684B49651 /* RelWithDebInfo */,
			);
			defaultConfigurationIsVisible = 0;
			defaultConfigurationName = Debug;
		};
		17D9D5BC689347408BE7D4DC /* Build configuration list for PBXNativeTarget "sndlib" */ = {
			isa = XCConfigurationList;
			buildConfigurations = (
				7988BB671F4B47BDA1C5BD00 /* Debug */,
				610BDBC6D2A741D889CF8DE5 /* Release */,
				F056D4A298254C20B602B0A0 /* MinSizeRel */,
				809D87380BC94F8C8FB69B98 /* RelWithDebInfo */,
			);
			defaultConfigurationIsVisible = 0;
			defaultConfigurationName = Debug;
		};
		77C2C7C206244F97AFC326B6 /* Build configuration list for PBXProject "MUSI6106" */ = {
			isa = XCConfigurationList;
			buildConfigurations = (
				341A8E0574F74B3F88582D72 /* Debug */,
				C376A52CB00C46ED8DF109F2 /* Release */,
				642A5231F8D348F5AEEE05F5 /* MinSizeRel */,
				762F3066B98A40A59B371BA1 /* RelWithDebInfo */,
			);
			defaultConfigurationIsVisible = 0;
			defaultConfigurationName = Debug;
		};
		C13F8DDBD5A34E2FA84E5559 /* Build configuration list for PBXNativeTarget "MUSI6106Exec" */ = {
			isa = XCConfigurationList;
			buildConfigurations = (
				41E3A88F2AE44492BDED909A /* Debug */,
				AA31DDBBDF1C48A9A7DCE9C9 /* Release */,
				3A2D12B849E14110957B11DC /* MinSizeRel */,
				B9498285158A445588E35862 /* RelWithDebInfo */,
			);
			defaultConfigurationIsVisible = 0;
			defaultConfigurationName = Debug;
		};
		FA6BA6B262F24A9196949218 /* Build configuration list for PBXNativeTarget "AudioFileIO" */ = {
			isa = XCConfigurationList;
			buildConfigurations = (
				1C2A1AABA9A946D0A02760E9 /* Debug */,
				4432065356FD4EC0A3EE8B2B /* Release */,
				2BA78E64980A4EBBB5AA6EE8 /* MinSizeRel */,
				B8AE90E77A8B4A679B90082B /* RelWithDebInfo */,
			);
			defaultConfigurationIsVisible = 0;
			defaultConfigurationName = Debug;
		};
		FEED7A62B5324748A248ED17 /* Build configuration list for PBXAggregateTarget "ALL_BUILD" */ = {
			isa = XCConfigurationList;
			buildConfigurations = (
				EB45D328D21049169EF86A9E /* Debug */,
				43D22A13033B4CA08570768C /* Release */,
				9B2E3DDD44B14F8BBBE2C944 /* MinSizeRel */,
				55FA401CB8134116B9224ECC /* RelWithDebInfo */,
			);
			defaultConfigurationIsVisible = 0;
			defaultConfigurationName = Debug;
		};
/* End XCConfigurationList section */
	};
	rootObject = 606B6805DD754B25B9F8336F /* Project object */;
}
