// !$*UTF8*$!
{
	archiveVersion = 1;
	classes = {
	};
	objectVersion = 46;
	objects = {

/* Begin PBXAggregateTarget section */
		442D26D30949463F8DF8E029 /* ZERO_CHECK */ = {
			isa = PBXAggregateTarget;
			buildConfigurationList = 3138D29DFB944E33A7796B13 /* Build configuration list for PBXAggregateTarget "ZERO_CHECK" */;
			buildPhases = (
				BA38E5081C283D1544A9C069 /* Generate CMakeFiles/ZERO_CHECK */,
			);
			dependencies = (
			);
			name = ZERO_CHECK;
			productName = ZERO_CHECK;
		};
		A7A98379EF5F4E19A1EE8B68 /* ALL_BUILD */ = {
			isa = PBXAggregateTarget;
			buildConfigurationList = 666BC5A52CB74998AF934969 /* Build configuration list for PBXAggregateTarget "ALL_BUILD" */;
			buildPhases = (
				3FFE57695DA2D97C8DFD3857 /* Generate CMakeFiles/ALL_BUILD */,
			);
			dependencies = (
				626F5F7591EE478185EE046C /* PBXTargetDependency */,
				924735ABC5184ECA8D5E82D2 /* PBXTargetDependency */,
				624F686EECE5434BAA408FF0 /* PBXTargetDependency */,
				E22A9499E8824736B3588595 /* PBXTargetDependency */,
				1997FF5A4AAD436FB9904DBC /* PBXTargetDependency */,
			);
			name = ALL_BUILD;
			productName = ALL_BUILD;
		};
/* End PBXAggregateTarget section */

/* Begin PBXBuildFile section */
		0288C3CE2BD74FFEAC04F820 /* /Users/noelalben/github/2022-MUSI6106/3rdparty/sndlib/io.c */ = {isa = PBXBuildFile; fileRef = 35B843BA72ED43FD9E695948 /* /Users/noelalben/github/2022-MUSI6106/3rdparty/sndlib/io.c */; };
		08B803C134D648A282045CD6 /* /Users/noelalben/github/2022-MUSI6106/3rdparty/sndlib/s7.c */ = {isa = PBXBuildFile; fileRef = 73E417CA907C46B197F238A6 /* /Users/noelalben/github/2022-MUSI6106/3rdparty/sndlib/s7.c */; };
		09ED79EBC06A41FF8C248A96 /* /Users/noelalben/github/2022-MUSI6106/3rdparty/sndlib/vct.h */ = {isa = PBXBuildFile; fileRef = E02314BC2C084885B4D21C79 /* /Users/noelalben/github/2022-MUSI6106/3rdparty/sndlib/vct.h */; };
		0B65FC9328854D45B531C444 /* /Users/noelalben/github/2022-MUSI6106/src/inc/RingBuffer.h */ = {isa = PBXBuildFile; fileRef = 78337998615549A78D592B49 /* /Users/noelalben/github/2022-MUSI6106/src/inc/RingBuffer.h */; };
		1065A8D28840488289DABCD3 /* /Users/noelalben/github/2022-MUSI6106/3rdparty/sndlib/headers.c */ = {isa = PBXBuildFile; fileRef = 0CAD29516AF647BBACB45957 /* /Users/noelalben/github/2022-MUSI6106/3rdparty/sndlib/headers.c */; };
		10A3DC326D2E460290419B0F /* /Users/noelalben/github/2022-MUSI6106/3rdparty/sndlib/CMakeLists.txt */ = {isa = PBXBuildFile; fileRef = 45E146E32A9244669AB1C7CE /* /Users/noelalben/github/2022-MUSI6106/3rdparty/sndlib/CMakeLists.txt */; };
		12C78ED38EE14EC0B7761263 /* /Users/noelalben/github/2022-MUSI6106/3rdparty/sndlib/clm2xen.c */ = {isa = PBXBuildFile; fileRef = 196A6C89B777430489658D57 /* /Users/noelalben/github/2022-MUSI6106/3rdparty/sndlib/clm2xen.c */; };
		1617431C8F7B446D8F7AFD27 /* /Users/noelalben/github/2022-MUSI6106/3rdparty/sndlib/mus-config.h */ = {isa = PBXBuildFile; fileRef = B5021E1E18C74292B73DD47F /* /Users/noelalben/github/2022-MUSI6106/3rdparty/sndlib/mus-config.h */; };
		19AEB7EC3FDA446A9C170069 /* /Users/noelalben/github/2022-MUSI6106/3rdparty/sndlib/sndlib-strings.h */ = {isa = PBXBuildFile; fileRef = E1AA6D2649764874AF95FB5F /* /Users/noelalben/github/2022-MUSI6106/3rdparty/sndlib/sndlib-strings.h */; };
		201E163BC5714F8DBDC4FE01 /* /Users/noelalben/github/2022-MUSI6106/3rdparty/sndlib/sound.c */ = {isa = PBXBuildFile; fileRef = 08BFBE058F1D47E9867D00D8 /* /Users/noelalben/github/2022-MUSI6106/3rdparty/sndlib/sound.c */; };
		253D33BC74024B15BAD02BCA /* /Users/noelalben/github/2022-MUSI6106/3rdparty/sndlib/unix-config.h */ = {isa = PBXBuildFile; fileRef = BC6FA460F4584F519ED54F1A /* /Users/noelalben/github/2022-MUSI6106/3rdparty/sndlib/unix-config.h */; };
		4ADBD274E71F4301A2E510DF /* /Users/noelalben/github/2022-MUSI6106/src/MUSI6106Exec/MUSI6106Exec.cpp */ = {isa = PBXBuildFile; fileRef = E5C73DD94F034650B3C27D9A /* /Users/noelalben/github/2022-MUSI6106/src/MUSI6106Exec/MUSI6106Exec.cpp */; };
		57B28671502443C5B391D989 /* /Users/noelalben/github/2022-MUSI6106/3rdparty/sndlib/sndlib2xen.h */ = {isa = PBXBuildFile; fileRef = 7A28811597AD4568BCD4103D /* /Users/noelalben/github/2022-MUSI6106/3rdparty/sndlib/sndlib2xen.h */; };
		636FC327FF074A6DBB29F134 /* /Users/noelalben/github/2022-MUSI6106/src/CombFilter/CombFilterIf.cpp */ = {isa = PBXBuildFile; fileRef = A112B49060FC4D3582DABD60 /* /Users/noelalben/github/2022-MUSI6106/src/CombFilter/CombFilterIf.cpp */; };
		641F89FF09C043D1A7235CE0 /* /Users/noelalben/github/2022-MUSI6106/3rdparty/sndlib/sndlib.h */ = {isa = PBXBuildFile; fileRef = F0D848E8A47E43D1967EDC76 /* /Users/noelalben/github/2022-MUSI6106/3rdparty/sndlib/sndlib.h */; };
		6767E90C1D964654A8956A91 /* /Users/noelalben/github/2022-MUSI6106/3rdparty/sndlib/s7.h */ = {isa = PBXBuildFile; fileRef = 0DBAFC0553F24F93B5E0CAF0 /* /Users/noelalben/github/2022-MUSI6106/3rdparty/sndlib/s7.h */; };
		6E90730D46ED4FACA8FD09B9 /* /Users/noelalben/github/2022-MUSI6106/src/inc/Vector.h */ = {isa = PBXBuildFile; fileRef = EE8F4D156F6943A78A1500EE /* /Users/noelalben/github/2022-MUSI6106/src/inc/Vector.h */; };
		6E9F35BCB69648168EFD4414 /* /Users/noelalben/github/2022-MUSI6106/3rdparty/sndlib/clm.c */ = {isa = PBXBuildFile; fileRef = 70063409836347F185840E74 /* /Users/noelalben/github/2022-MUSI6106/3rdparty/sndlib/clm.c */; };
		78CAA6D5AD384EDDB8D98573 /* /Users/noelalben/github/2022-MUSI6106/3rdparty/sndlib/vct.c */ = {isa = PBXBuildFile; fileRef = 95BF7A15E70B4385878F5A5B /* /Users/noelalben/github/2022-MUSI6106/3rdparty/sndlib/vct.c */; };
		793F7AF46BBF4F089F0F914A /* /Users/noelalben/github/2022-MUSI6106/3rdparty/sndlib/_sndlib.h */ = {isa = PBXBuildFile; fileRef = F7FF5736C39848D694804FC4 /* /Users/noelalben/github/2022-MUSI6106/3rdparty/sndlib/_sndlib.h */; };
		8C4B34A7CDAF4C17AB45B99F /* /Users/noelalben/github/2022-MUSI6106/src/inc/CombFilterIf.h */ = {isa = PBXBuildFile; fileRef = C731021F70E444BC9A4E14F1 /* /Users/noelalben/github/2022-MUSI6106/src/inc/CombFilterIf.h */; };
		900E5D15F0D34BF5A03BC402 /* /Users/noelalben/github/2022-MUSI6106/3rdparty/sndlib/xen.h */ = {isa = PBXBuildFile; fileRef = B0027C67364B4CE7963A4F54 /* /Users/noelalben/github/2022-MUSI6106/3rdparty/sndlib/xen.h */; };
		92E9779AAE1C49C88683640C /* /Users/noelalben/github/2022-MUSI6106/src/AudioFileIO/AudioFileIf.cpp */ = {isa = PBXBuildFile; fileRef = ED38B525BB994DBABF655A4E /* /Users/noelalben/github/2022-MUSI6106/src/AudioFileIO/AudioFileIf.cpp */; };
		9BFE6DAD07C24CF3BC0CBEFC /* /Users/noelalben/github/2022-MUSI6106/src/AudioFileIO/AudioFile.h */ = {isa = PBXBuildFile; fileRef = EB672CD662C54C30B5F69A4B /* /Users/noelalben/github/2022-MUSI6106/src/AudioFileIO/AudioFile.h */; };
		A03429DC84FA410F922B986A /* /Users/noelalben/github/2022-MUSI6106/3rdparty/sndlib/xen.c */ = {isa = PBXBuildFile; fileRef = 2B41C79B8E1E4BF19919BD77 /* /Users/noelalben/github/2022-MUSI6106/3rdparty/sndlib/xen.c */; };
		A0CD8D4A001E49D9BEF75ECD /* /Users/noelalben/github/2022-MUSI6106/src/inc/Vector.h */ = {isa = PBXBuildFile; fileRef = C4A1DB017F304BDA97F52599 /* /Users/noelalben/github/2022-MUSI6106/src/inc/Vector.h */; };
		B7FFC070E5B8433EBB742EF3 /* /Users/noelalben/github/2022-MUSI6106/src/inc/AudioFileIf.h */ = {isa = PBXBuildFile; fileRef = CF82AB04A1224642A86AEDD5 /* /Users/noelalben/github/2022-MUSI6106/src/inc/AudioFileIf.h */; };
		BBA6ED5A6EF048DD9659E77C /* /Users/noelalben/github/2022-MUSI6106/src/inc/AudioFileIf.h */ = {isa = PBXBuildFile; fileRef = 325B35FE8EF3449F84214E54 /* /Users/noelalben/github/2022-MUSI6106/src/inc/AudioFileIf.h */; };
		C6040E2ECEA44349B08EF26B /* /Users/noelalben/github/2022-MUSI6106/src/AudioFileIO/CMakeLists.txt */ = {isa = PBXBuildFile; fileRef = F68D961ABB0B4EF986A6AF4D /* /Users/noelalben/github/2022-MUSI6106/src/AudioFileIO/CMakeLists.txt */; };
		C6AE2C40EFD24F89B8B2FBC5 /* /Users/noelalben/github/2022-MUSI6106/3rdparty/sndlib/audio.c */ = {isa = PBXBuildFile; fileRef = F9C8B48F9E2444E9993C44E6 /* /Users/noelalben/github/2022-MUSI6106/3rdparty/sndlib/audio.c */; };
		C9CCF2A244DE4C99BBE6D582 /* /Users/noelalben/github/2022-MUSI6106/src/CombFilter/CMakeLists.txt */ = {isa = PBXBuildFile; fileRef = 0AC3983B60ED4BDE93AEC035 /* /Users/noelalben/github/2022-MUSI6106/src/CombFilter/CMakeLists.txt */; };
		CA825C24F19343489BFBC06F /* /Users/noelalben/github/2022-MUSI6106/src/MUSI6106Exec/CMakeLists.txt */ = {isa = PBXBuildFile; fileRef = B3989CA92861444CBC583181 /* /Users/noelalben/github/2022-MUSI6106/src/MUSI6106Exec/CMakeLists.txt */; };
		CEB857B4B8A145BEAA6599BD /* /Users/noelalben/github/2022-MUSI6106/src/inc/RingBuffer.h */ = {isa = PBXBuildFile; fileRef = 30D7458782114E439538971E /* /Users/noelalben/github/2022-MUSI6106/src/inc/RingBuffer.h */; };
		CFCC3C1D86F94E15B5C8C363 /* /Users/noelalben/github/2022-MUSI6106/3rdparty/sndlib/clm-strings.h */ = {isa = PBXBuildFile; fileRef = 0CC4E4825891414E9DDF181E /* /Users/noelalben/github/2022-MUSI6106/3rdparty/sndlib/clm-strings.h */; };
		D15202F780DC46F8AEDCF4C0 /* /Users/noelalben/github/2022-MUSI6106/src/CombFilter/CombFilter.cpp */ = {isa = PBXBuildFile; fileRef = A31C1E0190B144DF817739EC /* /Users/noelalben/github/2022-MUSI6106/src/CombFilter/CombFilter.cpp */; };
		D314A9A934954E7991C91701 /* /Users/noelalben/github/2022-MUSI6106/src/inc/Util.h */ = {isa = PBXBuildFile; fileRef = 70F48739EDFE46DDBF1659D1 /* /Users/noelalben/github/2022-MUSI6106/src/inc/Util.h */; };
		D6A11EEE236F45488E369BFA /* /Users/noelalben/github/2022-MUSI6106/3rdparty/sndlib/clm2xen.h */ = {isa = PBXBuildFile; fileRef = 03AC45CAC71C49B89D0A026C /* /Users/noelalben/github/2022-MUSI6106/3rdparty/sndlib/clm2xen.h */; };
		DC428E7D96E54445B344871F /* /Users/noelalben/github/2022-MUSI6106/3rdparty/sndlib/sndlib2xen.c */ = {isa = PBXBuildFile; fileRef = 12EC41480FFE4DC0883CBBA2 /* /Users/noelalben/github/2022-MUSI6106/3rdparty/sndlib/sndlib2xen.c */; };
		E2BE0D6C25B44ED3BF1B5D0E /* /Users/noelalben/github/2022-MUSI6106/src/inc/Util.h */ = {isa = PBXBuildFile; fileRef = 4F071EEADAEB4DAD8E01987F /* /Users/noelalben/github/2022-MUSI6106/src/inc/Util.h */; };
		E529ABE053304CC5966C36CE /* /Users/noelalben/github/2022-MUSI6106/src/inc/CombFilter.h */ = {isa = PBXBuildFile; fileRef = 5F26C6508C4642C399CD19FA /* /Users/noelalben/github/2022-MUSI6106/src/inc/CombFilter.h */; };
		EB8BE0F8A95F4B4EB2FFC11E /* /Users/noelalben/github/2022-MUSI6106/src/inc/CombFilterIf.h */ = {isa = PBXBuildFile; fileRef = 9983DA209F9E4EFB80B489EF /* /Users/noelalben/github/2022-MUSI6106/src/inc/CombFilterIf.h */; };
		ECF3571AD7294F419008AFF7 /* /Users/noelalben/github/2022-MUSI6106/src/inc/CombFilter.h */ = {isa = PBXBuildFile; fileRef = 31273EE3319D44A69DEB71C4 /* /Users/noelalben/github/2022-MUSI6106/src/inc/CombFilter.h */; };
		F629D54D346C458B84C917B9 /* /Users/noelalben/github/2022-MUSI6106/3rdparty/sndlib/clm.h */ = {isa = PBXBuildFile; fileRef = 3EA83180C0ED4180AAC118AE /* /Users/noelalben/github/2022-MUSI6106/3rdparty/sndlib/clm.h */; };
		FDFCB070782244629EF0C709 /* /Users/noelalben/github/2022-MUSI6106/src/AudioFileIO/AudioFile.cpp */ = {isa = PBXBuildFile; fileRef = 9422EB67213E4697A88BD493 /* /Users/noelalben/github/2022-MUSI6106/src/AudioFileIO/AudioFile.cpp */; };
/* End PBXBuildFile section */

/* Begin PBXBuildStyle section */
		6C9003EC24224BC096758EC2 /* MinSizeRel */ = {
			isa = PBXBuildStyle;
			buildSettings = {
				COPY_PHASE_STRIP = NO;
			};
			name = MinSizeRel;
		};
		774B0E5B1A184B6192326A10 /* RelWithDebInfo */ = {
			isa = PBXBuildStyle;
			buildSettings = {
				COPY_PHASE_STRIP = NO;
			};
			name = RelWithDebInfo;
		};
		7CCB7F78CA504AAC98644547 /* Debug */ = {
			isa = PBXBuildStyle;
			buildSettings = {
				COPY_PHASE_STRIP = NO;
			};
			name = Debug;
		};
		FFCA4F5970F74A13B788FFFD /* Release */ = {
			isa = PBXBuildStyle;
			buildSettings = {
				COPY_PHASE_STRIP = NO;
			};
			name = Release;
		};
/* End PBXBuildStyle section */

/* Begin PBXContainerItemProxy section */
		2B02722744854B6C8D6F71F3 /* PBXContainerItemProxy */ = {
			isa = PBXContainerItemProxy;
			containerPortal = 606B6805DD754B25B9F8336F /* Project object */;
			proxyType = 1;
			remoteGlobalIDString = 2B229989088E428D9129A5E7;
			remoteInfo = sndlib;
		};
		2BFFC50F3B3F48889CBA9E9A /* PBXContainerItemProxy */ = {
			isa = PBXContainerItemProxy;
			containerPortal = 606B6805DD754B25B9F8336F /* Project object */;
			proxyType = 1;
			remoteGlobalIDString = 442D26D30949463F8DF8E029;
			remoteInfo = ZERO_CHECK;
		};
		3378582090B74A61B22A264F /* PBXContainerItemProxy */ = {
			isa = PBXContainerItemProxy;
			containerPortal = 606B6805DD754B25B9F8336F /* Project object */;
			proxyType = 1;
			remoteGlobalIDString = 2CDB1D792E1D4C08BBD5C302;
			remoteInfo = CombFilter;
		};
		44750D9822C0450CB57A0932 /* PBXContainerItemProxy */ = {
			isa = PBXContainerItemProxy;
			containerPortal = 606B6805DD754B25B9F8336F /* Project object */;
			proxyType = 1;
			remoteGlobalIDString = 442D26D30949463F8DF8E029;
			remoteInfo = ZERO_CHECK;
		};
		6FCD0E01067345CEBA752D58 /* PBXContainerItemProxy */ = {
			isa = PBXContainerItemProxy;
			containerPortal = 606B6805DD754B25B9F8336F /* Project object */;
			proxyType = 1;
			remoteGlobalIDString = 7CAE451FF12E407D8D0AFA8B;
			remoteInfo = AudioFileIO;
		};
		8475F1DA0BA74D998281B963 /* PBXContainerItemProxy */ = {
			isa = PBXContainerItemProxy;
			containerPortal = 606B6805DD754B25B9F8336F /* Project object */;
			proxyType = 1;
			remoteGlobalIDString = 2CDB1D792E1D4C08BBD5C302;
			remoteInfo = CombFilter;
		};
		9A80A2A99E764D1CA1C6F448 /* PBXContainerItemProxy */ = {
			isa = PBXContainerItemProxy;
			containerPortal = 606B6805DD754B25B9F8336F /* Project object */;
			proxyType = 1;
			remoteGlobalIDString = 2B229989088E428D9129A5E7;
			remoteInfo = sndlib;
		};
		9A819BDA9DF84E91BA365F28 /* PBXContainerItemProxy */ = {
			isa = PBXContainerItemProxy;
			containerPortal = 606B6805DD754B25B9F8336F /* Project object */;
			proxyType = 1;
			remoteGlobalIDString = 2B229989088E428D9129A5E7;
			remoteInfo = sndlib;
		};
		A2BACFF041D542A7A57948A2 /* PBXContainerItemProxy */ = {
			isa = PBXContainerItemProxy;
			containerPortal = 606B6805DD754B25B9F8336F /* Project object */;
			proxyType = 1;
			remoteGlobalIDString = A1EF3D7ED06A477EA8B9D403;
			remoteInfo = MUSI6106Exec;
		};
		B6D94B92109D44848B4C75CD /* PBXContainerItemProxy */ = {
			isa = PBXContainerItemProxy;
			containerPortal = 606B6805DD754B25B9F8336F /* Project object */;
			proxyType = 1;
			remoteGlobalIDString = 442D26D30949463F8DF8E029;
			remoteInfo = ZERO_CHECK;
		};
		BAD6138F4DCD465BA33BC73B /* PBXContainerItemProxy */ = {
			isa = PBXContainerItemProxy;
			containerPortal = 606B6805DD754B25B9F8336F /* Project object */;
			proxyType = 1;
			remoteGlobalIDString = 442D26D30949463F8DF8E029;
			remoteInfo = ZERO_CHECK;
		};
		F679B0CD59274994B6519CAD /* PBXContainerItemProxy */ = {
			isa = PBXContainerItemProxy;
			containerPortal = 606B6805DD754B25B9F8336F /* Project object */;
			proxyType = 1;
			remoteGlobalIDString = 442D26D30949463F8DF8E029;
			remoteInfo = ZERO_CHECK;
		};
		FCA58167957E4AC08778025F /* PBXContainerItemProxy */ = {
			isa = PBXContainerItemProxy;
			containerPortal = 606B6805DD754B25B9F8336F /* Project object */;
			proxyType = 1;
			remoteGlobalIDString = 7CAE451FF12E407D8D0AFA8B;
			remoteInfo = AudioFileIO;
		};
/* End PBXContainerItemProxy section */

/* Begin PBXFileReference section */
		03AC45CAC71C49B89D0A026C /* /Users/noelalben/github/2022-MUSI6106/3rdparty/sndlib/clm2xen.h */ = {isa = PBXFileReference; explicitFileType = sourcecode.c.h; fileEncoding = 4; name = clm2xen.h; path = 3rdparty/sndlib/clm2xen.h; sourceTree = SOURCE_ROOT; };
		08BFBE058F1D47E9867D00D8 /* /Users/noelalben/github/2022-MUSI6106/3rdparty/sndlib/sound.c */ = {isa = PBXFileReference; explicitFileType = sourcecode.c.c; fileEncoding = 4; name = sound.c; path = 3rdparty/sndlib/sound.c; sourceTree = SOURCE_ROOT; };
		0AC3983B60ED4BDE93AEC035 /* /Users/noelalben/github/2022-MUSI6106/src/CombFilter/CMakeLists.txt */ = {isa = PBXFileReference; explicitFileType = sourcecode.text; fileEncoding = 4; name = CMakeLists.txt; path = src/CombFilter/CMakeLists.txt; sourceTree = SOURCE_ROOT; };
		0CAD29516AF647BBACB45957 /* /Users/noelalben/github/2022-MUSI6106/3rdparty/sndlib/headers.c */ = {isa = PBXFileReference; explicitFileType = sourcecode.c.c; fileEncoding = 4; name = headers.c; path = 3rdparty/sndlib/headers.c; sourceTree = SOURCE_ROOT; };
		0CC4E4825891414E9DDF181E /* /Users/noelalben/github/2022-MUSI6106/3rdparty/sndlib/clm-strings.h */ = {isa = PBXFileReference; explicitFileType = sourcecode.c.h; fileEncoding = 4; name = "clm-strings.h"; path = "3rdparty/sndlib/clm-strings.h"; sourceTree = SOURCE_ROOT; };
		0DBAFC0553F24F93B5E0CAF0 /* /Users/noelalben/github/2022-MUSI6106/3rdparty/sndlib/s7.h */ = {isa = PBXFileReference; explicitFileType = sourcecode.c.h; fileEncoding = 4; name = s7.h; path = 3rdparty/sndlib/s7.h; sourceTree = SOURCE_ROOT; };
		12EC41480FFE4DC0883CBBA2 /* /Users/noelalben/github/2022-MUSI6106/3rdparty/sndlib/sndlib2xen.c */ = {isa = PBXFileReference; explicitFileType = sourcecode.c.c; fileEncoding = 4; name = sndlib2xen.c; path = 3rdparty/sndlib/sndlib2xen.c; sourceTree = SOURCE_ROOT; };
		15C2360F454D4D88BFA74234 /* /Users/noelalben/github/2022-MUSI6106/CMakeLists.txt */ = {isa = PBXFileReference; explicitFileType = sourcecode.text; fileEncoding = 4; name = CMakeLists.txt; path = CMakeLists.txt; sourceTree = SOURCE_ROOT; };
		196A6C89B777430489658D57 /* /Users/noelalben/github/2022-MUSI6106/3rdparty/sndlib/clm2xen.c */ = {isa = PBXFileReference; explicitFileType = sourcecode.c.c; fileEncoding = 4; name = clm2xen.c; path = 3rdparty/sndlib/clm2xen.c; sourceTree = SOURCE_ROOT; };
		221F548CF8FB466EB4F68518 /* MUSI6106Exec */ = {isa = PBXFileReference; explicitFileType = "compiled.mach-o.executable"; path = MUSI6106Exec; sourceTree = BUILT_PRODUCTS_DIR; };
		2B41C79B8E1E4BF19919BD77 /* /Users/noelalben/github/2022-MUSI6106/3rdparty/sndlib/xen.c */ = {isa = PBXFileReference; explicitFileType = sourcecode.c.c; fileEncoding = 4; name = xen.c; path = 3rdparty/sndlib/xen.c; sourceTree = SOURCE_ROOT; };
		30D7458782114E439538971E /* /Users/noelalben/github/2022-MUSI6106/src/inc/RingBuffer.h */ = {isa = PBXFileReference; explicitFileType = sourcecode.c.h; fileEncoding = 4; name = RingBuffer.h; path = src/inc/RingBuffer.h; sourceTree = SOURCE_ROOT; };
		31273EE3319D44A69DEB71C4 /* /Users/noelalben/github/2022-MUSI6106/src/inc/CombFilter.h */ = {isa = PBXFileReference; explicitFileType = sourcecode.c.h; fileEncoding = 4; name = CombFilter.h; path = src/inc/CombFilter.h; sourceTree = SOURCE_ROOT; };
		325B35FE8EF3449F84214E54 /* /Users/noelalben/github/2022-MUSI6106/src/inc/AudioFileIf.h */ = {isa = PBXFileReference; explicitFileType = sourcecode.c.h; fileEncoding = 4; name = AudioFileIf.h; path = src/inc/AudioFileIf.h; sourceTree = SOURCE_ROOT; };
		35B843BA72ED43FD9E695948 /* /Users/noelalben/github/2022-MUSI6106/3rdparty/sndlib/io.c */ = {isa = PBXFileReference; explicitFileType = sourcecode.c.c; fileEncoding = 4; name = io.c; path = 3rdparty/sndlib/io.c; sourceTree = SOURCE_ROOT; };
		3EA83180C0ED4180AAC118AE /* /Users/noelalben/github/2022-MUSI6106/3rdparty/sndlib/clm.h */ = {isa = PBXFileReference; explicitFileType = sourcecode.c.h; fileEncoding = 4; name = clm.h; path = 3rdparty/sndlib/clm.h; sourceTree = SOURCE_ROOT; };
		45E146E32A9244669AB1C7CE /* /Users/noelalben/github/2022-MUSI6106/3rdparty/sndlib/CMakeLists.txt */ = {isa = PBXFileReference; explicitFileType = sourcecode.text; fileEncoding = 4; name = CMakeLists.txt; path = 3rdparty/sndlib/CMakeLists.txt; sourceTree = SOURCE_ROOT; };
		4F071EEADAEB4DAD8E01987F /* /Users/noelalben/github/2022-MUSI6106/src/inc/Util.h */ = {isa = PBXFileReference; explicitFileType = sourcecode.c.h; fileEncoding = 4; name = Util.h; path = src/inc/Util.h; sourceTree = SOURCE_ROOT; };
		5F26C6508C4642C399CD19FA /* /Users/noelalben/github/2022-MUSI6106/src/inc/CombFilter.h */ = {isa = PBXFileReference; explicitFileType = sourcecode.c.h; fileEncoding = 4; name = CombFilter.h; path = src/inc/CombFilter.h; sourceTree = SOURCE_ROOT; };
		70063409836347F185840E74 /* /Users/noelalben/github/2022-MUSI6106/3rdparty/sndlib/clm.c */ = {isa = PBXFileReference; explicitFileType = sourcecode.c.c; fileEncoding = 4; name = clm.c; path = 3rdparty/sndlib/clm.c; sourceTree = SOURCE_ROOT; };
		70F48739EDFE46DDBF1659D1 /* /Users/noelalben/github/2022-MUSI6106/src/inc/Util.h */ = {isa = PBXFileReference; explicitFileType = sourcecode.c.h; fileEncoding = 4; name = Util.h; path = src/inc/Util.h; sourceTree = SOURCE_ROOT; };
		73E417CA907C46B197F238A6 /* /Users/noelalben/github/2022-MUSI6106/3rdparty/sndlib/s7.c */ = {isa = PBXFileReference; explicitFileType = sourcecode.c.c; fileEncoding = 4; name = s7.c; path = 3rdparty/sndlib/s7.c; sourceTree = SOURCE_ROOT; };
		78337998615549A78D592B49 /* /Users/noelalben/github/2022-MUSI6106/src/inc/RingBuffer.h */ = {isa = PBXFileReference; explicitFileType = sourcecode.c.h; fileEncoding = 4; name = RingBuffer.h; path = src/inc/RingBuffer.h; sourceTree = SOURCE_ROOT; };
		7A28811597AD4568BCD4103D /* /Users/noelalben/github/2022-MUSI6106/3rdparty/sndlib/sndlib2xen.h */ = {isa = PBXFileReference; explicitFileType = sourcecode.c.h; fileEncoding = 4; name = sndlib2xen.h; path = 3rdparty/sndlib/sndlib2xen.h; sourceTree = SOURCE_ROOT; };
		9422EB67213E4697A88BD493 /* /Users/noelalben/github/2022-MUSI6106/src/AudioFileIO/AudioFile.cpp */ = {isa = PBXFileReference; explicitFileType = sourcecode.cpp.cpp; fileEncoding = 4; name = AudioFile.cpp; path = src/AudioFileIO/AudioFile.cpp; sourceTree = SOURCE_ROOT; };
		95BF7A15E70B4385878F5A5B /* /Users/noelalben/github/2022-MUSI6106/3rdparty/sndlib/vct.c */ = {isa = PBXFileReference; explicitFileType = sourcecode.c.c; fileEncoding = 4; name = vct.c; path = 3rdparty/sndlib/vct.c; sourceTree = SOURCE_ROOT; };
		9983DA209F9E4EFB80B489EF /* /Users/noelalben/github/2022-MUSI6106/src/inc/CombFilterIf.h */ = {isa = PBXFileReference; explicitFileType = sourcecode.c.h; fileEncoding = 4; name = CombFilterIf.h; path = src/inc/CombFilterIf.h; sourceTree = SOURCE_ROOT; };
		A112B49060FC4D3582DABD60 /* /Users/noelalben/github/2022-MUSI6106/src/CombFilter/CombFilterIf.cpp */ = {isa = PBXFileReference; explicitFileType = sourcecode.cpp.cpp; fileEncoding = 4; name = CombFilterIf.cpp; path = src/CombFilter/CombFilterIf.cpp; sourceTree = SOURCE_ROOT; };
		A31C1E0190B144DF817739EC /* /Users/noelalben/github/2022-MUSI6106/src/CombFilter/CombFilter.cpp */ = {isa = PBXFileReference; explicitFileType = sourcecode.cpp.cpp; fileEncoding = 4; name = CombFilter.cpp; path = src/CombFilter/CombFilter.cpp; sourceTree = SOURCE_ROOT; };
		B0027C67364B4CE7963A4F54 /* /Users/noelalben/github/2022-MUSI6106/3rdparty/sndlib/xen.h */ = {isa = PBXFileReference; explicitFileType = sourcecode.c.h; fileEncoding = 4; name = xen.h; path = 3rdparty/sndlib/xen.h; sourceTree = SOURCE_ROOT; };
		B3989CA92861444CBC583181 /* /Users/noelalben/github/2022-MUSI6106/src/MUSI6106Exec/CMakeLists.txt */ = {isa = PBXFileReference; explicitFileType = sourcecode.text; fileEncoding = 4; name = CMakeLists.txt; path = src/MUSI6106Exec/CMakeLists.txt; sourceTree = SOURCE_ROOT; };
		B5021E1E18C74292B73DD47F /* /Users/noelalben/github/2022-MUSI6106/3rdparty/sndlib/mus-config.h */ = {isa = PBXFileReference; explicitFileType = sourcecode.c.h; fileEncoding = 4; name = "mus-config.h"; path = "3rdparty/sndlib/mus-config.h"; sourceTree = SOURCE_ROOT; };
		B8714790B4B542D49629D2D5 /* sndlib */ = {isa = PBXFileReference; explicitFileType = archive.ar; path = libsndlib.a; sourceTree = BUILT_PRODUCTS_DIR; };
		BC6FA460F4584F519ED54F1A /* /Users/noelalben/github/2022-MUSI6106/3rdparty/sndlib/unix-config.h */ = {isa = PBXFileReference; explicitFileType = sourcecode.c.h; fileEncoding = 4; name = "unix-config.h"; path = "3rdparty/sndlib/unix-config.h"; sourceTree = SOURCE_ROOT; };
		C4A1DB017F304BDA97F52599 /* /Users/noelalben/github/2022-MUSI6106/src/inc/Vector.h */ = {isa = PBXFileReference; explicitFileType = sourcecode.c.h; fileEncoding = 4; name = Vector.h; path = src/inc/Vector.h; sourceTree = SOURCE_ROOT; };
		C731021F70E444BC9A4E14F1 /* /Users/noelalben/github/2022-MUSI6106/src/inc/CombFilterIf.h */ = {isa = PBXFileReference; explicitFileType = sourcecode.c.h; fileEncoding = 4; name = CombFilterIf.h; path = src/inc/CombFilterIf.h; sourceTree = SOURCE_ROOT; };
		CF82AB04A1224642A86AEDD5 /* /Users/noelalben/github/2022-MUSI6106/src/inc/AudioFileIf.h */ = {isa = PBXFileReference; explicitFileType = sourcecode.c.h; fileEncoding = 4; name = AudioFileIf.h; path = src/inc/AudioFileIf.h; sourceTree = SOURCE_ROOT; };
		E02314BC2C084885B4D21C79 /* /Users/noelalben/github/2022-MUSI6106/3rdparty/sndlib/vct.h */ = {isa = PBXFileReference; explicitFileType = sourcecode.c.h; fileEncoding = 4; name = vct.h; path = 3rdparty/sndlib/vct.h; sourceTree = SOURCE_ROOT; };
		E1AA6D2649764874AF95FB5F /* /Users/noelalben/github/2022-MUSI6106/3rdparty/sndlib/sndlib-strings.h */ = {isa = PBXFileReference; explicitFileType = sourcecode.c.h; fileEncoding = 4; name = "sndlib-strings.h"; path = "3rdparty/sndlib/sndlib-strings.h"; sourceTree = SOURCE_ROOT; };
		E5C73DD94F034650B3C27D9A /* /Users/noelalben/github/2022-MUSI6106/src/MUSI6106Exec/MUSI6106Exec.cpp */ = {isa = PBXFileReference; explicitFileType = sourcecode.cpp.cpp; fileEncoding = 4; name = MUSI6106Exec.cpp; path = src/MUSI6106Exec/MUSI6106Exec.cpp; sourceTree = SOURCE_ROOT; };
		E8827C5C914149309443E99F /* CombFilter */ = {isa = PBXFileReference; explicitFileType = archive.ar; path = libCombFilter.a; sourceTree = BUILT_PRODUCTS_DIR; };
		EB672CD662C54C30B5F69A4B /* /Users/noelalben/github/2022-MUSI6106/src/AudioFileIO/AudioFile.h */ = {isa = PBXFileReference; explicitFileType = sourcecode.c.h; fileEncoding = 4; name = AudioFile.h; path = src/AudioFileIO/AudioFile.h; sourceTree = SOURCE_ROOT; };
		ED38B525BB994DBABF655A4E /* /Users/noelalben/github/2022-MUSI6106/src/AudioFileIO/AudioFileIf.cpp */ = {isa = PBXFileReference; explicitFileType = sourcecode.cpp.cpp; fileEncoding = 4; name = AudioFileIf.cpp; path = src/AudioFileIO/AudioFileIf.cpp; sourceTree = SOURCE_ROOT; };
		EE8F4D156F6943A78A1500EE /* /Users/noelalben/github/2022-MUSI6106/src/inc/Vector.h */ = {isa = PBXFileReference; explicitFileType = sourcecode.c.h; fileEncoding = 4; name = Vector.h; path = src/inc/Vector.h; sourceTree = SOURCE_ROOT; };
		EE929ED68D404380957B8298 /* AudioFileIO */ = {isa = PBXFileReference; explicitFileType = archive.ar; path = libAudioFileIO.a; sourceTree = BUILT_PRODUCTS_DIR; };
		F0D848E8A47E43D1967EDC76 /* /Users/noelalben/github/2022-MUSI6106/3rdparty/sndlib/sndlib.h */ = {isa = PBXFileReference; explicitFileType = sourcecode.c.h; fileEncoding = 4; name = sndlib.h; path = 3rdparty/sndlib/sndlib.h; sourceTree = SOURCE_ROOT; };
		F68D961ABB0B4EF986A6AF4D /* /Users/noelalben/github/2022-MUSI6106/src/AudioFileIO/CMakeLists.txt */ = {isa = PBXFileReference; explicitFileType = sourcecode.text; fileEncoding = 4; name = CMakeLists.txt; path = src/AudioFileIO/CMakeLists.txt; sourceTree = SOURCE_ROOT; };
		F7FF5736C39848D694804FC4 /* /Users/noelalben/github/2022-MUSI6106/3rdparty/sndlib/_sndlib.h */ = {isa = PBXFileReference; explicitFileType = sourcecode.c.h; fileEncoding = 4; name = _sndlib.h; path = 3rdparty/sndlib/_sndlib.h; sourceTree = SOURCE_ROOT; };
		F9C8B48F9E2444E9993C44E6 /* /Users/noelalben/github/2022-MUSI6106/3rdparty/sndlib/audio.c */ = {isa = PBXFileReference; explicitFileType = sourcecode.c.c; fileEncoding = 4; name = audio.c; path = 3rdparty/sndlib/audio.c; sourceTree = SOURCE_ROOT; };
/* End PBXFileReference section */

/* Begin PBXFrameworksBuildPhase section */
		135FD51AB8B64B8E85578407 /* Frameworks */ = {
			isa = PBXFrameworksBuildPhase;
			buildActionMask = 2147483647;
			files = (
			);
			runOnlyForDeploymentPostprocessing = 0;
		};
		5DE7F2603C9D4A3CB30C7C56 /* Frameworks */ = {
			isa = PBXFrameworksBuildPhase;
			buildActionMask = 2147483647;
			files = (
			);
			runOnlyForDeploymentPostprocessing = 0;
		};
		B3E4AA9BE5164BF3AFA50E58 /* Frameworks */ = {
			isa = PBXFrameworksBuildPhase;
			buildActionMask = 2147483647;
			files = (
			);
			runOnlyForDeploymentPostprocessing = 0;
		};
		F97A4FD4D3D94EC4AAB3FF20 /* Frameworks */ = {
			isa = PBXFrameworksBuildPhase;
			buildActionMask = 2147483647;
			files = (
			);
			runOnlyForDeploymentPostprocessing = 0;
		};
/* End PBXFrameworksBuildPhase section */

/* Begin PBXGroup section */
		06C5ABA901A44B3BBC9EBE5F /* Source Files */ = {
			isa = PBXGroup;
			children = (
				A31C1E0190B144DF817739EC /* /Users/noelalben/github/2022-MUSI6106/src/CombFilter/CombFilter.cpp */,
				A112B49060FC4D3582DABD60 /* /Users/noelalben/github/2022-MUSI6106/src/CombFilter/CombFilterIf.cpp */,
			);
			name = "Source Files";
			sourceTree = "<group>";
		};
		10DC763649804DD8A33885B1 /* MUSI6106Exec */ = {
			isa = PBXGroup;
			children = (
				E8B6C9B0CA3E4BFDBA78AEF8 /* Source Files */,
				84EBBAC8FA8E4EE786013F16 /* Header Files */,
				B3989CA92861444CBC583181 /* /Users/noelalben/github/2022-MUSI6106/src/MUSI6106Exec/CMakeLists.txt */,
			);
			name = MUSI6106Exec;
			sourceTree = "<group>";
		};
		236D1D0F28F844BC92D1DE62 /* Header Files */ = {
			isa = PBXGroup;
			children = (
				F7FF5736C39848D694804FC4 /* /Users/noelalben/github/2022-MUSI6106/3rdparty/sndlib/_sndlib.h */,
				0CC4E4825891414E9DDF181E /* /Users/noelalben/github/2022-MUSI6106/3rdparty/sndlib/clm-strings.h */,
				3EA83180C0ED4180AAC118AE /* /Users/noelalben/github/2022-MUSI6106/3rdparty/sndlib/clm.h */,
				03AC45CAC71C49B89D0A026C /* /Users/noelalben/github/2022-MUSI6106/3rdparty/sndlib/clm2xen.h */,
				B5021E1E18C74292B73DD47F /* /Users/noelalben/github/2022-MUSI6106/3rdparty/sndlib/mus-config.h */,
				0DBAFC0553F24F93B5E0CAF0 /* /Users/noelalben/github/2022-MUSI6106/3rdparty/sndlib/s7.h */,
				E1AA6D2649764874AF95FB5F /* /Users/noelalben/github/2022-MUSI6106/3rdparty/sndlib/sndlib-strings.h */,
				F0D848E8A47E43D1967EDC76 /* /Users/noelalben/github/2022-MUSI6106/3rdparty/sndlib/sndlib.h */,
				7A28811597AD4568BCD4103D /* /Users/noelalben/github/2022-MUSI6106/3rdparty/sndlib/sndlib2xen.h */,
				BC6FA460F4584F519ED54F1A /* /Users/noelalben/github/2022-MUSI6106/3rdparty/sndlib/unix-config.h */,
				E02314BC2C084885B4D21C79 /* /Users/noelalben/github/2022-MUSI6106/3rdparty/sndlib/vct.h */,
				B0027C67364B4CE7963A4F54 /* /Users/noelalben/github/2022-MUSI6106/3rdparty/sndlib/xen.h */,
			);
			name = "Header Files";
			sourceTree = "<group>";
		};
		5C89A5AF026F4831A1A5536E /* ALL_BUILD */ = {
			isa = PBXGroup;
			children = (
				D82BD5AEE9454BF8ABB6909C /* CMake Rules */,
				15C2360F454D4D88BFA74234 /* /Users/noelalben/github/2022-MUSI6106/CMakeLists.txt */,
			);
			name = ALL_BUILD;
			sourceTree = "<group>";
		};
		6ECF972C35074FFABB1A7207 /* sndlib */ = {
			isa = PBXGroup;
			children = (
				F3D410AF5D7F40FF9FD03404 /* Source Files */,
				236D1D0F28F844BC92D1DE62 /* Header Files */,
				45E146E32A9244669AB1C7CE /* /Users/noelalben/github/2022-MUSI6106/3rdparty/sndlib/CMakeLists.txt */,
			);
			name = sndlib;
			sourceTree = "<group>";
		};
		836E26FD5FC5477EAE9782FB /* Frameworks */ = {
			isa = PBXGroup;
			children = (
			);
			name = Frameworks;
			sourceTree = "<group>";
		};
		84DAB47AC43E4E569FEAEAAB = {
			isa = PBXGroup;
			children = (
				5C89A5AF026F4831A1A5536E /* ALL_BUILD */,
				10DC763649804DD8A33885B1 /* MUSI6106Exec */,
				CE8B142751F044C08CB71788 /* AudioFileIO */,
				6ECF972C35074FFABB1A7207 /* sndlib */,
				B149773C7E384A029638255C /* CombFilter */,
				EB57A3F8CD354E7C92114145 /* Products */,
				836E26FD5FC5477EAE9782FB /* Frameworks */,
			);
			sourceTree = "<group>";
		};
		84EBBAC8FA8E4EE786013F16 /* Header Files */ = {
			isa = PBXGroup;
			children = (
				CF82AB04A1224642A86AEDD5 /* /Users/noelalben/github/2022-MUSI6106/src/inc/AudioFileIf.h */,
				5F26C6508C4642C399CD19FA /* /Users/noelalben/github/2022-MUSI6106/src/inc/CombFilter.h */,
				C731021F70E444BC9A4E14F1 /* /Users/noelalben/github/2022-MUSI6106/src/inc/CombFilterIf.h */,
				30D7458782114E439538971E /* /Users/noelalben/github/2022-MUSI6106/src/inc/RingBuffer.h */,
				70F48739EDFE46DDBF1659D1 /* /Users/noelalben/github/2022-MUSI6106/src/inc/Util.h */,
				EE8F4D156F6943A78A1500EE /* /Users/noelalben/github/2022-MUSI6106/src/inc/Vector.h */,
			);
			name = "Header Files";
			sourceTree = "<group>";
		};
		9CEC3F300B874FA0B20E99DE /* Header Files */ = {
			isa = PBXGroup;
			children = (
				EB672CD662C54C30B5F69A4B /* /Users/noelalben/github/2022-MUSI6106/src/AudioFileIO/AudioFile.h */,
			);
			name = "Header Files";
			sourceTree = "<group>";
		};
		B149773C7E384A029638255C /* CombFilter */ = {
			isa = PBXGroup;
			children = (
				06C5ABA901A44B3BBC9EBE5F /* Source Files */,
				F2C979FBE6A9498FB01E4EC6 /* Header Files */,
				0AC3983B60ED4BDE93AEC035 /* /Users/noelalben/github/2022-MUSI6106/src/CombFilter/CMakeLists.txt */,
			);
			name = CombFilter;
			sourceTree = "<group>";
		};
		BA9FB8C00CEB4C72A8CBFB75 /* Source Files */ = {
			isa = PBXGroup;
			children = (
				9422EB67213E4697A88BD493 /* /Users/noelalben/github/2022-MUSI6106/src/AudioFileIO/AudioFile.cpp */,
				ED38B525BB994DBABF655A4E /* /Users/noelalben/github/2022-MUSI6106/src/AudioFileIO/AudioFileIf.cpp */,
			);
			name = "Source Files";
			sourceTree = "<group>";
		};
		CE8B142751F044C08CB71788 /* AudioFileIO */ = {
			isa = PBXGroup;
			children = (
				BA9FB8C00CEB4C72A8CBFB75 /* Source Files */,
				9CEC3F300B874FA0B20E99DE /* Header Files */,
				F68D961ABB0B4EF986A6AF4D /* /Users/noelalben/github/2022-MUSI6106/src/AudioFileIO/CMakeLists.txt */,
			);
			name = AudioFileIO;
			sourceTree = "<group>";
		};
		D82BD5AEE9454BF8ABB6909C /* CMake Rules */ = {
			isa = PBXGroup;
			children = (
			);
			name = "CMake Rules";
			sourceTree = "<group>";
		};
		E8B6C9B0CA3E4BFDBA78AEF8 /* Source Files */ = {
			isa = PBXGroup;
			children = (
				E5C73DD94F034650B3C27D9A /* /Users/noelalben/github/2022-MUSI6106/src/MUSI6106Exec/MUSI6106Exec.cpp */,
			);
			name = "Source Files";
			sourceTree = "<group>";
		};
		EB57A3F8CD354E7C92114145 /* Products */ = {
			isa = PBXGroup;
			children = (
				EE929ED68D404380957B8298 /* AudioFileIO */,
				E8827C5C914149309443E99F /* CombFilter */,
				221F548CF8FB466EB4F68518 /* MUSI6106Exec */,
				B8714790B4B542D49629D2D5 /* sndlib */,
			);
			name = Products;
			sourceTree = "<group>";
		};
		F2C979FBE6A9498FB01E4EC6 /* Header Files */ = {
			isa = PBXGroup;
			children = (
				325B35FE8EF3449F84214E54 /* /Users/noelalben/github/2022-MUSI6106/src/inc/AudioFileIf.h */,
				31273EE3319D44A69DEB71C4 /* /Users/noelalben/github/2022-MUSI6106/src/inc/CombFilter.h */,
				9983DA209F9E4EFB80B489EF /* /Users/noelalben/github/2022-MUSI6106/src/inc/CombFilterIf.h */,
				78337998615549A78D592B49 /* /Users/noelalben/github/2022-MUSI6106/src/inc/RingBuffer.h */,
				4F071EEADAEB4DAD8E01987F /* /Users/noelalben/github/2022-MUSI6106/src/inc/Util.h */,
				C4A1DB017F304BDA97F52599 /* /Users/noelalben/github/2022-MUSI6106/src/inc/Vector.h */,
			);
			name = "Header Files";
			sourceTree = "<group>";
		};
		F3D410AF5D7F40FF9FD03404 /* Source Files */ = {
			isa = PBXGroup;
			children = (
				F9C8B48F9E2444E9993C44E6 /* /Users/noelalben/github/2022-MUSI6106/3rdparty/sndlib/audio.c */,
				70063409836347F185840E74 /* /Users/noelalben/github/2022-MUSI6106/3rdparty/sndlib/clm.c */,
				196A6C89B777430489658D57 /* /Users/noelalben/github/2022-MUSI6106/3rdparty/sndlib/clm2xen.c */,
				0CAD29516AF647BBACB45957 /* /Users/noelalben/github/2022-MUSI6106/3rdparty/sndlib/headers.c */,
				35B843BA72ED43FD9E695948 /* /Users/noelalben/github/2022-MUSI6106/3rdparty/sndlib/io.c */,
				73E417CA907C46B197F238A6 /* /Users/noelalben/github/2022-MUSI6106/3rdparty/sndlib/s7.c */,
				12EC41480FFE4DC0883CBBA2 /* /Users/noelalben/github/2022-MUSI6106/3rdparty/sndlib/sndlib2xen.c */,
				08BFBE058F1D47E9867D00D8 /* /Users/noelalben/github/2022-MUSI6106/3rdparty/sndlib/sound.c */,
				95BF7A15E70B4385878F5A5B /* /Users/noelalben/github/2022-MUSI6106/3rdparty/sndlib/vct.c */,
				2B41C79B8E1E4BF19919BD77 /* /Users/noelalben/github/2022-MUSI6106/3rdparty/sndlib/xen.c */,
			);
			name = "Source Files";
			sourceTree = "<group>";
		};
/* End PBXGroup section */

/* Begin PBXNativeTarget section */
		2B229989088E428D9129A5E7 /* sndlib */ = {
			isa = PBXNativeTarget;
			buildConfigurationList = 2228855F485648768D7247B5 /* Build configuration list for PBXNativeTarget "sndlib" */;
			buildPhases = (
				CDF4443A3AC24CBBBD9EA886 /* Sources */,
				135FD51AB8B64B8E85578407 /* Frameworks */,
			);
			buildRules = (
			);
			dependencies = (
				C3F3837A8027424AA25A2E20 /* PBXTargetDependency */,
			);
			name = sndlib;
			productName = sndlib;
			productReference = B8714790B4B542D49629D2D5 /* sndlib */;
			productType = "com.apple.product-type.library.static";
		};
		2CDB1D792E1D4C08BBD5C302 /* CombFilter */ = {
			isa = PBXNativeTarget;
			buildConfigurationList = F72DEE08051C4027B6EB825B /* Build configuration list for PBXNativeTarget "CombFilter" */;
			buildPhases = (
				964D18B40D1540D89AF7EA7A /* Sources */,
				5DE7F2603C9D4A3CB30C7C56 /* Frameworks */,
			);
			buildRules = (
			);
			dependencies = (
				DB0A0D7E772B4E3D9818A334 /* PBXTargetDependency */,
			);
			name = CombFilter;
			productName = CombFilter;
			productReference = E8827C5C914149309443E99F /* CombFilter */;
			productType = "com.apple.product-type.library.static";
		};
		7CAE451FF12E407D8D0AFA8B /* AudioFileIO */ = {
			isa = PBXNativeTarget;
			buildConfigurationList = D9C94EE2D3AC4FF2887CC113 /* Build configuration list for PBXNativeTarget "AudioFileIO" */;
			buildPhases = (
				4F093395ED134DC7BE36EF09 /* Sources */,
				B3E4AA9BE5164BF3AFA50E58 /* Frameworks */,
			);
			buildRules = (
			);
			dependencies = (
				0140CC8F84434AF1A1DD2779 /* PBXTargetDependency */,
				4C8CED316B644691AA1782DD /* PBXTargetDependency */,
			);
			name = AudioFileIO;
			productName = AudioFileIO;
			productReference = EE929ED68D404380957B8298 /* AudioFileIO */;
			productType = "com.apple.product-type.library.static";
		};
		A1EF3D7ED06A477EA8B9D403 /* MUSI6106Exec */ = {
			isa = PBXNativeTarget;
			buildConfigurationList = 14E56D10DB5642659AA328B6 /* Build configuration list for PBXNativeTarget "MUSI6106Exec" */;
			buildPhases = (
				C0C2AFC2AEAA4C87AD2A7009 /* Sources */,
				F97A4FD4D3D94EC4AAB3FF20 /* Frameworks */,
			);
			buildRules = (
			);
			dependencies = (
				D4E09F9D5B4D4664AF120F3D /* PBXTargetDependency */,
				A5BC6A27F23A4211842F7662 /* PBXTargetDependency */,
				14AD67FEDD9F4934B0A0EA57 /* PBXTargetDependency */,
				561F9A403302430AB4E95778 /* PBXTargetDependency */,
			);
			name = MUSI6106Exec;
			productName = MUSI6106Exec;
			productReference = 221F548CF8FB466EB4F68518 /* MUSI6106Exec */;
			productType = "com.apple.product-type.tool";
		};
/* End PBXNativeTarget section */

/* Begin PBXProject section */
		606B6805DD754B25B9F8336F /* Project object */ = {
			isa = PBXProject;
			attributes = {
				BuildIndependentTargetsInParallel = YES;
				LastUpgradeCheck = 1320;
			};
			buildConfigurationList = 8A30AA2F92B84FCEB3E5C5AE /* Build configuration list for PBXProject "MUSI6106" */;
			buildSettings = {
			};
			buildStyles = (
				7CCB7F78CA504AAC98644547 /* Debug */,
				FFCA4F5970F74A13B788FFFD /* Release */,
				6C9003EC24224BC096758EC2 /* MinSizeRel */,
				774B0E5B1A184B6192326A10 /* RelWithDebInfo */,
			);
			compatibilityVersion = "Xcode 3.2";
			hasScannedForEncodings = 0;
			mainGroup = 84DAB47AC43E4E569FEAEAAB;
			projectDirPath = .;
			projectRoot = "";
			targets = (
				A7A98379EF5F4E19A1EE8B68 /* ALL_BUILD */,
				7CAE451FF12E407D8D0AFA8B /* AudioFileIO */,
				2CDB1D792E1D4C08BBD5C302 /* CombFilter */,
				A1EF3D7ED06A477EA8B9D403 /* MUSI6106Exec */,
				442D26D30949463F8DF8E029 /* ZERO_CHECK */,
				2B229989088E428D9129A5E7 /* sndlib */,
			);
		};
/* End PBXProject section */

/* Begin PBXShellScriptBuildPhase section */
		3C0110FC8322DE7E50886E21 = {
			isa = PBXShellScriptBuildPhase;
			buildActionMask = 2147483647;
			files = (
			);
			inputPaths = (
			);
			outputPaths = (
			);
			runOnlyForDeploymentPostprocessing = 0;
			shellPath = /bin/sh;
			shellScript = "# shell script goes here
exit 0";
			showEnvVarsInLog = 0;
		};
		3FFE57695DA2D97C8DFD3857 /* Generate CMakeFiles/ALL_BUILD */ = {
			isa = PBXShellScriptBuildPhase;
			alwaysOutOfDate = 1;
			buildActionMask = 2147483647;
			files = (
			);
			inputPaths = (
			);
			name = "Generate CMakeFiles/ALL_BUILD";
			outputPaths = (
"/Users/noelalben/github/2022-MUSI6106/CMakeFiles/ALL_BUILD"			);
			runOnlyForDeploymentPostprocessing = 0;
			shellPath = /bin/sh;
			shellScript = "set -e
if test \"$CONFIGURATION\" = \"Debug\"; then :
  cd /Users/noelalben/github/2022-MUSI6106
  echo Build\\ all\\ projects
fi
if test \"$CONFIGURATION\" = \"Release\"; then :
  cd /Users/noelalben/github/2022-MUSI6106
  echo Build\\ all\\ projects
fi
if test \"$CONFIGURATION\" = \"MinSizeRel\"; then :
  cd /Users/noelalben/github/2022-MUSI6106
  echo Build\\ all\\ projects
fi
if test \"$CONFIGURATION\" = \"RelWithDebInfo\"; then :
  cd /Users/noelalben/github/2022-MUSI6106
  echo Build\\ all\\ projects
fi
";
			showEnvVarsInLog = 0;
		};
		9B50530E35CC49C82C2FACCF = {
			isa = PBXShellScriptBuildPhase;
			buildActionMask = 2147483647;
			files = (
			);
			inputPaths = (
			);
			outputPaths = (
			);
			runOnlyForDeploymentPostprocessing = 0;
			shellPath = /bin/sh;
			shellScript = "# shell script goes here
exit 0";
			showEnvVarsInLog = 0;
		};
		BA38E5081C283D1544A9C069 /* Generate CMakeFiles/ZERO_CHECK */ = {
			isa = PBXShellScriptBuildPhase;
			alwaysOutOfDate = 1;
			buildActionMask = 2147483647;
			files = (
			);
			inputPaths = (
			);
			name = "Generate CMakeFiles/ZERO_CHECK";
			outputPaths = (
"/Users/noelalben/github/2022-MUSI6106/CMakeFiles/ZERO_CHECK"			);
			runOnlyForDeploymentPostprocessing = 0;
			shellPath = /bin/sh;
			shellScript = "set -e
if test \"$CONFIGURATION\" = \"Debug\"; then :
  cd /Users/noelalben/github/2022-MUSI6106
  make -f /Users/noelalben/github/2022-MUSI6106/CMakeScripts/ReRunCMake.make
fi
if test \"$CONFIGURATION\" = \"Release\"; then :
  cd /Users/noelalben/github/2022-MUSI6106
  make -f /Users/noelalben/github/2022-MUSI6106/CMakeScripts/ReRunCMake.make
fi
if test \"$CONFIGURATION\" = \"MinSizeRel\"; then :
  cd /Users/noelalben/github/2022-MUSI6106
  make -f /Users/noelalben/github/2022-MUSI6106/CMakeScripts/ReRunCMake.make
fi
if test \"$CONFIGURATION\" = \"RelWithDebInfo\"; then :
  cd /Users/noelalben/github/2022-MUSI6106
  make -f /Users/noelalben/github/2022-MUSI6106/CMakeScripts/ReRunCMake.make
fi
";
			showEnvVarsInLog = 0;
		};
/* End PBXShellScriptBuildPhase section */

/* Begin PBXSourcesBuildPhase section */
		4F093395ED134DC7BE36EF09 /* Sources */ = {
			isa = PBXSourcesBuildPhase;
			buildActionMask = 2147483647;
			files = (
				FDFCB070782244629EF0C709 /* /Users/noelalben/github/2022-MUSI6106/src/AudioFileIO/AudioFile.cpp */,
				92E9779AAE1C49C88683640C /* /Users/noelalben/github/2022-MUSI6106/src/AudioFileIO/AudioFileIf.cpp */,
			);
			runOnlyForDeploymentPostprocessing = 0;
		};
		964D18B40D1540D89AF7EA7A /* Sources */ = {
			isa = PBXSourcesBuildPhase;
			buildActionMask = 2147483647;
			files = (
				D15202F780DC46F8AEDCF4C0 /* /Users/noelalben/github/2022-MUSI6106/src/CombFilter/CombFilter.cpp */,
				636FC327FF074A6DBB29F134 /* /Users/noelalben/github/2022-MUSI6106/src/CombFilter/CombFilterIf.cpp */,
			);
			runOnlyForDeploymentPostprocessing = 0;
		};
		C0C2AFC2AEAA4C87AD2A7009 /* Sources */ = {
			isa = PBXSourcesBuildPhase;
			buildActionMask = 2147483647;
			files = (
				4ADBD274E71F4301A2E510DF /* /Users/noelalben/github/2022-MUSI6106/src/MUSI6106Exec/MUSI6106Exec.cpp */,
			);
			runOnlyForDeploymentPostprocessing = 0;
		};
		CDF4443A3AC24CBBBD9EA886 /* Sources */ = {
			isa = PBXSourcesBuildPhase;
			buildActionMask = 2147483647;
			files = (
				C6AE2C40EFD24F89B8B2FBC5 /* /Users/noelalben/github/2022-MUSI6106/3rdparty/sndlib/audio.c */,
				6E9F35BCB69648168EFD4414 /* /Users/noelalben/github/2022-MUSI6106/3rdparty/sndlib/clm.c */,
				12C78ED38EE14EC0B7761263 /* /Users/noelalben/github/2022-MUSI6106/3rdparty/sndlib/clm2xen.c */,
				1065A8D28840488289DABCD3 /* /Users/noelalben/github/2022-MUSI6106/3rdparty/sndlib/headers.c */,
				0288C3CE2BD74FFEAC04F820 /* /Users/noelalben/github/2022-MUSI6106/3rdparty/sndlib/io.c */,
				08B803C134D648A282045CD6 /* /Users/noelalben/github/2022-MUSI6106/3rdparty/sndlib/s7.c */,
				DC428E7D96E54445B344871F /* /Users/noelalben/github/2022-MUSI6106/3rdparty/sndlib/sndlib2xen.c */,
				201E163BC5714F8DBDC4FE01 /* /Users/noelalben/github/2022-MUSI6106/3rdparty/sndlib/sound.c */,
				78CAA6D5AD384EDDB8D98573 /* /Users/noelalben/github/2022-MUSI6106/3rdparty/sndlib/vct.c */,
				A03429DC84FA410F922B986A /* /Users/noelalben/github/2022-MUSI6106/3rdparty/sndlib/xen.c */,
			);
			runOnlyForDeploymentPostprocessing = 0;
		};
/* End PBXSourcesBuildPhase section */

/* Begin PBXTargetDependency section */
		0140CC8F84434AF1A1DD2779 /* PBXTargetDependency */ = {
			isa = PBXTargetDependency;
			target = 442D26D30949463F8DF8E029 /* ZERO_CHECK */;
			targetProxy = F679B0CD59274994B6519CAD /* PBXContainerItemProxy */;
		};
		14AD67FEDD9F4934B0A0EA57 /* PBXTargetDependency */ = {
			isa = PBXTargetDependency;
			target = 2B229989088E428D9129A5E7 /* sndlib */;
			targetProxy = 2B02722744854B6C8D6F71F3 /* PBXContainerItemProxy */;
		};
		1997FF5A4AAD436FB9904DBC /* PBXTargetDependency */ = {
			isa = PBXTargetDependency;
			target = 7CAE451FF12E407D8D0AFA8B /* AudioFileIO */;
			targetProxy = FCA58167957E4AC08778025F /* PBXContainerItemProxy */;
		};
		4C8CED316B644691AA1782DD /* PBXTargetDependency */ = {
			isa = PBXTargetDependency;
			target = 2B229989088E428D9129A5E7 /* sndlib */;
			targetProxy = 9A80A2A99E764D1CA1C6F448 /* PBXContainerItemProxy */;
		};
		561F9A403302430AB4E95778 /* PBXTargetDependency */ = {
			isa = PBXTargetDependency;
			target = 7CAE451FF12E407D8D0AFA8B /* AudioFileIO */;
			targetProxy = 6FCD0E01067345CEBA752D58 /* PBXContainerItemProxy */;
		};
		624F686EECE5434BAA408FF0 /* PBXTargetDependency */ = {
			isa = PBXTargetDependency;
			target = A1EF3D7ED06A477EA8B9D403 /* MUSI6106Exec */;
			targetProxy = A2BACFF041D542A7A57948A2 /* PBXContainerItemProxy */;
		};
		626F5F7591EE478185EE046C /* PBXTargetDependency */ = {
			isa = PBXTargetDependency;
			target = 442D26D30949463F8DF8E029 /* ZERO_CHECK */;
			targetProxy = B6D94B92109D44848B4C75CD /* PBXContainerItemProxy */;
		};
		924735ABC5184ECA8D5E82D2 /* PBXTargetDependency */ = {
			isa = PBXTargetDependency;
			target = 2CDB1D792E1D4C08BBD5C302 /* CombFilter */;
			targetProxy = 3378582090B74A61B22A264F /* PBXContainerItemProxy */;
		};
		A5BC6A27F23A4211842F7662 /* PBXTargetDependency */ = {
			isa = PBXTargetDependency;
			target = 2CDB1D792E1D4C08BBD5C302 /* CombFilter */;
			targetProxy = 8475F1DA0BA74D998281B963 /* PBXContainerItemProxy */;
		};
		C3F3837A8027424AA25A2E20 /* PBXTargetDependency */ = {
			isa = PBXTargetDependency;
			target = 442D26D30949463F8DF8E029 /* ZERO_CHECK */;
			targetProxy = BAD6138F4DCD465BA33BC73B /* PBXContainerItemProxy */;
		};
		D4E09F9D5B4D4664AF120F3D /* PBXTargetDependency */ = {
			isa = PBXTargetDependency;
			target = 442D26D30949463F8DF8E029 /* ZERO_CHECK */;
			targetProxy = 44750D9822C0450CB57A0932 /* PBXContainerItemProxy */;
		};
		DB0A0D7E772B4E3D9818A334 /* PBXTargetDependency */ = {
			isa = PBXTargetDependency;
			target = 442D26D30949463F8DF8E029 /* ZERO_CHECK */;
			targetProxy = 2BFFC50F3B3F48889CBA9E9A /* PBXContainerItemProxy */;
		};
		E22A9499E8824736B3588595 /* PBXTargetDependency */ = {
			isa = PBXTargetDependency;
			target = 2B229989088E428D9129A5E7 /* sndlib */;
			targetProxy = 9A819BDA9DF84E91BA365F28 /* PBXContainerItemProxy */;
		};
/* End PBXTargetDependency section */

/* Begin XCBuildConfiguration section */
		00CCD442D4E14CEB855E529D /* RelWithDebInfo */ = {
			isa = XCBuildConfiguration;
			buildSettings = {
				ARCHS = arm64;
				COMBINE_HIDPI_IMAGES = YES;
				GCC_GENERATE_DEBUGGING_SYMBOLS = YES;
				GCC_INLINES_ARE_PRIVATE_EXTERN = NO;
				GCC_OPTIMIZATION_LEVEL = 0;
				GCC_PREPROCESSOR_DEFINITIONS = ("'CMAKE_INTDIR=\"$(CONFIGURATION)$(EFFECTIVE_PLATFORM_NAME)\"'","$(inherited)");
				GCC_SYMBOLS_PRIVATE_EXTERN = NO;
				INSTALL_PATH = "";
				ONLY_ACTIVE_ARCH = NO;
				OTHER_LDFLAGS = ("","$(inherited)");
				OTHER_REZFLAGS = "";
				PRODUCT_NAME = ALL_BUILD;
				SECTORDER_FLAGS = "";
				SYMROOT = "/Users/noelalben/github/2022-MUSI6106";
				USE_HEADERMAP = NO;
				WARNING_CFLAGS = ("$(inherited)");
			};
			name = RelWithDebInfo;
		};
		0B2E870743F846AA812C4CC8 /* Release */ = {
			isa = XCBuildConfiguration;
			buildSettings = {
				ARCHS = arm64;
				SDKROOT = /Applications/Xcode.app/Contents/Developer/Platforms/MacOSX.platform/Developer/SDKs/MacOSX12.1.sdk;
				SYMROOT = "/Users/noelalben/github/2022-MUSI6106/build";
			};
			name = Release;
		};
		0EF5C090DF5B403E82FED1D7 /* MinSizeRel */ = {
			isa = XCBuildConfiguration;
			buildSettings = {
				ARCHS = arm64;
				SDKROOT = /Applications/Xcode.app/Contents/Developer/Platforms/MacOSX.platform/Developer/SDKs/MacOSX12.1.sdk;
				SYMROOT = "/Users/noelalben/github/2022-MUSI6106/build";
			};
			name = MinSizeRel;
		};
		0F33446D8F6648828EAD5F2F /* RelWithDebInfo */ = {
			isa = XCBuildConfiguration;
			buildSettings = {
				ARCHS = arm64;
				COMBINE_HIDPI_IMAGES = YES;
				CONFIGURATION_BUILD_DIR = "/Users/noelalben/github/2022-MUSI6106/lib/relwithdebinfo";
				EXECUTABLE_PREFIX = lib;
				EXECUTABLE_SUFFIX = .a;
				GCC_GENERATE_DEBUGGING_SYMBOLS = YES;
				GCC_INLINES_ARE_PRIVATE_EXTERN = NO;
				GCC_OPTIMIZATION_LEVEL = 2;
				GCC_PREPROCESSOR_DEFINITIONS = ("'CMAKE_INTDIR=\"$(CONFIGURATION)$(EFFECTIVE_PLATFORM_NAME)\"'","$(inherited)");
				GCC_SYMBOLS_PRIVATE_EXTERN = NO;
				HEADER_SEARCH_PATHS = ("/Users/noelalben/github/2022-MUSI6106/3rdparty/sndlib","$(inherited)");
				INSTALL_PATH = "";
				LIBRARY_STYLE = STATIC;
				ONLY_ACTIVE_ARCH = NO;
				OTHER_CFLAGS = ("       -DNDEBUG -w ","$(inherited)");
				OTHER_LIBTOOLFLAGS = ("");
				OTHER_REZFLAGS = "";
				PRODUCT_NAME = sndlib;
				SECTORDER_FLAGS = "";
				SYMROOT = "/Users/noelalben/github/2022-MUSI6106/AudioFileIO/sndlib";
				USE_HEADERMAP = NO;
				WARNING_CFLAGS = ("$(inherited)");
			};
			name = RelWithDebInfo;
		};
		18C541562BE444319A9E2E3B /* Debug */ = {
			isa = XCBuildConfiguration;
			buildSettings = {
				ARCHS = arm64;
				COMBINE_HIDPI_IMAGES = YES;
				CONFIGURATION_BUILD_DIR = "/Users/noelalben/github/2022-MUSI6106/lib/Debug";
				EXECUTABLE_PREFIX = lib;
				EXECUTABLE_SUFFIX = .a;
				GCC_GENERATE_DEBUGGING_SYMBOLS = YES;
				GCC_INLINES_ARE_PRIVATE_EXTERN = NO;
				GCC_OPTIMIZATION_LEVEL = 0;
				GCC_PREPROCESSOR_DEFINITIONS = ("'CMAKE_INTDIR=\"$(CONFIGURATION)$(EFFECTIVE_PLATFORM_NAME)\"'","$(inherited)");
				GCC_SYMBOLS_PRIVATE_EXTERN = NO;
				HEADER_SEARCH_PATHS = ("/Users/noelalben/github/2022-MUSI6106/inc","/Users/noelalben/github/2022-MUSI6106/src/inc","/Users/noelalben/github/2022-MUSI6106/3rdparty/sndlib","$(inherited)");
				INSTALL_PATH = "";
				LIBRARY_STYLE = STATIC;
				ONLY_ACTIVE_ARCH = NO;
				OTHER_CPLUSPLUSFLAGS = "   ";
				OTHER_LIBTOOLFLAGS = ("");
				OTHER_REZFLAGS = "";
				PRODUCT_NAME = AudioFileIO;
				SECTORDER_FLAGS = "";
				SYMROOT = "/Users/noelalben/github/2022-MUSI6106/AudioFileIO";
				USE_HEADERMAP = NO;
				WARNING_CFLAGS = ("$(inherited)");
			};
			name = Debug;
		};
		3180D539C4FF49F3AD75E5E7 /* MinSizeRel */ = {
			isa = XCBuildConfiguration;
			buildSettings = {
				ARCHS = arm64;
				COMBINE_HIDPI_IMAGES = YES;
				GCC_GENERATE_DEBUGGING_SYMBOLS = YES;
				GCC_INLINES_ARE_PRIVATE_EXTERN = NO;
				GCC_OPTIMIZATION_LEVEL = 0;
				GCC_PREPROCESSOR_DEFINITIONS = ("'CMAKE_INTDIR=\"$(CONFIGURATION)$(EFFECTIVE_PLATFORM_NAME)\"'","$(inherited)");
				GCC_SYMBOLS_PRIVATE_EXTERN = NO;
				INSTALL_PATH = "";
				ONLY_ACTIVE_ARCH = NO;
				OTHER_LDFLAGS = ("","$(inherited)");
				OTHER_REZFLAGS = "";
				PRODUCT_NAME = ALL_BUILD;
				SECTORDER_FLAGS = "";
				SYMROOT = "/Users/noelalben/github/2022-MUSI6106";
				USE_HEADERMAP = NO;
				WARNING_CFLAGS = ("$(inherited)");
			};
			name = MinSizeRel;
		};
		39F20AE561FF408F9FC08E27 /* Release */ = {
			isa = XCBuildConfiguration;
			buildSettings = {
				ARCHS = arm64;
				COMBINE_HIDPI_IMAGES = YES;
				CONFIGURATION_BUILD_DIR = "/Users/noelalben/github/2022-MUSI6106/bin/Release";
				EXECUTABLE_PREFIX = "";
				EXECUTABLE_SUFFIX = "";
				GCC_GENERATE_DEBUGGING_SYMBOLS = NO;
				GCC_INLINES_ARE_PRIVATE_EXTERN = NO;
				GCC_OPTIMIZATION_LEVEL = 3;
				GCC_PREPROCESSOR_DEFINITIONS = ("'CMAKE_INTDIR=\"$(CONFIGURATION)$(EFFECTIVE_PLATFORM_NAME)\"'","$(inherited)");
				GCC_SYMBOLS_PRIVATE_EXTERN = NO;
				HEADER_SEARCH_PATHS = ("/Users/noelalben/github/2022-MUSI6106/inc","/Users/noelalben/github/2022-MUSI6106/src/inc","$(inherited)");
				INSTALL_PATH = "";
				ONLY_ACTIVE_ARCH = NO;
				OTHER_CPLUSPLUSFLAGS = "    -DNDEBUG ";
				OTHER_LDFLAGS = (" -Wl,-search_paths_first -Wl,-headerpad_max_install_names","/Users/noelalben/github/2022-MUSI6106/lib/Release/libAudioFileIO.a","/Users/noelalben/github/2022-MUSI6106/lib/Release/libCombFilter.a","/Users/noelalben/github/2022-MUSI6106/lib/Release/libsndlib.a","$(inherited)");
				OTHER_REZFLAGS = "";
				PRODUCT_NAME = MUSI6106Exec;
				SECTORDER_FLAGS = "";
				SYMROOT = "/Users/noelalben/github/2022-MUSI6106/MUSI6106Exec";
				USE_HEADERMAP = NO;
				WARNING_CFLAGS = ("$(inherited)");
			};
			name = Release;
		};
		488BC8726587458E9EDF06B9 /* Release */ = {
			isa = XCBuildConfiguration;
			buildSettings = {
				ARCHS = arm64;
				COMBINE_HIDPI_IMAGES = YES;
				CONFIGURATION_BUILD_DIR = "/Users/noelalben/github/2022-MUSI6106/lib/Release";
				EXECUTABLE_PREFIX = lib;
				EXECUTABLE_SUFFIX = .a;
				GCC_GENERATE_DEBUGGING_SYMBOLS = NO;
				GCC_INLINES_ARE_PRIVATE_EXTERN = NO;
				GCC_OPTIMIZATION_LEVEL = 3;
				GCC_PREPROCESSOR_DEFINITIONS = ("'CMAKE_INTDIR=\"$(CONFIGURATION)$(EFFECTIVE_PLATFORM_NAME)\"'","$(inherited)");
				GCC_SYMBOLS_PRIVATE_EXTERN = NO;
				HEADER_SEARCH_PATHS = ("/Users/noelalben/github/2022-MUSI6106/inc","/Users/noelalben/github/2022-MUSI6106/src/inc","/Users/noelalben/github/2022-MUSI6106/3rdparty/sndlib","$(inherited)");
				INSTALL_PATH = "";
				LIBRARY_STYLE = STATIC;
				ONLY_ACTIVE_ARCH = NO;
				OTHER_CPLUSPLUSFLAGS = "    -DNDEBUG ";
				OTHER_LIBTOOLFLAGS = ("");
				OTHER_REZFLAGS = "";
				PRODUCT_NAME = AudioFileIO;
				SECTORDER_FLAGS = "";
				SYMROOT = "/Users/noelalben/github/2022-MUSI6106/AudioFileIO";
				USE_HEADERMAP = NO;
				WARNING_CFLAGS = ("$(inherited)");
			};
			name = Release;
		};
		643F5AB2768841CA93BFE25F /* MinSizeRel */ = {
			isa = XCBuildConfiguration;
			buildSettings = {
				ARCHS = arm64;
				COMBINE_HIDPI_IMAGES = YES;
				CONFIGURATION_BUILD_DIR = "/Users/noelalben/github/2022-MUSI6106/bin/MinSizeRel";
				EXECUTABLE_PREFIX = "";
				EXECUTABLE_SUFFIX = "";
				GCC_GENERATE_DEBUGGING_SYMBOLS = NO;
				GCC_INLINES_ARE_PRIVATE_EXTERN = NO;
				GCC_OPTIMIZATION_LEVEL = s;
				GCC_PREPROCESSOR_DEFINITIONS = ("'CMAKE_INTDIR=\"$(CONFIGURATION)$(EFFECTIVE_PLATFORM_NAME)\"'","$(inherited)");
				GCC_SYMBOLS_PRIVATE_EXTERN = NO;
				HEADER_SEARCH_PATHS = ("/Users/noelalben/github/2022-MUSI6106/inc","/Users/noelalben/github/2022-MUSI6106/src/inc","$(inherited)");
				INSTALL_PATH = "";
				ONLY_ACTIVE_ARCH = NO;
				OTHER_CPLUSPLUSFLAGS = "    -DNDEBUG ";
				OTHER_LDFLAGS = (" -Wl,-search_paths_first -Wl,-headerpad_max_install_names","/Users/noelalben/github/2022-MUSI6106/lib/MinSizeRel/libAudioFileIO.a","/Users/noelalben/github/2022-MUSI6106/lib/MinSizeRel/libCombFilter.a","/Users/noelalben/github/2022-MUSI6106/lib/MinSizeRel/libsndlib.a","$(inherited)");
				OTHER_REZFLAGS = "";
				PRODUCT_NAME = MUSI6106Exec;
				SECTORDER_FLAGS = "";
				SYMROOT = "/Users/noelalben/github/2022-MUSI6106/MUSI6106Exec";
				USE_HEADERMAP = NO;
				WARNING_CFLAGS = ("$(inherited)");
			};
			name = MinSizeRel;
		};
		6466C6B2D2E2428B932EFAA7 /* RelWithDebInfo */ = {
			isa = XCBuildConfiguration;
			buildSettings = {
				ARCHS = arm64;
				COMBINE_HIDPI_IMAGES = YES;
				CONFIGURATION_BUILD_DIR = "/Users/noelalben/github/2022-MUSI6106/bin/relwithdebinfo";
				EXECUTABLE_PREFIX = "";
				EXECUTABLE_SUFFIX = "";
				GCC_GENERATE_DEBUGGING_SYMBOLS = YES;
				GCC_INLINES_ARE_PRIVATE_EXTERN = NO;
				GCC_OPTIMIZATION_LEVEL = 2;
				GCC_PREPROCESSOR_DEFINITIONS = ("'CMAKE_INTDIR=\"$(CONFIGURATION)$(EFFECTIVE_PLATFORM_NAME)\"'","$(inherited)");
				GCC_SYMBOLS_PRIVATE_EXTERN = NO;
				HEADER_SEARCH_PATHS = ("/Users/noelalben/github/2022-MUSI6106/inc","/Users/noelalben/github/2022-MUSI6106/src/inc","$(inherited)");
				INSTALL_PATH = "";
				ONLY_ACTIVE_ARCH = NO;
				OTHER_CPLUSPLUSFLAGS = "       -DNDEBUG ";
				OTHER_LDFLAGS = (" -Wl,-search_paths_first -Wl,-headerpad_max_install_names","/Users/noelalben/github/2022-MUSI6106/lib/relwithdebinfo/libAudioFileIO.a","/Users/noelalben/github/2022-MUSI6106/lib/relwithdebinfo/libCombFilter.a","/Users/noelalben/github/2022-MUSI6106/lib/relwithdebinfo/libsndlib.a","$(inherited)");
				OTHER_REZFLAGS = "";
				PRODUCT_NAME = MUSI6106Exec;
				SECTORDER_FLAGS = "";
				SYMROOT = "/Users/noelalben/github/2022-MUSI6106/MUSI6106Exec";
				USE_HEADERMAP = NO;
				WARNING_CFLAGS = ("$(inherited)");
			};
			name = RelWithDebInfo;
		};
		764CD21B68134D0E96AB3BEB /* Debug */ = {
			isa = XCBuildConfiguration;
			buildSettings = {
				ARCHS = arm64;
				COMBINE_HIDPI_IMAGES = YES;
				CONFIGURATION_BUILD_DIR = "/Users/noelalben/github/2022-MUSI6106/lib/Debug";
				EXECUTABLE_PREFIX = lib;
				EXECUTABLE_SUFFIX = .a;
				GCC_GENERATE_DEBUGGING_SYMBOLS = YES;
				GCC_INLINES_ARE_PRIVATE_EXTERN = NO;
				GCC_OPTIMIZATION_LEVEL = 0;
				GCC_PREPROCESSOR_DEFINITIONS = ("'CMAKE_INTDIR=\"$(CONFIGURATION)$(EFFECTIVE_PLATFORM_NAME)\"'","$(inherited)");
				GCC_SYMBOLS_PRIVATE_EXTERN = NO;
				HEADER_SEARCH_PATHS = ("/Users/noelalben/github/2022-MUSI6106/3rdparty/sndlib","$(inherited)");
				INSTALL_PATH = "";
				LIBRARY_STYLE = STATIC;
				ONLY_ACTIVE_ARCH = NO;
				OTHER_CFLAGS = ("   -w ","$(inherited)");
				OTHER_LIBTOOLFLAGS = ("");
				OTHER_REZFLAGS = "";
				PRODUCT_NAME = sndlib;
				SECTORDER_FLAGS = "";
				SYMROOT = "/Users/noelalben/github/2022-MUSI6106/AudioFileIO/sndlib";
				USE_HEADERMAP = NO;
				WARNING_CFLAGS = ("$(inherited)");
			};
			name = Debug;
		};
		8277CA1491EA4F81B0A65750 /* Release */ = {
			isa = XCBuildConfiguration;
			buildSettings = {
				ARCHS = arm64;
				COMBINE_HIDPI_IMAGES = YES;
				CONFIGURATION_BUILD_DIR = "/Users/noelalben/github/2022-MUSI6106/lib/Release";
				EXECUTABLE_PREFIX = lib;
				EXECUTABLE_SUFFIX = .a;
				GCC_GENERATE_DEBUGGING_SYMBOLS = NO;
				GCC_INLINES_ARE_PRIVATE_EXTERN = NO;
				GCC_OPTIMIZATION_LEVEL = 3;
				GCC_PREPROCESSOR_DEFINITIONS = ("'CMAKE_INTDIR=\"$(CONFIGURATION)$(EFFECTIVE_PLATFORM_NAME)\"'","$(inherited)");
				GCC_SYMBOLS_PRIVATE_EXTERN = NO;
				HEADER_SEARCH_PATHS = ("/Users/noelalben/github/2022-MUSI6106/3rdparty/sndlib","$(inherited)");
				INSTALL_PATH = "";
				LIBRARY_STYLE = STATIC;
				ONLY_ACTIVE_ARCH = NO;
				OTHER_CFLAGS = ("    -DNDEBUG -w ","$(inherited)");
				OTHER_LIBTOOLFLAGS = ("");
				OTHER_REZFLAGS = "";
				PRODUCT_NAME = sndlib;
				SECTORDER_FLAGS = "";
				SYMROOT = "/Users/noelalben/github/2022-MUSI6106/AudioFileIO/sndlib";
				USE_HEADERMAP = NO;
				WARNING_CFLAGS = ("$(inherited)");
			};
			name = Release;
		};
		962060F8773242C6B5354C76 /* MinSizeRel */ = {
			isa = XCBuildConfiguration;
			buildSettings = {
				ARCHS = arm64;
				COMBINE_HIDPI_IMAGES = YES;
				CONFIGURATION_BUILD_DIR = "/Users/noelalben/github/2022-MUSI6106/lib/MinSizeRel";
				EXECUTABLE_PREFIX = lib;
				EXECUTABLE_SUFFIX = .a;
				GCC_GENERATE_DEBUGGING_SYMBOLS = NO;
				GCC_INLINES_ARE_PRIVATE_EXTERN = NO;
				GCC_OPTIMIZATION_LEVEL = s;
				GCC_PREPROCESSOR_DEFINITIONS = ("'CMAKE_INTDIR=\"$(CONFIGURATION)$(EFFECTIVE_PLATFORM_NAME)\"'","$(inherited)");
				GCC_SYMBOLS_PRIVATE_EXTERN = NO;
				HEADER_SEARCH_PATHS = ("/Users/noelalben/github/2022-MUSI6106/inc","/Users/noelalben/github/2022-MUSI6106/src/inc","$(inherited)");
				INSTALL_PATH = "";
				LIBRARY_STYLE = STATIC;
				ONLY_ACTIVE_ARCH = NO;
				OTHER_CPLUSPLUSFLAGS = "    -DNDEBUG ";
				OTHER_LIBTOOLFLAGS = ("");
				OTHER_REZFLAGS = "";
				PRODUCT_NAME = CombFilter;
				SECTORDER_FLAGS = "";
				SYMROOT = "/Users/noelalben/github/2022-MUSI6106/CombFilter";
				USE_HEADERMAP = NO;
				WARNING_CFLAGS = ("$(inherited)");
			};
			name = MinSizeRel;
		};
		A3041AA934D441B8A4ED8CD3 /* Release */ = {
			isa = XCBuildConfiguration;
			buildSettings = {
				ARCHS = arm64;
				COMBINE_HIDPI_IMAGES = YES;
				GCC_GENERATE_DEBUGGING_SYMBOLS = YES;
				GCC_INLINES_ARE_PRIVATE_EXTERN = NO;
				GCC_OPTIMIZATION_LEVEL = 0;
				GCC_PREPROCESSOR_DEFINITIONS = ("'CMAKE_INTDIR=\"$(CONFIGURATION)$(EFFECTIVE_PLATFORM_NAME)\"'","$(inherited)");
				GCC_SYMBOLS_PRIVATE_EXTERN = NO;
				INSTALL_PATH = "";
				ONLY_ACTIVE_ARCH = NO;
				OTHER_LDFLAGS = ("","$(inherited)");
				OTHER_REZFLAGS = "";
				PRODUCT_NAME = ALL_BUILD;
				SECTORDER_FLAGS = "";
				SYMROOT = "/Users/noelalben/github/2022-MUSI6106";
				USE_HEADERMAP = NO;
				WARNING_CFLAGS = ("$(inherited)");
			};
			name = Release;
		};
		AC47D583A792473C8172591F /* Release */ = {
			isa = XCBuildConfiguration;
			buildSettings = {
				ARCHS = arm64;
				COMBINE_HIDPI_IMAGES = YES;
				GCC_GENERATE_DEBUGGING_SYMBOLS = YES;
				GCC_INLINES_ARE_PRIVATE_EXTERN = NO;
				GCC_OPTIMIZATION_LEVEL = 0;
				GCC_PREPROCESSOR_DEFINITIONS = ("'CMAKE_INTDIR=\"$(CONFIGURATION)$(EFFECTIVE_PLATFORM_NAME)\"'","$(inherited)");
				GCC_SYMBOLS_PRIVATE_EXTERN = NO;
				INSTALL_PATH = "";
				ONLY_ACTIVE_ARCH = NO;
				OTHER_LDFLAGS = ("","$(inherited)");
				OTHER_REZFLAGS = "";
				PRODUCT_NAME = ZERO_CHECK;
				SECTORDER_FLAGS = "";
				SYMROOT = "/Users/noelalben/github/2022-MUSI6106";
				USE_HEADERMAP = NO;
				WARNING_CFLAGS = ("$(inherited)");
			};
			name = Release;
		};
		AEA7FA43EA604D72B89C8422 /* Debug */ = {
			isa = XCBuildConfiguration;
			buildSettings = {
				ARCHS = arm64;
				COMBINE_HIDPI_IMAGES = YES;
				CONFIGURATION_BUILD_DIR = "/Users/noelalben/github/2022-MUSI6106/lib/Debug";
				EXECUTABLE_PREFIX = lib;
				EXECUTABLE_SUFFIX = .a;
				GCC_GENERATE_DEBUGGING_SYMBOLS = YES;
				GCC_INLINES_ARE_PRIVATE_EXTERN = NO;
				GCC_OPTIMIZATION_LEVEL = 0;
				GCC_PREPROCESSOR_DEFINITIONS = ("'CMAKE_INTDIR=\"$(CONFIGURATION)$(EFFECTIVE_PLATFORM_NAME)\"'","$(inherited)");
				GCC_SYMBOLS_PRIVATE_EXTERN = NO;
				HEADER_SEARCH_PATHS = ("/Users/noelalben/github/2022-MUSI6106/inc","/Users/noelalben/github/2022-MUSI6106/src/inc","$(inherited)");
				INSTALL_PATH = "";
				LIBRARY_STYLE = STATIC;
				ONLY_ACTIVE_ARCH = NO;
				OTHER_CPLUSPLUSFLAGS = "   ";
				OTHER_LIBTOOLFLAGS = ("");
				OTHER_REZFLAGS = "";
				PRODUCT_NAME = CombFilter;
				SECTORDER_FLAGS = "";
				SYMROOT = "/Users/noelalben/github/2022-MUSI6106/CombFilter";
				USE_HEADERMAP = NO;
				WARNING_CFLAGS = ("$(inherited)");
			};
			name = Debug;
		};
		B1FC1F7B121F4F5C9B1704AC /* RelWithDebInfo */ = {
			isa = XCBuildConfiguration;
			buildSettings = {
				ARCHS = arm64;
				COMBINE_HIDPI_IMAGES = YES;
				CONFIGURATION_BUILD_DIR = "/Users/noelalben/github/2022-MUSI6106/lib/relwithdebinfo";
				EXECUTABLE_PREFIX = lib;
				EXECUTABLE_SUFFIX = .a;
				GCC_GENERATE_DEBUGGING_SYMBOLS = YES;
				GCC_INLINES_ARE_PRIVATE_EXTERN = NO;
				GCC_OPTIMIZATION_LEVEL = 2;
				GCC_PREPROCESSOR_DEFINITIONS = ("'CMAKE_INTDIR=\"$(CONFIGURATION)$(EFFECTIVE_PLATFORM_NAME)\"'","$(inherited)");
				GCC_SYMBOLS_PRIVATE_EXTERN = NO;
				HEADER_SEARCH_PATHS = ("/Users/noelalben/github/2022-MUSI6106/inc","/Users/noelalben/github/2022-MUSI6106/src/inc","$(inherited)");
				INSTALL_PATH = "";
				LIBRARY_STYLE = STATIC;
				ONLY_ACTIVE_ARCH = NO;
				OTHER_CPLUSPLUSFLAGS = "       -DNDEBUG ";
				OTHER_LIBTOOLFLAGS = ("");
				OTHER_REZFLAGS = "";
				PRODUCT_NAME = CombFilter;
				SECTORDER_FLAGS = "";
				SYMROOT = "/Users/noelalben/github/2022-MUSI6106/CombFilter";
				USE_HEADERMAP = NO;
				WARNING_CFLAGS = ("$(inherited)");
			};
			name = RelWithDebInfo;
		};
		B2062F57E2B440E2B2909BA8 /* Debug */ = {
			isa = XCBuildConfiguration;
			buildSettings = {
				ARCHS = arm64;
				COMBINE_HIDPI_IMAGES = YES;
				CONFIGURATION_BUILD_DIR = "/Users/noelalben/github/2022-MUSI6106/bin/Debug";
				EXECUTABLE_PREFIX = "";
				EXECUTABLE_SUFFIX = "";
				GCC_GENERATE_DEBUGGING_SYMBOLS = YES;
				GCC_INLINES_ARE_PRIVATE_EXTERN = NO;
				GCC_OPTIMIZATION_LEVEL = 0;
				GCC_PREPROCESSOR_DEFINITIONS = ("'CMAKE_INTDIR=\"$(CONFIGURATION)$(EFFECTIVE_PLATFORM_NAME)\"'","$(inherited)");
				GCC_SYMBOLS_PRIVATE_EXTERN = NO;
				HEADER_SEARCH_PATHS = ("/Users/noelalben/github/2022-MUSI6106/inc","/Users/noelalben/github/2022-MUSI6106/src/inc","$(inherited)");
				INSTALL_PATH = "";
				ONLY_ACTIVE_ARCH = NO;
				OTHER_CPLUSPLUSFLAGS = "   ";
				OTHER_LDFLAGS = (" -Wl,-search_paths_first -Wl,-headerpad_max_install_names","/Users/noelalben/github/2022-MUSI6106/lib/Debug/libAudioFileIO.a","/Users/noelalben/github/2022-MUSI6106/lib/Debug/libCombFilter.a","/Users/noelalben/github/2022-MUSI6106/lib/Debug/libsndlib.a","$(inherited)");
				OTHER_REZFLAGS = "";
				PRODUCT_NAME = MUSI6106Exec;
				SECTORDER_FLAGS = "";
				SYMROOT = "/Users/noelalben/github/2022-MUSI6106/MUSI6106Exec";
				USE_HEADERMAP = NO;
				WARNING_CFLAGS = ("$(inherited)");
			};
			name = Debug;
		};
		B3CF60C9E2E840DF8C515F12 /* RelWithDebInfo */ = {
			isa = XCBuildConfiguration;
			buildSettings = {
				ARCHS = arm64;
				SDKROOT = /Applications/Xcode.app/Contents/Developer/Platforms/MacOSX.platform/Developer/SDKs/MacOSX12.1.sdk;
				SYMROOT = "/Users/noelalben/github/2022-MUSI6106/build";
			};
			name = RelWithDebInfo;
		};
		B6F534A157F44EC6AF838D9B /* MinSizeRel */ = {
			isa = XCBuildConfiguration;
			buildSettings = {
				ARCHS = arm64;
				COMBINE_HIDPI_IMAGES = YES;
				CONFIGURATION_BUILD_DIR = "/Users/noelalben/github/2022-MUSI6106/lib/MinSizeRel";
				EXECUTABLE_PREFIX = lib;
				EXECUTABLE_SUFFIX = .a;
				GCC_GENERATE_DEBUGGING_SYMBOLS = NO;
				GCC_INLINES_ARE_PRIVATE_EXTERN = NO;
				GCC_OPTIMIZATION_LEVEL = s;
				GCC_PREPROCESSOR_DEFINITIONS = ("'CMAKE_INTDIR=\"$(CONFIGURATION)$(EFFECTIVE_PLATFORM_NAME)\"'","$(inherited)");
				GCC_SYMBOLS_PRIVATE_EXTERN = NO;
				HEADER_SEARCH_PATHS = ("/Users/noelalben/github/2022-MUSI6106/inc","/Users/noelalben/github/2022-MUSI6106/src/inc","/Users/noelalben/github/2022-MUSI6106/3rdparty/sndlib","$(inherited)");
				INSTALL_PATH = "";
				LIBRARY_STYLE = STATIC;
				ONLY_ACTIVE_ARCH = NO;
				OTHER_CPLUSPLUSFLAGS = "    -DNDEBUG ";
				OTHER_LIBTOOLFLAGS = ("");
				OTHER_REZFLAGS = "";
				PRODUCT_NAME = AudioFileIO;
				SECTORDER_FLAGS = "";
				SYMROOT = "/Users/noelalben/github/2022-MUSI6106/AudioFileIO";
				USE_HEADERMAP = NO;
				WARNING_CFLAGS = ("$(inherited)");
			};
			name = MinSizeRel;
		};
		C022A789C48147E0A5B99149 /* RelWithDebInfo */ = {
			isa = XCBuildConfiguration;
			buildSettings = {
				ARCHS = arm64;
				COMBINE_HIDPI_IMAGES = YES;
				CONFIGURATION_BUILD_DIR = "/Users/noelalben/github/2022-MUSI6106/lib/relwithdebinfo";
				EXECUTABLE_PREFIX = lib;
				EXECUTABLE_SUFFIX = .a;
				GCC_GENERATE_DEBUGGING_SYMBOLS = YES;
				GCC_INLINES_ARE_PRIVATE_EXTERN = NO;
				GCC_OPTIMIZATION_LEVEL = 2;
				GCC_PREPROCESSOR_DEFINITIONS = ("'CMAKE_INTDIR=\"$(CONFIGURATION)$(EFFECTIVE_PLATFORM_NAME)\"'","$(inherited)");
				GCC_SYMBOLS_PRIVATE_EXTERN = NO;
				HEADER_SEARCH_PATHS = ("/Users/noelalben/github/2022-MUSI6106/inc","/Users/noelalben/github/2022-MUSI6106/src/inc","/Users/noelalben/github/2022-MUSI6106/3rdparty/sndlib","$(inherited)");
				INSTALL_PATH = "";
				LIBRARY_STYLE = STATIC;
				ONLY_ACTIVE_ARCH = NO;
				OTHER_CPLUSPLUSFLAGS = "       -DNDEBUG ";
				OTHER_LIBTOOLFLAGS = ("");
				OTHER_REZFLAGS = "";
				PRODUCT_NAME = AudioFileIO;
				SECTORDER_FLAGS = "";
				SYMROOT = "/Users/noelalben/github/2022-MUSI6106/AudioFileIO";
				USE_HEADERMAP = NO;
				WARNING_CFLAGS = ("$(inherited)");
			};
			name = RelWithDebInfo;
		};
		C0CA63B6D1CE43D298C6E21B /* RelWithDebInfo */ = {
			isa = XCBuildConfiguration;
			buildSettings = {
				ARCHS = arm64;
				COMBINE_HIDPI_IMAGES = YES;
				GCC_GENERATE_DEBUGGING_SYMBOLS = YES;
				GCC_INLINES_ARE_PRIVATE_EXTERN = NO;
				GCC_OPTIMIZATION_LEVEL = 0;
				GCC_PREPROCESSOR_DEFINITIONS = ("'CMAKE_INTDIR=\"$(CONFIGURATION)$(EFFECTIVE_PLATFORM_NAME)\"'","$(inherited)");
				GCC_SYMBOLS_PRIVATE_EXTERN = NO;
				INSTALL_PATH = "";
				ONLY_ACTIVE_ARCH = NO;
				OTHER_LDFLAGS = ("","$(inherited)");
				OTHER_REZFLAGS = "";
				PRODUCT_NAME = ZERO_CHECK;
				SECTORDER_FLAGS = "";
				SYMROOT = "/Users/noelalben/github/2022-MUSI6106";
				USE_HEADERMAP = NO;
				WARNING_CFLAGS = ("$(inherited)");
			};
			name = RelWithDebInfo;
		};
		CB4D16C2F936485EA78FE876 /* Debug */ = {
			isa = XCBuildConfiguration;
			buildSettings = {
				ARCHS = arm64;
				COMBINE_HIDPI_IMAGES = YES;
				GCC_GENERATE_DEBUGGING_SYMBOLS = YES;
				GCC_INLINES_ARE_PRIVATE_EXTERN = NO;
				GCC_OPTIMIZATION_LEVEL = 0;
				GCC_PREPROCESSOR_DEFINITIONS = ("'CMAKE_INTDIR=\"$(CONFIGURATION)$(EFFECTIVE_PLATFORM_NAME)\"'","$(inherited)");
				GCC_SYMBOLS_PRIVATE_EXTERN = NO;
				INSTALL_PATH = "";
				ONLY_ACTIVE_ARCH = NO;
				OTHER_LDFLAGS = ("","$(inherited)");
				OTHER_REZFLAGS = "";
				PRODUCT_NAME = ZERO_CHECK;
				SECTORDER_FLAGS = "";
				SYMROOT = "/Users/noelalben/github/2022-MUSI6106";
				USE_HEADERMAP = NO;
				WARNING_CFLAGS = ("$(inherited)");
			};
			name = Debug;
		};
		CFC5474394E04346ADF45B41 /* MinSizeRel */ = {
			isa = XCBuildConfiguration;
			buildSettings = {
				ARCHS = arm64;
				COMBINE_HIDPI_IMAGES = YES;
				CONFIGURATION_BUILD_DIR = "/Users/noelalben/github/2022-MUSI6106/lib/MinSizeRel";
				EXECUTABLE_PREFIX = lib;
				EXECUTABLE_SUFFIX = .a;
				GCC_GENERATE_DEBUGGING_SYMBOLS = NO;
				GCC_INLINES_ARE_PRIVATE_EXTERN = NO;
				GCC_OPTIMIZATION_LEVEL = s;
				GCC_PREPROCESSOR_DEFINITIONS = ("'CMAKE_INTDIR=\"$(CONFIGURATION)$(EFFECTIVE_PLATFORM_NAME)\"'","$(inherited)");
				GCC_SYMBOLS_PRIVATE_EXTERN = NO;
				HEADER_SEARCH_PATHS = ("/Users/noelalben/github/2022-MUSI6106/3rdparty/sndlib","$(inherited)");
				INSTALL_PATH = "";
				LIBRARY_STYLE = STATIC;
				ONLY_ACTIVE_ARCH = NO;
				OTHER_CFLAGS = ("    -DNDEBUG -w ","$(inherited)");
				OTHER_LIBTOOLFLAGS = ("");
				OTHER_REZFLAGS = "";
				PRODUCT_NAME = sndlib;
				SECTORDER_FLAGS = "";
				SYMROOT = "/Users/noelalben/github/2022-MUSI6106/AudioFileIO/sndlib";
				USE_HEADERMAP = NO;
				WARNING_CFLAGS = ("$(inherited)");
			};
			name = MinSizeRel;
		};
		EA42691AB7784275ABF69303 /* MinSizeRel */ = {
			isa = XCBuildConfiguration;
			buildSettings = {
				ARCHS = arm64;
				COMBINE_HIDPI_IMAGES = YES;
				GCC_GENERATE_DEBUGGING_SYMBOLS = YES;
				GCC_INLINES_ARE_PRIVATE_EXTERN = NO;
				GCC_OPTIMIZATION_LEVEL = 0;
				GCC_PREPROCESSOR_DEFINITIONS = ("'CMAKE_INTDIR=\"$(CONFIGURATION)$(EFFECTIVE_PLATFORM_NAME)\"'","$(inherited)");
				GCC_SYMBOLS_PRIVATE_EXTERN = NO;
				INSTALL_PATH = "";
				ONLY_ACTIVE_ARCH = NO;
				OTHER_LDFLAGS = ("","$(inherited)");
				OTHER_REZFLAGS = "";
				PRODUCT_NAME = ZERO_CHECK;
				SECTORDER_FLAGS = "";
				SYMROOT = "/Users/noelalben/github/2022-MUSI6106";
				USE_HEADERMAP = NO;
				WARNING_CFLAGS = ("$(inherited)");
			};
			name = MinSizeRel;
		};
		EDD550B981D74995A04B083A /* Debug */ = {
			isa = XCBuildConfiguration;
			buildSettings = {
				ARCHS = arm64;
				SDKROOT = /Applications/Xcode.app/Contents/Developer/Platforms/MacOSX.platform/Developer/SDKs/MacOSX12.1.sdk;
				SYMROOT = "/Users/noelalben/github/2022-MUSI6106/build";
			};
			name = Debug;
		};
		F312EE697DFD496EBEC2C825 /* Release */ = {
			isa = XCBuildConfiguration;
			buildSettings = {
				ARCHS = arm64;
				COMBINE_HIDPI_IMAGES = YES;
				CONFIGURATION_BUILD_DIR = "/Users/noelalben/github/2022-MUSI6106/lib/Release";
				EXECUTABLE_PREFIX = lib;
				EXECUTABLE_SUFFIX = .a;
				GCC_GENERATE_DEBUGGING_SYMBOLS = NO;
				GCC_INLINES_ARE_PRIVATE_EXTERN = NO;
				GCC_OPTIMIZATION_LEVEL = 3;
				GCC_PREPROCESSOR_DEFINITIONS = ("'CMAKE_INTDIR=\"$(CONFIGURATION)$(EFFECTIVE_PLATFORM_NAME)\"'","$(inherited)");
				GCC_SYMBOLS_PRIVATE_EXTERN = NO;
				HEADER_SEARCH_PATHS = ("/Users/noelalben/github/2022-MUSI6106/inc","/Users/noelalben/github/2022-MUSI6106/src/inc","$(inherited)");
				INSTALL_PATH = "";
				LIBRARY_STYLE = STATIC;
				ONLY_ACTIVE_ARCH = NO;
				OTHER_CPLUSPLUSFLAGS = "    -DNDEBUG ";
				OTHER_LIBTOOLFLAGS = ("");
				OTHER_REZFLAGS = "";
				PRODUCT_NAME = CombFilter;
				SECTORDER_FLAGS = "";
				SYMROOT = "/Users/noelalben/github/2022-MUSI6106/CombFilter";
				USE_HEADERMAP = NO;
				WARNING_CFLAGS = ("$(inherited)");
			};
			name = Release;
		};
		FE8DFD51F4474F35801FBEBC /* Debug */ = {
			isa = XCBuildConfiguration;
			buildSettings = {
				ARCHS = arm64;
				COMBINE_HIDPI_IMAGES = YES;
				GCC_GENERATE_DEBUGGING_SYMBOLS = YES;
				GCC_INLINES_ARE_PRIVATE_EXTERN = NO;
				GCC_OPTIMIZATION_LEVEL = 0;
				GCC_PREPROCESSOR_DEFINITIONS = ("'CMAKE_INTDIR=\"$(CONFIGURATION)$(EFFECTIVE_PLATFORM_NAME)\"'","$(inherited)");
				GCC_SYMBOLS_PRIVATE_EXTERN = NO;
				INSTALL_PATH = "";
				ONLY_ACTIVE_ARCH = NO;
				OTHER_LDFLAGS = ("","$(inherited)");
				OTHER_REZFLAGS = "";
				PRODUCT_NAME = ALL_BUILD;
				SECTORDER_FLAGS = "";
				SYMROOT = "/Users/noelalben/github/2022-MUSI6106";
				USE_HEADERMAP = NO;
				WARNING_CFLAGS = ("$(inherited)");
			};
			name = Debug;
		};
/* End XCBuildConfiguration section */

/* Begin XCConfigurationList section */
		14E56D10DB5642659AA328B6 /* Build configuration list for PBXNativeTarget "MUSI6106Exec" */ = {
			isa = XCConfigurationList;
			buildConfigurations = (
				B2062F57E2B440E2B2909BA8 /* Debug */,
				39F20AE561FF408F9FC08E27 /* Release */,
				643F5AB2768841CA93BFE25F /* MinSizeRel */,
				6466C6B2D2E2428B932EFAA7 /* RelWithDebInfo */,
			);
			defaultConfigurationIsVisible = 0;
			defaultConfigurationName = Debug;
		};
		2228855F485648768D7247B5 /* Build configuration list for PBXNativeTarget "sndlib" */ = {
			isa = XCConfigurationList;
			buildConfigurations = (
				764CD21B68134D0E96AB3BEB /* Debug */,
				8277CA1491EA4F81B0A65750 /* Release */,
				CFC5474394E04346ADF45B41 /* MinSizeRel */,
				0F33446D8F6648828EAD5F2F /* RelWithDebInfo */,
			);
			defaultConfigurationIsVisible = 0;
			defaultConfigurationName = Debug;
		};
		3138D29DFB944E33A7796B13 /* Build configuration list for PBXAggregateTarget "ZERO_CHECK" */ = {
			isa = XCConfigurationList;
			buildConfigurations = (
				CB4D16C2F936485EA78FE876 /* Debug */,
				AC47D583A792473C8172591F /* Release */,
				EA42691AB7784275ABF69303 /* MinSizeRel */,
				C0CA63B6D1CE43D298C6E21B /* RelWithDebInfo */,
			);
			defaultConfigurationIsVisible = 0;
			defaultConfigurationName = Debug;
		};
		666BC5A52CB74998AF934969 /* Build configuration list for PBXAggregateTarget "ALL_BUILD" */ = {
			isa = XCConfigurationList;
			buildConfigurations = (
				FE8DFD51F4474F35801FBEBC /* Debug */,
				A3041AA934D441B8A4ED8CD3 /* Release */,
				3180D539C4FF49F3AD75E5E7 /* MinSizeRel */,
				00CCD442D4E14CEB855E529D /* RelWithDebInfo */,
			);
			defaultConfigurationIsVisible = 0;
			defaultConfigurationName = Debug;
		};
		8A30AA2F92B84FCEB3E5C5AE /* Build configuration list for PBXProject "MUSI6106" */ = {
			isa = XCConfigurationList;
			buildConfigurations = (
				EDD550B981D74995A04B083A /* Debug */,
				0B2E870743F846AA812C4CC8 /* Release */,
				0EF5C090DF5B403E82FED1D7 /* MinSizeRel */,
				B3CF60C9E2E840DF8C515F12 /* RelWithDebInfo */,
			);
			defaultConfigurationIsVisible = 0;
			defaultConfigurationName = Debug;
		};
		D9C94EE2D3AC4FF2887CC113 /* Build configuration list for PBXNativeTarget "AudioFileIO" */ = {
			isa = XCConfigurationList;
			buildConfigurations = (
				18C541562BE444319A9E2E3B /* Debug */,
				488BC8726587458E9EDF06B9 /* Release */,
				B6F534A157F44EC6AF838D9B /* MinSizeRel */,
				C022A789C48147E0A5B99149 /* RelWithDebInfo */,
			);
			defaultConfigurationIsVisible = 0;
			defaultConfigurationName = Debug;
		};
		F72DEE08051C4027B6EB825B /* Build configuration list for PBXNativeTarget "CombFilter" */ = {
			isa = XCConfigurationList;
			buildConfigurations = (
				AEA7FA43EA604D72B89C8422 /* Debug */,
				F312EE697DFD496EBEC2C825 /* Release */,
				962060F8773242C6B5354C76 /* MinSizeRel */,
				B1FC1F7B121F4F5C9B1704AC /* RelWithDebInfo */,
			);
			defaultConfigurationIsVisible = 0;
			defaultConfigurationName = Debug;
		};
/* End XCConfigurationList section */
	};
	rootObject = 606B6805DD754B25B9F8336F /* Project object */;
}
